{
  "object": {
    "pins": [
      {
        "package": "AppLogger",
        "repositoryURL": "https://github.com/backslash-f/applogger",
        "state": {
          "branch": null,
          "revision": "aa31c2a984e02a211f3e959baa1b2b6becb6327a",
          "version": "1.0.0"
        }
      },
      {
        "package": "CSKScene",
        "repositoryURL": "https://github.com/backslash-f/cskscene",
        "state": {
          "branch": null,
          "revision": "2be696362c74c9386d911785a6103d8cd462e5d9",
          "version": "0.1.0"
        }
      },
      {
        "package": "Device",
        "repositoryURL": "https://github.com/backslash-f/device",
        "state": {
          "branch": null,
          "revision": "01f027e699ee77b1bb45d2705ddb0a7e9d23bbe5",
          "version": "1.1.0"
        }
      },
      {
        "package": "GCOverseer",
        "repositoryURL": "https://github.com/backslash-f/gcoverseer",
        "state": {
          "branch": null,
          "revision": "0809c26546d12c38ab179d6bb2cbb259b60b9aa4",
          "version": "0.2.1"
        }
      }
    ]
  },
  "version": 1
}
