{
  "object": {
    "pins": [
      {
        "package": "AppLogger",
        "repositoryURL": "https://github.com/backslash-f/applogger",
        "state": {
          "branch": null,
          "revision": "aa31c2a984e02a211f3e959baa1b2b6becb6327a",
          "version": "1.0.0"
        }
      },
      {
        "package": "CSKScene",
        "repositoryURL": "https://github.com/backslash-f/cskscene",
        "state": {
          "branch": null,
          "revision": "05e240ca57ad25f4f077f12d475c391f57c5d2a7",
          "version": "0.2.1"
        }
      },
      {
        "package": "Device",
        "repositoryURL": "https://github.com/backslash-f/device",
        "state": {
          "branch": null,
          "revision": "01f027e699ee77b1bb45d2705ddb0a7e9d23bbe5",
          "version": "1.1.0"
        }
      },
      {
        "package": "GCOverseer",
        "repositoryURL": "https://github.com/backslash-f/gcoverseer",
        "state": {
          "branch": null,
          "revision": "908810d48f09bc62842290997177212d77296f2f",
          "version": "0.2.2"
        }
      }
    ]
  },
  "version": 1
}
