// !$*UTF8*$!
{
	archiveVersion = 1;
	classes = {
	};
	objectVersion = 52;
	objects = {

/* Begin PBXBuildFile section */
		072801E7257E6CBE00CFFA1F /* CSKScene in Frameworks */ = {isa = PBXBuildFile; productRef = 072801E6257E6CBE00CFFA1F /* CSKScene */; };
		072801ED257E6CDB00CFFA1F /* CSKScene in Frameworks */ = {isa = PBXBuildFile; productRef = 072801EC257E6CDB00CFFA1F /* CSKScene */; };
		072801EF257E6CDF00CFFA1F /* CSKScene in Frameworks */ = {isa = PBXBuildFile; productRef = 072801EE257E6CDF00CFFA1F /* CSKScene */; };
		072E90F8257EB2250001E1DA /* MainScene.sks in Resources */ = {isa = PBXBuildFile; fileRef = 072E90F7257EB2250001E1DA /* MainScene.sks */; };
		072E90F9257EB2250001E1DA /* MainScene.sks in Resources */ = {isa = PBXBuildFile; fileRef = 072E90F7257EB2250001E1DA /* MainScene.sks */; };
		072E90FA257EB2250001E1DA /* MainScene.sks in Resources */ = {isa = PBXBuildFile; fileRef = 072E90F7257EB2250001E1DA /* MainScene.sks */; };
		072E9113257EBD4E0001E1DA /* Constant.swift in Sources */ = {isa = PBXBuildFile; fileRef = 072E9112257EBD4E0001E1DA /* Constant.swift */; };
		072E9114257EBD4E0001E1DA /* Constant.swift in Sources */ = {isa = PBXBuildFile; fileRef = 072E9112257EBD4E0001E1DA /* Constant.swift */; };
		072E9115257EBD4E0001E1DA /* Constant.swift in Sources */ = {isa = PBXBuildFile; fileRef = 072E9112257EBD4E0001E1DA /* Constant.swift */; };
		072E9121257EC4A90001E1DA /* Constant+Scenes.swift in Sources */ = {isa = PBXBuildFile; fileRef = 072E9120257EC4A90001E1DA /* Constant+Scenes.swift */; };
		072E9122257EC4A90001E1DA /* Constant+Scenes.swift in Sources */ = {isa = PBXBuildFile; fileRef = 072E9120257EC4A90001E1DA /* Constant+Scenes.swift */; };
		072E9123257EC4A90001E1DA /* Constant+Scenes.swift in Sources */ = {isa = PBXBuildFile; fileRef = 072E9120257EC4A90001E1DA /* Constant+Scenes.swift */; };
		074CCA18257FAE5F00EA60BB /* Player.swift in Sources */ = {isa = PBXBuildFile; fileRef = 074CCA17257FAE5F00EA60BB /* Player.swift */; };
		074CCA19257FAE5F00EA60BB /* Player.swift in Sources */ = {isa = PBXBuildFile; fileRef = 074CCA17257FAE5F00EA60BB /* Player.swift */; };
		074CCA1A257FAE5F00EA60BB /* Player.swift in Sources */ = {isa = PBXBuildFile; fileRef = 074CCA17257FAE5F00EA60BB /* Player.swift */; };
		074CCA29257FB03200EA60BB /* Constant+Nodes.swift in Sources */ = {isa = PBXBuildFile; fileRef = 074CCA28257FB03200EA60BB /* Constant+Nodes.swift */; };
		074CCA2A257FB03200EA60BB /* Constant+Nodes.swift in Sources */ = {isa = PBXBuildFile; fileRef = 074CCA28257FB03200EA60BB /* Constant+Nodes.swift */; };
		074CCA2B257FB03200EA60BB /* Constant+Nodes.swift in Sources */ = {isa = PBXBuildFile; fileRef = 074CCA28257FB03200EA60BB /* Constant+Nodes.swift */; };
		074E952C258276D200A4E89D /* MainScene+InputController.swift in Sources */ = {isa = PBXBuildFile; fileRef = 074E952B258276D200A4E89D /* MainScene+InputController.swift */; };
		074E952D258276D200A4E89D /* MainScene+InputController.swift in Sources */ = {isa = PBXBuildFile; fileRef = 074E952B258276D200A4E89D /* MainScene+InputController.swift */; };
		074E952E258276D200A4E89D /* MainScene+InputController.swift in Sources */ = {isa = PBXBuildFile; fileRef = 074E952B258276D200A4E89D /* MainScene+InputController.swift */; };
		0768BD11257FBC2500628758 /* MainScene+InputTouch.swift in Sources */ = {isa = PBXBuildFile; fileRef = 0768BD10257FBC2500628758 /* MainScene+InputTouch.swift */; };
		0768BD12257FBC2500628758 /* MainScene+InputTouch.swift in Sources */ = {isa = PBXBuildFile; fileRef = 0768BD10257FBC2500628758 /* MainScene+InputTouch.swift */; };
		0768BD13257FBC2500628758 /* MainScene+InputTouch.swift in Sources */ = {isa = PBXBuildFile; fileRef = 0768BD10257FBC2500628758 /* MainScene+InputTouch.swift */; };
		078D24C22580FAC800CB653D /* String+Extensions.swift in Sources */ = {isa = PBXBuildFile; fileRef = 078D24C12580FAC800CB653D /* String+Extensions.swift */; };
		078D24C32580FAC800CB653D /* String+Extensions.swift in Sources */ = {isa = PBXBuildFile; fileRef = 078D24C12580FAC800CB653D /* String+Extensions.swift */; };
		078D24C42580FAC800CB653D /* String+Extensions.swift in Sources */ = {isa = PBXBuildFile; fileRef = 078D24C12580FAC800CB653D /* String+Extensions.swift */; };
		079ADA98257E23EB0018D7F0 /* Assets.xcassets in Resources */ = {isa = PBXBuildFile; fileRef = 079ADA5C257E23EA0018D7F0 /* Assets.xcassets */; };
		079ADA99257E23EB0018D7F0 /* Assets.xcassets in Resources */ = {isa = PBXBuildFile; fileRef = 079ADA5C257E23EA0018D7F0 /* Assets.xcassets */; };
		079ADA9A257E23EB0018D7F0 /* Assets.xcassets in Resources */ = {isa = PBXBuildFile; fileRef = 079ADA5C257E23EA0018D7F0 /* Assets.xcassets */; };
		079ADAC7257E26AE0018D7F0 /* ValsRevenge.swift in Sources */ = {isa = PBXBuildFile; fileRef = 079ADAC6257E26AE0018D7F0 /* ValsRevenge.swift */; };
		079ADAC8257E26AE0018D7F0 /* ValsRevenge.swift in Sources */ = {isa = PBXBuildFile; fileRef = 079ADAC6257E26AE0018D7F0 /* ValsRevenge.swift */; };
		079ADAC9257E26AE0018D7F0 /* ValsRevenge.swift in Sources */ = {isa = PBXBuildFile; fileRef = 079ADAC6257E26AE0018D7F0 /* ValsRevenge.swift */; };
		079ADACF257E26E40018D7F0 /* ContentView.swift in Sources */ = {isa = PBXBuildFile; fileRef = 079ADACE257E26E40018D7F0 /* ContentView.swift */; };
		079ADAD0257E26E40018D7F0 /* ContentView.swift in Sources */ = {isa = PBXBuildFile; fileRef = 079ADACE257E26E40018D7F0 /* ContentView.swift */; };
		079ADAD1257E26E40018D7F0 /* ContentView.swift in Sources */ = {isa = PBXBuildFile; fileRef = 079ADACE257E26E40018D7F0 /* ContentView.swift */; };
		079ADADB257E27170018D7F0 /* MainSceneView.swift in Sources */ = {isa = PBXBuildFile; fileRef = 079ADADA257E27170018D7F0 /* MainSceneView.swift */; };
		079ADADC257E27170018D7F0 /* MainSceneView.swift in Sources */ = {isa = PBXBuildFile; fileRef = 079ADADA257E27170018D7F0 /* MainSceneView.swift */; };
		079ADADD257E27170018D7F0 /* MainSceneView.swift in Sources */ = {isa = PBXBuildFile; fileRef = 079ADADA257E27170018D7F0 /* MainSceneView.swift */; };
		079ADAE5257E27420018D7F0 /* MainScene.swift in Sources */ = {isa = PBXBuildFile; fileRef = 079ADAE4257E27420018D7F0 /* MainScene.swift */; };
		079ADAE6257E27420018D7F0 /* MainScene.swift in Sources */ = {isa = PBXBuildFile; fileRef = 079ADAE4257E27420018D7F0 /* MainScene.swift */; };
		079ADAE7257E27420018D7F0 /* MainScene.swift in Sources */ = {isa = PBXBuildFile; fileRef = 079ADAE4257E27420018D7F0 /* MainScene.swift */; };
		07BD94412589120E0052243F /* Controller.sks in Resources */ = {isa = PBXBuildFile; fileRef = 07BD94402589120E0052243F /* Controller.sks */; };
		07BD94422589120E0052243F /* Controller.sks in Resources */ = {isa = PBXBuildFile; fileRef = 07BD94402589120E0052243F /* Controller.sks */; };
		07BD94432589120E0052243F /* Controller.sks in Resources */ = {isa = PBXBuildFile; fileRef = 07BD94402589120E0052243F /* Controller.sks */; };
		07BD944C2589131C0052243F /* ButtonAttack.sks in Resources */ = {isa = PBXBuildFile; fileRef = 07BD944B2589131C0052243F /* ButtonAttack.sks */; };
		07BD944D2589131C0052243F /* ButtonAttack.sks in Resources */ = {isa = PBXBuildFile; fileRef = 07BD944B2589131C0052243F /* ButtonAttack.sks */; };
		07BD944E2589131C0052243F /* ButtonAttack.sks in Resources */ = {isa = PBXBuildFile; fileRef = 07BD944B2589131C0052243F /* ButtonAttack.sks */; };
		07BD9456258919070052243F /* MainScene+Orientation.swift in Sources */ = {isa = PBXBuildFile; fileRef = 07BD9455258919070052243F /* MainScene+Orientation.swift */; };
		07BD9457258919070052243F /* MainScene+Orientation.swift in Sources */ = {isa = PBXBuildFile; fileRef = 07BD9455258919070052243F /* MainScene+Orientation.swift */; };
		07BD9458258919070052243F /* MainScene+Orientation.swift in Sources */ = {isa = PBXBuildFile; fileRef = 07BD9455258919070052243F /* MainScene+Orientation.swift */; };
		07BD9461258A1B8F0052243F /* Device in Frameworks */ = {isa = PBXBuildFile; productRef = 07BD9460258A1B8F0052243F /* Device */; };
		07BD9466258A1BA50052243F /* Device in Frameworks */ = {isa = PBXBuildFile; productRef = 07BD9465258A1BA50052243F /* Device */; };
		07BD9468258A1BA90052243F /* Device in Frameworks */ = {isa = PBXBuildFile; productRef = 07BD9467258A1BA90052243F /* Device */; };
		07CD5209257F8186001D0E18 /* ValsRevenge+Logging.swift in Sources */ = {isa = PBXBuildFile; fileRef = 07CD5208257F8186001D0E18 /* ValsRevenge+Logging.swift */; };
		07CD520A257F8186001D0E18 /* ValsRevenge+Logging.swift in Sources */ = {isa = PBXBuildFile; fileRef = 07CD5208257F8186001D0E18 /* ValsRevenge+Logging.swift */; };
		07CD520B257F8186001D0E18 /* ValsRevenge+Logging.swift in Sources */ = {isa = PBXBuildFile; fileRef = 07CD5208257F8186001D0E18 /* ValsRevenge+Logging.swift */; };
/* End PBXBuildFile section */

/* Begin PBXFileReference section */
		072E90F7257EB2250001E1DA /* MainScene.sks */ = {isa = PBXFileReference; lastKnownFileType = file.sks; path = MainScene.sks; sourceTree = "<group>"; };
		072E9112257EBD4E0001E1DA /* Constant.swift */ = {isa = PBXFileReference; lastKnownFileType = sourcecode.swift; path = Constant.swift; sourceTree = "<group>"; };
		072E9120257EC4A90001E1DA /* Constant+Scenes.swift */ = {isa = PBXFileReference; lastKnownFileType = sourcecode.swift; path = "Constant+Scenes.swift"; sourceTree = "<group>"; };
		074CCA17257FAE5F00EA60BB /* Player.swift */ = {isa = PBXFileReference; lastKnownFileType = sourcecode.swift; path = Player.swift; sourceTree = "<group>"; };
		074CCA28257FB03200EA60BB /* Constant+Nodes.swift */ = {isa = PBXFileReference; lastKnownFileType = sourcecode.swift; path = "Constant+Nodes.swift"; sourceTree = "<group>"; };
		074E952B258276D200A4E89D /* MainScene+InputController.swift */ = {isa = PBXFileReference; lastKnownFileType = sourcecode.swift; path = "MainScene+InputController.swift"; sourceTree = "<group>"; };
		0768BD10257FBC2500628758 /* MainScene+InputTouch.swift */ = {isa = PBXFileReference; lastKnownFileType = sourcecode.swift; path = "MainScene+InputTouch.swift"; sourceTree = "<group>"; };
		078D24C12580FAC800CB653D /* String+Extensions.swift */ = {isa = PBXFileReference; lastKnownFileType = sourcecode.swift; path = "String+Extensions.swift"; sourceTree = "<group>"; };
		079ADA5C257E23EA0018D7F0 /* Assets.xcassets */ = {isa = PBXFileReference; lastKnownFileType = folder.assetcatalog; path = Assets.xcassets; sourceTree = "<group>"; };
		079ADA61257E23EB0018D7F0 /* val-revenge.app */ = {isa = PBXFileReference; explicitFileType = wrapper.application; includeInIndex = 0; path = "val-revenge.app"; sourceTree = BUILT_PRODUCTS_DIR; };
		079ADA6E257E23EB0018D7F0 /* Info.plist */ = {isa = PBXFileReference; lastKnownFileType = text.plist.xml; path = Info.plist; sourceTree = "<group>"; };
		079ADA73257E23EB0018D7F0 /* val-revenge.app */ = {isa = PBXFileReference; explicitFileType = wrapper.application; includeInIndex = 0; path = "val-revenge.app"; sourceTree = BUILT_PRODUCTS_DIR; };
		079ADA7F257E23EB0018D7F0 /* Info.plist */ = {isa = PBXFileReference; lastKnownFileType = text.plist.xml; path = Info.plist; sourceTree = "<group>"; };
		079ADA84257E23EB0018D7F0 /* val-revenge.app */ = {isa = PBXFileReference; explicitFileType = wrapper.application; includeInIndex = 0; path = "val-revenge.app"; sourceTree = BUILT_PRODUCTS_DIR; };
		079ADA8D257E23EB0018D7F0 /* Info.plist */ = {isa = PBXFileReference; lastKnownFileType = text.plist.xml; path = Info.plist; sourceTree = "<group>"; };
		079ADA8E257E23EB0018D7F0 /* macOS.entitlements */ = {isa = PBXFileReference; lastKnownFileType = text.plist.entitlements; path = macOS.entitlements; sourceTree = "<group>"; };
		079ADAC6257E26AE0018D7F0 /* ValsRevenge.swift */ = {isa = PBXFileReference; lastKnownFileType = sourcecode.swift; path = ValsRevenge.swift; sourceTree = "<group>"; };
		079ADACE257E26E40018D7F0 /* ContentView.swift */ = {isa = PBXFileReference; lastKnownFileType = sourcecode.swift; path = ContentView.swift; sourceTree = "<group>"; };
		079ADADA257E27170018D7F0 /* MainSceneView.swift */ = {isa = PBXFileReference; lastKnownFileType = sourcecode.swift; path = MainSceneView.swift; sourceTree = "<group>"; };
		079ADAE4257E27420018D7F0 /* MainScene.swift */ = {isa = PBXFileReference; lastKnownFileType = sourcecode.swift; path = MainScene.swift; sourceTree = "<group>"; };
		07BD94402589120E0052243F /* Controller.sks */ = {isa = PBXFileReference; lastKnownFileType = file.sks; path = Controller.sks; sourceTree = "<group>"; };
		07BD944B2589131C0052243F /* ButtonAttack.sks */ = {isa = PBXFileReference; lastKnownFileType = file.sks; path = ButtonAttack.sks; sourceTree = "<group>"; };
		07BD9455258919070052243F /* MainScene+Orientation.swift */ = {isa = PBXFileReference; lastKnownFileType = sourcecode.swift; path = "MainScene+Orientation.swift"; sourceTree = "<group>"; };
		07CD5208257F8186001D0E18 /* ValsRevenge+Logging.swift */ = {isa = PBXFileReference; lastKnownFileType = sourcecode.swift; path = "ValsRevenge+Logging.swift"; sourceTree = "<group>"; };
/* End PBXFileReference section */

/* Begin PBXFrameworksBuildPhase section */
		079ADA5E257E23EB0018D7F0 /* Frameworks */ = {
			isa = PBXFrameworksBuildPhase;
			buildActionMask = 2147483647;
			files = (
				07BD9461258A1B8F0052243F /* Device in Frameworks */,
				072801E7257E6CBE00CFFA1F /* CSKScene in Frameworks */,
			);
			runOnlyForDeploymentPostprocessing = 0;
		};
		079ADA70257E23EB0018D7F0 /* Frameworks */ = {
			isa = PBXFrameworksBuildPhase;
			buildActionMask = 2147483647;
			files = (
				07BD9466258A1BA50052243F /* Device in Frameworks */,
				072801ED257E6CDB00CFFA1F /* CSKScene in Frameworks */,
			);
			runOnlyForDeploymentPostprocessing = 0;
		};
		079ADA81257E23EB0018D7F0 /* Frameworks */ = {
			isa = PBXFrameworksBuildPhase;
			buildActionMask = 2147483647;
			files = (
				07BD9468258A1BA90052243F /* Device in Frameworks */,
				072801EF257E6CDF00CFFA1F /* CSKScene in Frameworks */,
			);
			runOnlyForDeploymentPostprocessing = 0;
		};
/* End PBXFrameworksBuildPhase section */

/* Begin PBXGroup section */
		072801EB257E6CDB00CFFA1F /* Frameworks */ = {
			isa = PBXGroup;
			children = (
			);
			name = Frameworks;
			sourceTree = "<group>";
		};
		072E9104257EBD000001E1DA /* Constant */ = {
			isa = PBXGroup;
			children = (
				072E9112257EBD4E0001E1DA /* Constant.swift */,
				074CCA28257FB03200EA60BB /* Constant+Nodes.swift */,
				072E9120257EC4A90001E1DA /* Constant+Scenes.swift */,
			);
			path = Constant;
			sourceTree = "<group>";
		};
		0768BD0F257FBC0600628758 /* Input */ = {
			isa = PBXGroup;
			children = (
				074E952B258276D200A4E89D /* MainScene+InputController.swift */,
				0768BD10257FBC2500628758 /* MainScene+InputTouch.swift */,
			);
			path = Input;
			sourceTree = "<group>";
		};
		078D24C02580FAAC00CB653D /* Extension */ = {
			isa = PBXGroup;
			children = (
				078D24C12580FAC800CB653D /* String+Extensions.swift */,
			);
			path = Extension;
			sourceTree = "<group>";
		};
		079ADA53257E23E40018D7F0 = {
			isa = PBXGroup;
			children = (
				079ADA63257E23EB0018D7F0 /* iOS */,
				079ADA74257E23EB0018D7F0 /* tvOS */,
				079ADA85257E23EB0018D7F0 /* macOS */,
				079ADA58257E23E40018D7F0 /* Shared */,
				079ADA62257E23EB0018D7F0 /* Products */,
				072801EB257E6CDB00CFFA1F /* Frameworks */,
			);
			sourceTree = "<group>";
		};
		079ADA58257E23E40018D7F0 /* Shared */ = {
			isa = PBXGroup;
			children = (
				079ADAC5257E26720018D7F0 /* App */,
				072E9104257EBD000001E1DA /* Constant */,
				078D24C02580FAAC00CB653D /* Extension */,
				079ADAAC257E26130018D7F0 /* Resource */,
				079ADACD257E26CC0018D7F0 /* View */,
			);
			path = Shared;
			sourceTree = "<group>";
		};
		079ADA62257E23EB0018D7F0 /* Products */ = {
			isa = PBXGroup;
			children = (
				079ADA61257E23EB0018D7F0 /* val-revenge.app */,
				079ADA73257E23EB0018D7F0 /* val-revenge.app */,
				079ADA84257E23EB0018D7F0 /* val-revenge.app */,
			);
			name = Products;
			sourceTree = "<group>";
		};
		079ADA63257E23EB0018D7F0 /* iOS */ = {
			isa = PBXGroup;
			children = (
				079ADA6E257E23EB0018D7F0 /* Info.plist */,
			);
			path = iOS;
			sourceTree = "<group>";
		};
		079ADA74257E23EB0018D7F0 /* tvOS */ = {
			isa = PBXGroup;
			children = (
				079ADA7F257E23EB0018D7F0 /* Info.plist */,
			);
			path = tvOS;
			sourceTree = "<group>";
		};
		079ADA85257E23EB0018D7F0 /* macOS */ = {
			isa = PBXGroup;
			children = (
				079ADA8D257E23EB0018D7F0 /* Info.plist */,
				079ADA8E257E23EB0018D7F0 /* macOS.entitlements */,
			);
			path = macOS;
			sourceTree = "<group>";
		};
		079ADAAC257E26130018D7F0 /* Resource */ = {
			isa = PBXGroup;
			children = (
				079ADA5C257E23EA0018D7F0 /* Assets.xcassets */,
			);
			path = Resource;
			sourceTree = "<group>";
		};
		079ADAC5257E26720018D7F0 /* App */ = {
			isa = PBXGroup;
			children = (
				079ADAC6257E26AE0018D7F0 /* ValsRevenge.swift */,
				07CD5208257F8186001D0E18 /* ValsRevenge+Logging.swift */,
			);
			path = App;
			sourceTree = "<group>";
		};
		079ADACD257E26CC0018D7F0 /* View */ = {
			isa = PBXGroup;
			children = (
				07BD944A258913060052243F /* Controller */,
				079ADAD8257E26FE0018D7F0 /* Scene */,
				079ADACE257E26E40018D7F0 /* ContentView.swift */,
				074CCA17257FAE5F00EA60BB /* Player.swift */,
			);
			path = View;
			sourceTree = "<group>";
		};
		079ADAD8257E26FE0018D7F0 /* Scene */ = {
			isa = PBXGroup;
			children = (
				079ADAD9257E270B0018D7F0 /* MainScene */,
			);
			path = Scene;
			sourceTree = "<group>";
		};
		079ADAD9257E270B0018D7F0 /* MainScene */ = {
			isa = PBXGroup;
			children = (
				0768BD0F257FBC0600628758 /* Input */,
				072E90F7257EB2250001E1DA /* MainScene.sks */,
				079ADAE4257E27420018D7F0 /* MainScene.swift */,
				079ADADA257E27170018D7F0 /* MainSceneView.swift */,
				07BD9455258919070052243F /* MainScene+Orientation.swift */,
			);
			path = MainScene;
			sourceTree = "<group>";
		};
		07BD944A258913060052243F /* Controller */ = {
			isa = PBXGroup;
			children = (
				07BD944B2589131C0052243F /* ButtonAttack.sks */,
				07BD94402589120E0052243F /* Controller.sks */,
			);
			path = Controller;
			sourceTree = "<group>";
		};
/* End PBXGroup section */

/* Begin PBXNativeTarget section */
		079ADA60257E23EB0018D7F0 /* iOS */ = {
			isa = PBXNativeTarget;
			buildConfigurationList = 079ADA9D257E23EB0018D7F0 /* Build configuration list for PBXNativeTarget "iOS" */;
			buildPhases = (
				079ADA5D257E23EB0018D7F0 /* Sources */,
				079ADA5E257E23EB0018D7F0 /* Frameworks */,
				079ADA5F257E23EB0018D7F0 /* Resources */,
				07280228257E85AB00CFFA1F /* SwiftLint */,
			);
			buildRules = (
			);
			dependencies = (
			);
			name = iOS;
			packageProductDependencies = (
				072801E6257E6CBE00CFFA1F /* CSKScene */,
				07BD9460258A1B8F0052243F /* Device */,
			);
			productName = "valsrevenge iOS";
			productReference = 079ADA61257E23EB0018D7F0 /* val-revenge.app */;
			productType = "com.apple.product-type.application";
		};
		079ADA72257E23EB0018D7F0 /* tvOS */ = {
			isa = PBXNativeTarget;
			buildConfigurationList = 079ADAA0257E23EB0018D7F0 /* Build configuration list for PBXNativeTarget "tvOS" */;
			buildPhases = (
				079ADA6F257E23EB0018D7F0 /* Sources */,
				079ADA70257E23EB0018D7F0 /* Frameworks */,
				079ADA71257E23EB0018D7F0 /* Resources */,
				07280229257E85B900CFFA1F /* SwiftLint */,
			);
			buildRules = (
			);
			dependencies = (
			);
			name = tvOS;
			packageProductDependencies = (
				072801EC257E6CDB00CFFA1F /* CSKScene */,
				07BD9465258A1BA50052243F /* Device */,
			);
			productName = "valsrevenge tvOS";
			productReference = 079ADA73257E23EB0018D7F0 /* val-revenge.app */;
			productType = "com.apple.product-type.application";
		};
		079ADA83257E23EB0018D7F0 /* macOS */ = {
			isa = PBXNativeTarget;
			buildConfigurationList = 079ADAA3257E23EB0018D7F0 /* Build configuration list for PBXNativeTarget "macOS" */;
			buildPhases = (
				079ADA80257E23EB0018D7F0 /* Sources */,
				079ADA81257E23EB0018D7F0 /* Frameworks */,
				079ADA82257E23EB0018D7F0 /* Resources */,
				0728022A257E85C400CFFA1F /* SwiftLint */,
			);
			buildRules = (
			);
			dependencies = (
			);
			name = macOS;
			packageProductDependencies = (
				072801EE257E6CDF00CFFA1F /* CSKScene */,
				07BD9467258A1BA90052243F /* Device */,
			);
			productName = "valsrevenge macOS";
			productReference = 079ADA84257E23EB0018D7F0 /* val-revenge.app */;
			productType = "com.apple.product-type.application";
		};
/* End PBXNativeTarget section */

/* Begin PBXProject section */
		079ADA54257E23E40018D7F0 /* Project object */ = {
			isa = PBXProject;
			attributes = {
				LastSwiftUpdateCheck = 1220;
				LastUpgradeCheck = 1230;
				ORGANIZATIONNAME = "backslash-f";
				TargetAttributes = {
					079ADA60257E23EB0018D7F0 = {
						CreatedOnToolsVersion = 12.2;
						LastSwiftMigration = 1220;
					};
					079ADA72257E23EB0018D7F0 = {
						CreatedOnToolsVersion = 12.2;
						LastSwiftMigration = 1220;
					};
					079ADA83257E23EB0018D7F0 = {
						CreatedOnToolsVersion = 12.2;
						LastSwiftMigration = 1220;
					};
				};
			};
			buildConfigurationList = 079ADA57257E23E40018D7F0 /* Build configuration list for PBXProject "val-revenge" */;
			compatibilityVersion = "Xcode 9.3";
			developmentRegion = en;
			hasScannedForEncodings = 0;
			knownRegions = (
				en,
				Base,
			);
			mainGroup = 079ADA53257E23E40018D7F0;
			packageReferences = (
				072801E5257E6CBE00CFFA1F /* XCRemoteSwiftPackageReference "cskscene" */,
				07BD945F258A1B8F0052243F /* XCRemoteSwiftPackageReference "device" */,
			);
			productRefGroup = 079ADA62257E23EB0018D7F0 /* Products */;
			projectDirPath = "";
			projectRoot = "";
			targets = (
				079ADA60257E23EB0018D7F0 /* iOS */,
				079ADA72257E23EB0018D7F0 /* tvOS */,
				079ADA83257E23EB0018D7F0 /* macOS */,
			);
		};
/* End PBXProject section */

/* Begin PBXResourcesBuildPhase section */
		079ADA5F257E23EB0018D7F0 /* Resources */ = {
			isa = PBXResourcesBuildPhase;
			buildActionMask = 2147483647;
			files = (
				079ADA98257E23EB0018D7F0 /* Assets.xcassets in Resources */,
				07BD94412589120E0052243F /* Controller.sks in Resources */,
				072E90F8257EB2250001E1DA /* MainScene.sks in Resources */,
				07BD944C2589131C0052243F /* ButtonAttack.sks in Resources */,
			);
			runOnlyForDeploymentPostprocessing = 0;
		};
		079ADA71257E23EB0018D7F0 /* Resources */ = {
			isa = PBXResourcesBuildPhase;
			buildActionMask = 2147483647;
			files = (
				079ADA99257E23EB0018D7F0 /* Assets.xcassets in Resources */,
				07BD94422589120E0052243F /* Controller.sks in Resources */,
				072E90F9257EB2250001E1DA /* MainScene.sks in Resources */,
				07BD944D2589131C0052243F /* ButtonAttack.sks in Resources */,
			);
			runOnlyForDeploymentPostprocessing = 0;
		};
		079ADA82257E23EB0018D7F0 /* Resources */ = {
			isa = PBXResourcesBuildPhase;
			buildActionMask = 2147483647;
			files = (
				079ADA9A257E23EB0018D7F0 /* Assets.xcassets in Resources */,
				07BD94432589120E0052243F /* Controller.sks in Resources */,
				072E90FA257EB2250001E1DA /* MainScene.sks in Resources */,
				07BD944E2589131C0052243F /* ButtonAttack.sks in Resources */,
			);
			runOnlyForDeploymentPostprocessing = 0;
		};
/* End PBXResourcesBuildPhase section */

/* Begin PBXShellScriptBuildPhase section */
		07280228257E85AB00CFFA1F /* SwiftLint */ = {
			isa = PBXShellScriptBuildPhase;
			buildActionMask = 2147483647;
			files = (
			);
			inputFileListPaths = (
			);
			inputPaths = (
			);
			name = SwiftLint;
			outputFileListPaths = (
			);
			outputPaths = (
			);
			runOnlyForDeploymentPostprocessing = 0;
			shellPath = /bin/sh;
			shellScript = "if which swiftlint >/dev/null; then\n  swiftlint autocorrect --config \".swiftlint.auto.yml\" && swiftlint\nelse\n  echo \"SwiftLint (https://github.com/realm/SwiftLint) isn't installed. Run:\"\n  echo \"brew install swiftlint\"\nfi\n";
		};
		07280229257E85B900CFFA1F /* SwiftLint */ = {
			isa = PBXShellScriptBuildPhase;
			buildActionMask = 2147483647;
			files = (
			);
			inputFileListPaths = (
			);
			inputPaths = (
			);
			name = SwiftLint;
			outputFileListPaths = (
			);
			outputPaths = (
			);
			runOnlyForDeploymentPostprocessing = 0;
			shellPath = /bin/sh;
			shellScript = "if which swiftlint >/dev/null; then\n  swiftlint autocorrect --config \".swiftlint.auto.yml\" && swiftlint\nelse\n  echo \"SwiftLint (https://github.com/realm/SwiftLint) isn't installed. Run:\"\n  echo \"brew install swiftlint\"\nfi\n";
		};
		0728022A257E85C400CFFA1F /* SwiftLint */ = {
			isa = PBXShellScriptBuildPhase;
			buildActionMask = 2147483647;
			files = (
			);
			inputFileListPaths = (
			);
			inputPaths = (
			);
			name = SwiftLint;
			outputFileListPaths = (
			);
			outputPaths = (
			);
			runOnlyForDeploymentPostprocessing = 0;
			shellPath = /bin/sh;
			shellScript = "if which swiftlint >/dev/null; then\n  swiftlint autocorrect --config \".swiftlint.auto.yml\" && swiftlint\nelse\n  echo \"SwiftLint (https://github.com/realm/SwiftLint) isn't installed. Run:\"\n  echo \"brew install swiftlint\"\nfi\n";
		};
/* End PBXShellScriptBuildPhase section */

/* Begin PBXSourcesBuildPhase section */
		079ADA5D257E23EB0018D7F0 /* Sources */ = {
			isa = PBXSourcesBuildPhase;
			buildActionMask = 2147483647;
			files = (
				079ADACF257E26E40018D7F0 /* ContentView.swift in Sources */,
				078D24C22580FAC800CB653D /* String+Extensions.swift in Sources */,
				079ADAE5257E27420018D7F0 /* MainScene.swift in Sources */,
				072E9113257EBD4E0001E1DA /* Constant.swift in Sources */,
				079ADAC7257E26AE0018D7F0 /* ValsRevenge.swift in Sources */,
				074CCA18257FAE5F00EA60BB /* Player.swift in Sources */,
				074CCA29257FB03200EA60BB /* Constant+Nodes.swift in Sources */,
				0768BD11257FBC2500628758 /* MainScene+InputTouch.swift in Sources */,
				074E952C258276D200A4E89D /* MainScene+InputController.swift in Sources */,
				072E9121257EC4A90001E1DA /* Constant+Scenes.swift in Sources */,
				079ADADB257E27170018D7F0 /* MainSceneView.swift in Sources */,
				07BD9456258919070052243F /* MainScene+Orientation.swift in Sources */,
				07CD5209257F8186001D0E18 /* ValsRevenge+Logging.swift in Sources */,
			);
			runOnlyForDeploymentPostprocessing = 0;
		};
		079ADA6F257E23EB0018D7F0 /* Sources */ = {
			isa = PBXSourcesBuildPhase;
			buildActionMask = 2147483647;
			files = (
				079ADAD0257E26E40018D7F0 /* ContentView.swift in Sources */,
				078D24C32580FAC800CB653D /* String+Extensions.swift in Sources */,
				079ADAE6257E27420018D7F0 /* MainScene.swift in Sources */,
				072E9114257EBD4E0001E1DA /* Constant.swift in Sources */,
				079ADAC8257E26AE0018D7F0 /* ValsRevenge.swift in Sources */,
				074CCA19257FAE5F00EA60BB /* Player.swift in Sources */,
				074CCA2A257FB03200EA60BB /* Constant+Nodes.swift in Sources */,
				0768BD12257FBC2500628758 /* MainScene+InputTouch.swift in Sources */,
				074E952D258276D200A4E89D /* MainScene+InputController.swift in Sources */,
				072E9122257EC4A90001E1DA /* Constant+Scenes.swift in Sources */,
				079ADADC257E27170018D7F0 /* MainSceneView.swift in Sources */,
				07BD9457258919070052243F /* MainScene+Orientation.swift in Sources */,
				07CD520A257F8186001D0E18 /* ValsRevenge+Logging.swift in Sources */,
			);
			runOnlyForDeploymentPostprocessing = 0;
		};
		079ADA80257E23EB0018D7F0 /* Sources */ = {
			isa = PBXSourcesBuildPhase;
			buildActionMask = 2147483647;
			files = (
				079ADAD1257E26E40018D7F0 /* ContentView.swift in Sources */,
				078D24C42580FAC800CB653D /* String+Extensions.swift in Sources */,
				079ADAE7257E27420018D7F0 /* MainScene.swift in Sources */,
				072E9115257EBD4E0001E1DA /* Constant.swift in Sources */,
				079ADAC9257E26AE0018D7F0 /* ValsRevenge.swift in Sources */,
				074CCA1A257FAE5F00EA60BB /* Player.swift in Sources */,
				074CCA2B257FB03200EA60BB /* Constant+Nodes.swift in Sources */,
				0768BD13257FBC2500628758 /* MainScene+InputTouch.swift in Sources */,
				074E952E258276D200A4E89D /* MainScene+InputController.swift in Sources */,
				072E9123257EC4A90001E1DA /* Constant+Scenes.swift in Sources */,
				079ADADD257E27170018D7F0 /* MainSceneView.swift in Sources */,
				07BD9458258919070052243F /* MainScene+Orientation.swift in Sources */,
				07CD520B257F8186001D0E18 /* ValsRevenge+Logging.swift in Sources */,
			);
			runOnlyForDeploymentPostprocessing = 0;
		};
/* End PBXSourcesBuildPhase section */

/* Begin XCBuildConfiguration section */
		079ADA9B257E23EB0018D7F0 /* Debug */ = {
			isa = XCBuildConfiguration;
			buildSettings = {
				ALWAYS_SEARCH_USER_PATHS = NO;
				CLANG_ANALYZER_NONNULL = YES;
				CLANG_ANALYZER_NUMBER_OBJECT_CONVERSION = YES_AGGRESSIVE;
				CLANG_CXX_LANGUAGE_STANDARD = "gnu++14";
				CLANG_CXX_LIBRARY = "libc++";
				CLANG_ENABLE_MODULES = YES;
				CLANG_ENABLE_OBJC_ARC = YES;
				CLANG_ENABLE_OBJC_WEAK = YES;
				CLANG_WARN_BLOCK_CAPTURE_AUTORELEASING = YES;
				CLANG_WARN_BOOL_CONVERSION = YES;
				CLANG_WARN_COMMA = YES;
				CLANG_WARN_CONSTANT_CONVERSION = YES;
				CLANG_WARN_DEPRECATED_OBJC_IMPLEMENTATIONS = YES;
				CLANG_WARN_DIRECT_OBJC_ISA_USAGE = YES_ERROR;
				CLANG_WARN_DOCUMENTATION_COMMENTS = YES;
				CLANG_WARN_EMPTY_BODY = YES;
				CLANG_WARN_ENUM_CONVERSION = YES;
				CLANG_WARN_INFINITE_RECURSION = YES;
				CLANG_WARN_INT_CONVERSION = YES;
				CLANG_WARN_NON_LITERAL_NULL_CONVERSION = YES;
				CLANG_WARN_OBJC_IMPLICIT_RETAIN_SELF = YES;
				CLANG_WARN_OBJC_LITERAL_CONVERSION = YES;
				CLANG_WARN_OBJC_ROOT_CLASS = YES_ERROR;
				CLANG_WARN_QUOTED_INCLUDE_IN_FRAMEWORK_HEADER = YES;
				CLANG_WARN_RANGE_LOOP_ANALYSIS = YES;
				CLANG_WARN_STRICT_PROTOTYPES = YES;
				CLANG_WARN_SUSPICIOUS_MOVE = YES;
				CLANG_WARN_UNGUARDED_AVAILABILITY = YES_AGGRESSIVE;
				CLANG_WARN_UNREACHABLE_CODE = YES;
				CLANG_WARN__DUPLICATE_METHOD_MATCH = YES;
				COPY_PHASE_STRIP = NO;
				DEBUG_INFORMATION_FORMAT = dwarf;
				ENABLE_STRICT_OBJC_MSGSEND = YES;
				ENABLE_TESTABILITY = YES;
				GCC_C_LANGUAGE_STANDARD = gnu11;
				GCC_DYNAMIC_NO_PIC = NO;
				GCC_NO_COMMON_BLOCKS = YES;
				GCC_OPTIMIZATION_LEVEL = 0;
				GCC_PREPROCESSOR_DEFINITIONS = (
					"DEBUG=1",
					"$(inherited)",
				);
				GCC_WARN_64_TO_32_BIT_CONVERSION = YES;
				GCC_WARN_ABOUT_RETURN_TYPE = YES_ERROR;
				GCC_WARN_UNDECLARED_SELECTOR = YES;
				GCC_WARN_UNINITIALIZED_AUTOS = YES_AGGRESSIVE;
				GCC_WARN_UNUSED_FUNCTION = YES;
				GCC_WARN_UNUSED_VARIABLE = YES;
				MTL_ENABLE_DEBUG_INFO = INCLUDE_SOURCE;
				MTL_FAST_MATH = YES;
				ONLY_ACTIVE_ARCH = YES;
				SWIFT_ACTIVE_COMPILATION_CONDITIONS = DEBUG;
				SWIFT_OPTIMIZATION_LEVEL = "-Onone";
			};
			name = Debug;
		};
		079ADA9C257E23EB0018D7F0 /* Release */ = {
			isa = XCBuildConfiguration;
			buildSettings = {
				ALWAYS_SEARCH_USER_PATHS = NO;
				CLANG_ANALYZER_NONNULL = YES;
				CLANG_ANALYZER_NUMBER_OBJECT_CONVERSION = YES_AGGRESSIVE;
				CLANG_CXX_LANGUAGE_STANDARD = "gnu++14";
				CLANG_CXX_LIBRARY = "libc++";
				CLANG_ENABLE_MODULES = YES;
				CLANG_ENABLE_OBJC_ARC = YES;
				CLANG_ENABLE_OBJC_WEAK = YES;
				CLANG_WARN_BLOCK_CAPTURE_AUTORELEASING = YES;
				CLANG_WARN_BOOL_CONVERSION = YES;
				CLANG_WARN_COMMA = YES;
				CLANG_WARN_CONSTANT_CONVERSION = YES;
				CLANG_WARN_DEPRECATED_OBJC_IMPLEMENTATIONS = YES;
				CLANG_WARN_DIRECT_OBJC_ISA_USAGE = YES_ERROR;
				CLANG_WARN_DOCUMENTATION_COMMENTS = YES;
				CLANG_WARN_EMPTY_BODY = YES;
				CLANG_WARN_ENUM_CONVERSION = YES;
				CLANG_WARN_INFINITE_RECURSION = YES;
				CLANG_WARN_INT_CONVERSION = YES;
				CLANG_WARN_NON_LITERAL_NULL_CONVERSION = YES;
				CLANG_WARN_OBJC_IMPLICIT_RETAIN_SELF = YES;
				CLANG_WARN_OBJC_LITERAL_CONVERSION = YES;
				CLANG_WARN_OBJC_ROOT_CLASS = YES_ERROR;
				CLANG_WARN_QUOTED_INCLUDE_IN_FRAMEWORK_HEADER = YES;
				CLANG_WARN_RANGE_LOOP_ANALYSIS = YES;
				CLANG_WARN_STRICT_PROTOTYPES = YES;
				CLANG_WARN_SUSPICIOUS_MOVE = YES;
				CLANG_WARN_UNGUARDED_AVAILABILITY = YES_AGGRESSIVE;
				CLANG_WARN_UNREACHABLE_CODE = YES;
				CLANG_WARN__DUPLICATE_METHOD_MATCH = YES;
				COPY_PHASE_STRIP = NO;
				DEBUG_INFORMATION_FORMAT = "dwarf-with-dsym";
				ENABLE_NS_ASSERTIONS = NO;
				ENABLE_STRICT_OBJC_MSGSEND = YES;
				GCC_C_LANGUAGE_STANDARD = gnu11;
				GCC_NO_COMMON_BLOCKS = YES;
				GCC_WARN_64_TO_32_BIT_CONVERSION = YES;
				GCC_WARN_ABOUT_RETURN_TYPE = YES_ERROR;
				GCC_WARN_UNDECLARED_SELECTOR = YES;
				GCC_WARN_UNINITIALIZED_AUTOS = YES_AGGRESSIVE;
				GCC_WARN_UNUSED_FUNCTION = YES;
				GCC_WARN_UNUSED_VARIABLE = YES;
				MTL_ENABLE_DEBUG_INFO = NO;
				MTL_FAST_MATH = YES;
				SWIFT_COMPILATION_MODE = wholemodule;
				SWIFT_OPTIMIZATION_LEVEL = "-O";
			};
			name = Release;
		};
		079ADA9E257E23EB0018D7F0 /* Debug */ = {
			isa = XCBuildConfiguration;
			buildSettings = {
				ASSETCATALOG_COMPILER_APPICON_NAME = AppIcon;
				ASSETCATALOG_COMPILER_GLOBAL_ACCENT_COLOR_NAME = AccentColor;
				CLANG_ENABLE_MODULES = YES;
				CODE_SIGN_STYLE = Automatic;
				DEVELOPMENT_TEAM = UKS358BH88;
				INFOPLIST_FILE = iOS/Info.plist;
				IPHONEOS_DEPLOYMENT_TARGET = 14.2;
				LD_RUNPATH_SEARCH_PATHS = (
					"$(inherited)",
					"@executable_path/Frameworks",
				);
				PRODUCT_BUNDLE_IDENTIFIER = "com.backslash-f.valsrevenge";
				PRODUCT_NAME = "val-revenge";
				SDKROOT = iphoneos;
				SWIFT_OPTIMIZATION_LEVEL = "-Onone";
				SWIFT_VERSION = 5.0;
				TARGETED_DEVICE_FAMILY = "1,2";
			};
			name = Debug;
		};
		079ADA9F257E23EB0018D7F0 /* Release */ = {
			isa = XCBuildConfiguration;
			buildSettings = {
				ASSETCATALOG_COMPILER_APPICON_NAME = AppIcon;
				ASSETCATALOG_COMPILER_GLOBAL_ACCENT_COLOR_NAME = AccentColor;
				CLANG_ENABLE_MODULES = YES;
				CODE_SIGN_STYLE = Automatic;
				DEVELOPMENT_TEAM = UKS358BH88;
				INFOPLIST_FILE = iOS/Info.plist;
				IPHONEOS_DEPLOYMENT_TARGET = 14.2;
				LD_RUNPATH_SEARCH_PATHS = (
					"$(inherited)",
					"@executable_path/Frameworks",
				);
				PRODUCT_BUNDLE_IDENTIFIER = "com.backslash-f.valsrevenge";
				PRODUCT_NAME = "val-revenge";
				SDKROOT = iphoneos;
				SWIFT_VERSION = 5.0;
				TARGETED_DEVICE_FAMILY = "1,2";
				VALIDATE_PRODUCT = YES;
			};
			name = Release;
		};
		079ADAA1257E23EB0018D7F0 /* Debug */ = {
			isa = XCBuildConfiguration;
			buildSettings = {
				ASSETCATALOG_COMPILER_APPICON_NAME = "tvOS App Icon & Top Shelf Image";
				ASSETCATALOG_COMPILER_GLOBAL_ACCENT_COLOR_NAME = AccentColor;
				CLANG_ENABLE_MODULES = YES;
				CODE_SIGN_STYLE = Automatic;
				DEVELOPMENT_TEAM = UKS358BH88;
				INFOPLIST_FILE = tvOS/Info.plist;
				LD_RUNPATH_SEARCH_PATHS = (
					"$(inherited)",
					"@executable_path/Frameworks",
				);
				PRODUCT_BUNDLE_IDENTIFIER = "com.backslash-f.valsrevenge";
				PRODUCT_NAME = "val-revenge";
				SDKROOT = appletvos;
				SWIFT_OPTIMIZATION_LEVEL = "-Onone";
				SWIFT_VERSION = 5.0;
				TARGETED_DEVICE_FAMILY = 3;
				TVOS_DEPLOYMENT_TARGET = 14.2;
			};
			name = Debug;
		};
		079ADAA2257E23EB0018D7F0 /* Release */ = {
			isa = XCBuildConfiguration;
			buildSettings = {
				ASSETCATALOG_COMPILER_APPICON_NAME = "tvOS App Icon & Top Shelf Image";
				ASSETCATALOG_COMPILER_GLOBAL_ACCENT_COLOR_NAME = AccentColor;
				CLANG_ENABLE_MODULES = YES;
				CODE_SIGN_STYLE = Automatic;
				DEVELOPMENT_TEAM = UKS358BH88;
				INFOPLIST_FILE = tvOS/Info.plist;
				LD_RUNPATH_SEARCH_PATHS = (
					"$(inherited)",
					"@executable_path/Frameworks",
				);
				PRODUCT_BUNDLE_IDENTIFIER = "com.backslash-f.valsrevenge";
				PRODUCT_NAME = "val-revenge";
				SDKROOT = appletvos;
				SWIFT_VERSION = 5.0;
				TARGETED_DEVICE_FAMILY = 3;
				TVOS_DEPLOYMENT_TARGET = 14.2;
				VALIDATE_PRODUCT = YES;
			};
			name = Release;
		};
		079ADAA4257E23EB0018D7F0 /* Debug */ = {
			isa = XCBuildConfiguration;
			buildSettings = {
				ASSETCATALOG_COMPILER_APPICON_NAME = AppIcon;
				ASSETCATALOG_COMPILER_GLOBAL_ACCENT_COLOR_NAME = AccentColor;
				CLANG_ENABLE_MODULES = YES;
				CODE_SIGN_ENTITLEMENTS = macOS/macOS.entitlements;
				CODE_SIGN_IDENTITY = "-";
				CODE_SIGN_STYLE = Automatic;
				COMBINE_HIDPI_IMAGES = YES;
				DEVELOPMENT_TEAM = UKS358BH88;
				ENABLE_HARDENED_RUNTIME = YES;
				INFOPLIST_FILE = macOS/Info.plist;
				LD_RUNPATH_SEARCH_PATHS = (
					"$(inherited)",
					"@executable_path/../Frameworks",
				);
				MACOSX_DEPLOYMENT_TARGET = 11.0;
				PRODUCT_BUNDLE_IDENTIFIER = "com.backslash-f.valsrevenge";
				PRODUCT_NAME = "val-revenge";
				SDKROOT = macosx;
				SWIFT_OPTIMIZATION_LEVEL = "-Onone";
				SWIFT_VERSION = 5.0;
			};
			name = Debug;
		};
		079ADAA5257E23EB0018D7F0 /* Release */ = {
			isa = XCBuildConfiguration;
			buildSettings = {
				ASSETCATALOG_COMPILER_APPICON_NAME = AppIcon;
				ASSETCATALOG_COMPILER_GLOBAL_ACCENT_COLOR_NAME = AccentColor;
				CLANG_ENABLE_MODULES = YES;
				CODE_SIGN_ENTITLEMENTS = macOS/macOS.entitlements;
				CODE_SIGN_IDENTITY = "-";
				CODE_SIGN_STYLE = Automatic;
				COMBINE_HIDPI_IMAGES = YES;
				DEVELOPMENT_TEAM = UKS358BH88;
				ENABLE_HARDENED_RUNTIME = YES;
				INFOPLIST_FILE = macOS/Info.plist;
				LD_RUNPATH_SEARCH_PATHS = (
					"$(inherited)",
					"@executable_path/../Frameworks",
				);
				MACOSX_DEPLOYMENT_TARGET = 11.0;
				PRODUCT_BUNDLE_IDENTIFIER = "com.backslash-f.valsrevenge";
				PRODUCT_NAME = "val-revenge";
				SDKROOT = macosx;
				SWIFT_VERSION = 5.0;
			};
			name = Release;
		};
/* End XCBuildConfiguration section */

/* Begin XCConfigurationList section */
		079ADA57257E23E40018D7F0 /* Build configuration list for PBXProject "val-revenge" */ = {
			isa = XCConfigurationList;
			buildConfigurations = (
				079ADA9B257E23EB0018D7F0 /* Debug */,
				079ADA9C257E23EB0018D7F0 /* Release */,
			);
			defaultConfigurationIsVisible = 0;
			defaultConfigurationName = Release;
		};
		079ADA9D257E23EB0018D7F0 /* Build configuration list for PBXNativeTarget "iOS" */ = {
			isa = XCConfigurationList;
			buildConfigurations = (
				079ADA9E257E23EB0018D7F0 /* Debug */,
				079ADA9F257E23EB0018D7F0 /* Release */,
			);
			defaultConfigurationIsVisible = 0;
			defaultConfigurationName = Release;
		};
		079ADAA0257E23EB0018D7F0 /* Build configuration list for PBXNativeTarget "tvOS" */ = {
			isa = XCConfigurationList;
			buildConfigurations = (
				079ADAA1257E23EB0018D7F0 /* Debug */,
				079ADAA2257E23EB0018D7F0 /* Release */,
			);
			defaultConfigurationIsVisible = 0;
			defaultConfigurationName = Release;
		};
		079ADAA3257E23EB0018D7F0 /* Build configuration list for PBXNativeTarget "macOS" */ = {
			isa = XCConfigurationList;
			buildConfigurations = (
				079ADAA4257E23EB0018D7F0 /* Debug */,
				079ADAA5257E23EB0018D7F0 /* Release */,
			);
			defaultConfigurationIsVisible = 0;
			defaultConfigurationName = Release;
		};
/* End XCConfigurationList section */

/* Begin XCRemoteSwiftPackageReference section */
		072801E5257E6CBE00CFFA1F /* XCRemoteSwiftPackageReference "cskscene" */ = {
			isa = XCRemoteSwiftPackageReference;
			repositoryURL = "https://github.com/backslash-f/cskscene";
			requirement = {
				kind = upToNextMajorVersion;
				minimumVersion = 0.1.0;
			};
		};
		07BD945F258A1B8F0052243F /* XCRemoteSwiftPackageReference "device" */ = {
			isa = XCRemoteSwiftPackageReference;
			repositoryURL = "https://github.com/backslash-f/device";
			requirement = {
				kind = upToNextMajorVersion;
				minimumVersion = 1.0.0;
			};
		};
/* End XCRemoteSwiftPackageReference section */

/* Begin XCSwiftPackageProductDependency section */
		072801E6257E6CBE00CFFA1F /* CSKScene */ = {
			isa = XCSwiftPackageProductDependency;
			package = 072801E5257E6CBE00CFFA1F /* XCRemoteSwiftPackageReference "cskscene" */;
			productName = CSKScene;
		};
		072801EC257E6CDB00CFFA1F /* CSKScene */ = {
			isa = XCSwiftPackageProductDependency;
			package = 072801E5257E6CBE00CFFA1F /* XCRemoteSwiftPackageReference "cskscene" */;
			productName = CSKScene;
		};
		072801EE257E6CDF00CFFA1F /* CSKScene */ = {
			isa = XCSwiftPackageProductDependency;
			package = 072801E5257E6CBE00CFFA1F /* XCRemoteSwiftPackageReference "cskscene" */;
			productName = CSKScene;
		};
		07BD9460258A1B8F0052243F /* Device */ = {
			isa = XCSwiftPackageProductDependency;
			package = 07BD945F258A1B8F0052243F /* XCRemoteSwiftPackageReference "device" */;
			productName = Device;
		};
		07BD9465258A1BA50052243F /* Device */ = {
			isa = XCSwiftPackageProductDependency;
			package = 07BD945F258A1B8F0052243F /* XCRemoteSwiftPackageReference "device" */;
			productName = Device;
		};
		07BD9467258A1BA90052243F /* Device */ = {
			isa = XCSwiftPackageProductDependency;
			package = 07BD945F258A1B8F0052243F /* XCRemoteSwiftPackageReference "device" */;
			productName = Device;
		};
/* End XCSwiftPackageProductDependency section */
	};
	rootObject = 079ADA54257E23E40018D7F0 /* Project object */;
}
