// !$*UTF8*$!
{
	archiveVersion = 1;
	classes = {
	};
	objectVersion = 52;
	objects = {

/* Begin PBXBuildFile section */
		0704E1C425DA6CD70054C442 /* GameOverScene.sks in Resources */ = {isa = PBXBuildFile; fileRef = 0704E1C025DA6CD70054C442 /* GameOverScene.sks */; };
		0704E1C525DA6CD70054C442 /* GameOverScene.sks in Resources */ = {isa = PBXBuildFile; fileRef = 0704E1C025DA6CD70054C442 /* GameOverScene.sks */; };
		0704E1C625DA6CD70054C442 /* GameOverScene.sks in Resources */ = {isa = PBXBuildFile; fileRef = 0704E1C025DA6CD70054C442 /* GameOverScene.sks */; };
		0704E1C725DA6CD70054C442 /* TitleScene.swift in Sources */ = {isa = PBXBuildFile; fileRef = 0704E1C125DA6CD70054C442 /* TitleScene.swift */; };
		0704E1C825DA6CD70054C442 /* TitleScene.swift in Sources */ = {isa = PBXBuildFile; fileRef = 0704E1C125DA6CD70054C442 /* TitleScene.swift */; };
		0704E1C925DA6CD70054C442 /* TitleScene.swift in Sources */ = {isa = PBXBuildFile; fileRef = 0704E1C125DA6CD70054C442 /* TitleScene.swift */; };
		0704E1CA25DA6CD70054C442 /* GameOverScene.swift in Sources */ = {isa = PBXBuildFile; fileRef = 0704E1C225DA6CD70054C442 /* GameOverScene.swift */; };
		0704E1CB25DA6CD70054C442 /* GameOverScene.swift in Sources */ = {isa = PBXBuildFile; fileRef = 0704E1C225DA6CD70054C442 /* GameOverScene.swift */; };
		0704E1CC25DA6CD70054C442 /* GameOverScene.swift in Sources */ = {isa = PBXBuildFile; fileRef = 0704E1C225DA6CD70054C442 /* GameOverScene.swift */; };
		0704E1CD25DA6CD70054C442 /* TitleScene.sks in Resources */ = {isa = PBXBuildFile; fileRef = 0704E1C325DA6CD70054C442 /* TitleScene.sks */; };
		0704E1CE25DA6CD70054C442 /* TitleScene.sks in Resources */ = {isa = PBXBuildFile; fileRef = 0704E1C325DA6CD70054C442 /* TitleScene.sks */; };
		0704E1CF25DA6CD70054C442 /* TitleScene.sks in Resources */ = {isa = PBXBuildFile; fileRef = 0704E1C325DA6CD70054C442 /* TitleScene.sks */; };
		0704E1DD25DA6D230054C442 /* SKScene+Extensions.swift in Sources */ = {isa = PBXBuildFile; fileRef = 0704E1DC25DA6D230054C442 /* SKScene+Extensions.swift */; };
		0704E1DE25DA6D230054C442 /* SKScene+Extensions.swift in Sources */ = {isa = PBXBuildFile; fileRef = 0704E1DC25DA6D230054C442 /* SKScene+Extensions.swift */; };
		0704E1DF25DA6D230054C442 /* SKScene+Extensions.swift in Sources */ = {isa = PBXBuildFile; fileRef = 0704E1DC25DA6D230054C442 /* SKScene+Extensions.swift */; };
		0706AB4F259222060076A6B4 /* GeneratorComponent.swift in Sources */ = {isa = PBXBuildFile; fileRef = 0706AB4E259222060076A6B4 /* GeneratorComponent.swift */; };
		0706AB50259222060076A6B4 /* GeneratorComponent.swift in Sources */ = {isa = PBXBuildFile; fileRef = 0706AB4E259222060076A6B4 /* GeneratorComponent.swift */; };
		0706AB51259222060076A6B4 /* GeneratorComponent.swift in Sources */ = {isa = PBXBuildFile; fileRef = 0706AB4E259222060076A6B4 /* GeneratorComponent.swift */; };
		0706AB592592224D0076A6B4 /* GKComponent+Extensions.swift in Sources */ = {isa = PBXBuildFile; fileRef = 0706AB582592224D0076A6B4 /* GKComponent+Extensions.swift */; };
		0706AB5A2592224D0076A6B4 /* GKComponent+Extensions.swift in Sources */ = {isa = PBXBuildFile; fileRef = 0706AB582592224D0076A6B4 /* GKComponent+Extensions.swift */; };
		0706AB5B2592224D0076A6B4 /* GKComponent+Extensions.swift in Sources */ = {isa = PBXBuildFile; fileRef = 0706AB582592224D0076A6B4 /* GKComponent+Extensions.swift */; };
		070D08282599DCCE0039A256 /* PlayerStates.swift in Sources */ = {isa = PBXBuildFile; fileRef = 070D08272599DCCE0039A256 /* PlayerStates.swift */; };
		070D08292599DCCE0039A256 /* PlayerStates.swift in Sources */ = {isa = PBXBuildFile; fileRef = 070D08272599DCCE0039A256 /* PlayerStates.swift */; };
		070D082A2599DCCE0039A256 /* PlayerStates.swift in Sources */ = {isa = PBXBuildFile; fileRef = 070D08272599DCCE0039A256 /* PlayerStates.swift */; };
		070D082F2599E75F0039A256 /* CollectibleComponent.swift in Sources */ = {isa = PBXBuildFile; fileRef = 070D082E2599E75F0039A256 /* CollectibleComponent.swift */; };
		070D08302599E75F0039A256 /* CollectibleComponent.swift in Sources */ = {isa = PBXBuildFile; fileRef = 070D082E2599E75F0039A256 /* CollectibleComponent.swift */; };
		070D08312599E75F0039A256 /* CollectibleComponent.swift in Sources */ = {isa = PBXBuildFile; fileRef = 070D082E2599E75F0039A256 /* CollectibleComponent.swift */; };
		070D08392599F0630039A256 /* PhysicsComponent.swift in Sources */ = {isa = PBXBuildFile; fileRef = 070D08382599F0630039A256 /* PhysicsComponent.swift */; };
		070D083A2599F0630039A256 /* PhysicsComponent.swift in Sources */ = {isa = PBXBuildFile; fileRef = 070D08382599F0630039A256 /* PhysicsComponent.swift */; };
		070D083B2599F0630039A256 /* PhysicsComponent.swift in Sources */ = {isa = PBXBuildFile; fileRef = 070D08382599F0630039A256 /* PhysicsComponent.swift */; };
		070D084D2599F3E90039A256 /* MainScene+PhysicsContact.swift in Sources */ = {isa = PBXBuildFile; fileRef = 070D084C2599F3E90039A256 /* MainScene+PhysicsContact.swift */; };
		070D084E2599F3E90039A256 /* MainScene+PhysicsContact.swift in Sources */ = {isa = PBXBuildFile; fileRef = 070D084C2599F3E90039A256 /* MainScene+PhysicsContact.swift */; };
		070D084F2599F3E90039A256 /* MainScene+PhysicsContact.swift in Sources */ = {isa = PBXBuildFile; fileRef = 070D084C2599F3E90039A256 /* MainScene+PhysicsContact.swift */; };
		072801E7257E6CBE00CFFA1F /* CSKScene in Frameworks */ = {isa = PBXBuildFile; productRef = 072801E6257E6CBE00CFFA1F /* CSKScene */; };
		072801ED257E6CDB00CFFA1F /* CSKScene in Frameworks */ = {isa = PBXBuildFile; productRef = 072801EC257E6CDB00CFFA1F /* CSKScene */; };
		072801EF257E6CDF00CFFA1F /* CSKScene in Frameworks */ = {isa = PBXBuildFile; productRef = 072801EE257E6CDF00CFFA1F /* CSKScene */; };
		072E9113257EBD4E0001E1DA /* Constant.swift in Sources */ = {isa = PBXBuildFile; fileRef = 072E9112257EBD4E0001E1DA /* Constant.swift */; };
		072E9114257EBD4E0001E1DA /* Constant.swift in Sources */ = {isa = PBXBuildFile; fileRef = 072E9112257EBD4E0001E1DA /* Constant.swift */; };
		072E9115257EBD4E0001E1DA /* Constant.swift in Sources */ = {isa = PBXBuildFile; fileRef = 072E9112257EBD4E0001E1DA /* Constant.swift */; };
		072E9121257EC4A90001E1DA /* Constant+Scenes.swift in Sources */ = {isa = PBXBuildFile; fileRef = 072E9120257EC4A90001E1DA /* Constant+Scenes.swift */; };
		072E9122257EC4A90001E1DA /* Constant+Scenes.swift in Sources */ = {isa = PBXBuildFile; fileRef = 072E9120257EC4A90001E1DA /* Constant+Scenes.swift */; };
		072E9123257EC4A90001E1DA /* Constant+Scenes.swift in Sources */ = {isa = PBXBuildFile; fileRef = 072E9120257EC4A90001E1DA /* Constant+Scenes.swift */; };
		07305B0F25B59E7B0038EA11 /* Player+Attack.swift in Sources */ = {isa = PBXBuildFile; fileRef = 07305B0E25B59E7B0038EA11 /* Player+Attack.swift */; };
		07305B1025B59E7B0038EA11 /* Player+Attack.swift in Sources */ = {isa = PBXBuildFile; fileRef = 07305B0E25B59E7B0038EA11 /* Player+Attack.swift */; };
		07305B1125B59E7B0038EA11 /* Player+Attack.swift in Sources */ = {isa = PBXBuildFile; fileRef = 07305B0E25B59E7B0038EA11 /* Player+Attack.swift */; };
		07305B1625B59FFC0038EA11 /* CGFloat+Extensions.swift in Sources */ = {isa = PBXBuildFile; fileRef = 07305B1525B59FFC0038EA11 /* CGFloat+Extensions.swift */; };
		07305B1725B59FFC0038EA11 /* CGFloat+Extensions.swift in Sources */ = {isa = PBXBuildFile; fileRef = 07305B1525B59FFC0038EA11 /* CGFloat+Extensions.swift */; };
		07305B1825B59FFC0038EA11 /* CGFloat+Extensions.swift in Sources */ = {isa = PBXBuildFile; fileRef = 07305B1525B59FFC0038EA11 /* CGFloat+Extensions.swift */; };
		074CCA18257FAE5F00EA60BB /* Player.swift in Sources */ = {isa = PBXBuildFile; fileRef = 074CCA17257FAE5F00EA60BB /* Player.swift */; };
		074CCA19257FAE5F00EA60BB /* Player.swift in Sources */ = {isa = PBXBuildFile; fileRef = 074CCA17257FAE5F00EA60BB /* Player.swift */; };
		074CCA1A257FAE5F00EA60BB /* Player.swift in Sources */ = {isa = PBXBuildFile; fileRef = 074CCA17257FAE5F00EA60BB /* Player.swift */; };
		074CCA29257FB03200EA60BB /* Constant+Nodes.swift in Sources */ = {isa = PBXBuildFile; fileRef = 074CCA28257FB03200EA60BB /* Constant+Nodes.swift */; };
		074CCA2A257FB03200EA60BB /* Constant+Nodes.swift in Sources */ = {isa = PBXBuildFile; fileRef = 074CCA28257FB03200EA60BB /* Constant+Nodes.swift */; };
		074CCA2B257FB03200EA60BB /* Constant+Nodes.swift in Sources */ = {isa = PBXBuildFile; fileRef = 074CCA28257FB03200EA60BB /* Constant+Nodes.swift */; };
		074E952C258276D200A4E89D /* MainScene+InputController.swift in Sources */ = {isa = PBXBuildFile; fileRef = 074E952B258276D200A4E89D /* MainScene+InputController.swift */; };
		074E952D258276D200A4E89D /* MainScene+InputController.swift in Sources */ = {isa = PBXBuildFile; fileRef = 074E952B258276D200A4E89D /* MainScene+InputController.swift */; };
		074E952E258276D200A4E89D /* MainScene+InputController.swift in Sources */ = {isa = PBXBuildFile; fileRef = 074E952B258276D200A4E89D /* MainScene+InputController.swift */; };
		0755C70A25E17143003E2D85 /* MenuScene+InputController.swift in Sources */ = {isa = PBXBuildFile; fileRef = 0755C70925E17143003E2D85 /* MenuScene+InputController.swift */; };
		0755C70B25E17143003E2D85 /* MenuScene+InputController.swift in Sources */ = {isa = PBXBuildFile; fileRef = 0755C70925E17143003E2D85 /* MenuScene+InputController.swift */; };
		0755C70C25E17143003E2D85 /* MenuScene+InputController.swift in Sources */ = {isa = PBXBuildFile; fileRef = 0755C70925E17143003E2D85 /* MenuScene+InputController.swift */; };
		0755C71225E17175003E2D85 /* MenuScene.swift in Sources */ = {isa = PBXBuildFile; fileRef = 0755C71125E17175003E2D85 /* MenuScene.swift */; };
		0755C71325E17175003E2D85 /* MenuScene.swift in Sources */ = {isa = PBXBuildFile; fileRef = 0755C71125E17175003E2D85 /* MenuScene.swift */; };
		0755C71425E17175003E2D85 /* MenuScene.swift in Sources */ = {isa = PBXBuildFile; fileRef = 0755C71125E17175003E2D85 /* MenuScene.swift */; };
		0756E316258E99A3002203C8 /* music.mp3 in Resources */ = {isa = PBXBuildFile; fileRef = 0756E315258E99A3002203C8 /* music.mp3 */; };
		0756E317258E99A3002203C8 /* music.mp3 in Resources */ = {isa = PBXBuildFile; fileRef = 0756E315258E99A3002203C8 /* music.mp3 */; };
		0756E318258E99A3002203C8 /* music.mp3 in Resources */ = {isa = PBXBuildFile; fileRef = 0756E315258E99A3002203C8 /* music.mp3 */; };
		0756E328258E99BB002203C8 /* treasure.mp3 in Resources */ = {isa = PBXBuildFile; fileRef = 0756E31C258E99BA002203C8 /* treasure.mp3 */; };
		0756E329258E99BB002203C8 /* treasure.mp3 in Resources */ = {isa = PBXBuildFile; fileRef = 0756E31C258E99BA002203C8 /* treasure.mp3 */; };
		0756E32A258E99BB002203C8 /* treasure.mp3 in Resources */ = {isa = PBXBuildFile; fileRef = 0756E31C258E99BA002203C8 /* treasure.mp3 */; };
		0756E32B258E99BB002203C8 /* throw.mp3 in Resources */ = {isa = PBXBuildFile; fileRef = 0756E31D258E99BA002203C8 /* throw.mp3 */; };
		0756E32C258E99BB002203C8 /* throw.mp3 in Resources */ = {isa = PBXBuildFile; fileRef = 0756E31D258E99BA002203C8 /* throw.mp3 */; };
		0756E32D258E99BB002203C8 /* throw.mp3 in Resources */ = {isa = PBXBuildFile; fileRef = 0756E31D258E99BA002203C8 /* throw.mp3 */; };
		0756E32E258E99BB002203C8 /* monster_hit.mp3 in Resources */ = {isa = PBXBuildFile; fileRef = 0756E31E258E99BA002203C8 /* monster_hit.mp3 */; };
		0756E32F258E99BB002203C8 /* monster_hit.mp3 in Resources */ = {isa = PBXBuildFile; fileRef = 0756E31E258E99BA002203C8 /* monster_hit.mp3 */; };
		0756E330258E99BB002203C8 /* monster_hit.mp3 in Resources */ = {isa = PBXBuildFile; fileRef = 0756E31E258E99BA002203C8 /* monster_hit.mp3 */; };
		0756E331258E99BB002203C8 /* door_open.mp3 in Resources */ = {isa = PBXBuildFile; fileRef = 0756E31F258E99BA002203C8 /* door_open.mp3 */; };
		0756E332258E99BB002203C8 /* door_open.mp3 in Resources */ = {isa = PBXBuildFile; fileRef = 0756E31F258E99BA002203C8 /* door_open.mp3 */; };
		0756E333258E99BB002203C8 /* door_open.mp3 in Resources */ = {isa = PBXBuildFile; fileRef = 0756E31F258E99BA002203C8 /* door_open.mp3 */; };
		0756E334258E99BB002203C8 /* key.mp3 in Resources */ = {isa = PBXBuildFile; fileRef = 0756E320258E99BA002203C8 /* key.mp3 */; };
		0756E335258E99BB002203C8 /* key.mp3 in Resources */ = {isa = PBXBuildFile; fileRef = 0756E320258E99BA002203C8 /* key.mp3 */; };
		0756E336258E99BB002203C8 /* key.mp3 in Resources */ = {isa = PBXBuildFile; fileRef = 0756E320258E99BA002203C8 /* key.mp3 */; };
		0756E337258E99BB002203C8 /* monster_die.mp3 in Resources */ = {isa = PBXBuildFile; fileRef = 0756E321258E99BA002203C8 /* monster_die.mp3 */; };
		0756E338258E99BB002203C8 /* monster_die.mp3 in Resources */ = {isa = PBXBuildFile; fileRef = 0756E321258E99BA002203C8 /* monster_die.mp3 */; };
		0756E339258E99BB002203C8 /* monster_die.mp3 in Resources */ = {isa = PBXBuildFile; fileRef = 0756E321258E99BA002203C8 /* monster_die.mp3 */; };
		0756E33A258E99BB002203C8 /* exit.mp3 in Resources */ = {isa = PBXBuildFile; fileRef = 0756E322258E99BA002203C8 /* exit.mp3 */; };
		0756E33B258E99BB002203C8 /* exit.mp3 in Resources */ = {isa = PBXBuildFile; fileRef = 0756E322258E99BA002203C8 /* exit.mp3 */; };
		0756E33C258E99BB002203C8 /* exit.mp3 in Resources */ = {isa = PBXBuildFile; fileRef = 0756E322258E99BA002203C8 /* exit.mp3 */; };
		0756E33D258E99BB002203C8 /* player_die.mp3 in Resources */ = {isa = PBXBuildFile; fileRef = 0756E323258E99BA002203C8 /* player_die.mp3 */; };
		0756E33E258E99BB002203C8 /* player_die.mp3 in Resources */ = {isa = PBXBuildFile; fileRef = 0756E323258E99BA002203C8 /* player_die.mp3 */; };
		0756E33F258E99BB002203C8 /* player_die.mp3 in Resources */ = {isa = PBXBuildFile; fileRef = 0756E323258E99BA002203C8 /* player_die.mp3 */; };
		0756E340258E99BB002203C8 /* destroyed.mp3 in Resources */ = {isa = PBXBuildFile; fileRef = 0756E324258E99BA002203C8 /* destroyed.mp3 */; };
		0756E341258E99BB002203C8 /* destroyed.mp3 in Resources */ = {isa = PBXBuildFile; fileRef = 0756E324258E99BA002203C8 /* destroyed.mp3 */; };
		0756E342258E99BB002203C8 /* destroyed.mp3 in Resources */ = {isa = PBXBuildFile; fileRef = 0756E324258E99BA002203C8 /* destroyed.mp3 */; };
		0756E343258E99BB002203C8 /* food.mp3 in Resources */ = {isa = PBXBuildFile; fileRef = 0756E325258E99BA002203C8 /* food.mp3 */; };
		0756E344258E99BB002203C8 /* food.mp3 in Resources */ = {isa = PBXBuildFile; fileRef = 0756E325258E99BA002203C8 /* food.mp3 */; };
		0756E345258E99BB002203C8 /* food.mp3 in Resources */ = {isa = PBXBuildFile; fileRef = 0756E325258E99BA002203C8 /* food.mp3 */; };
		0756E346258E99BB002203C8 /* player_hit.mp3 in Resources */ = {isa = PBXBuildFile; fileRef = 0756E326258E99BB002203C8 /* player_hit.mp3 */; };
		0756E347258E99BB002203C8 /* player_hit.mp3 in Resources */ = {isa = PBXBuildFile; fileRef = 0756E326258E99BB002203C8 /* player_hit.mp3 */; };
		0756E348258E99BB002203C8 /* player_hit.mp3 in Resources */ = {isa = PBXBuildFile; fileRef = 0756E326258E99BB002203C8 /* player_hit.mp3 */; };
		0756E349258E99BB002203C8 /* SoundLibrary.swift in Sources */ = {isa = PBXBuildFile; fileRef = 0756E327258E99BB002203C8 /* SoundLibrary.swift */; };
		0756E34A258E99BB002203C8 /* SoundLibrary.swift in Sources */ = {isa = PBXBuildFile; fileRef = 0756E327258E99BB002203C8 /* SoundLibrary.swift */; };
		0756E34B258E99BB002203C8 /* SoundLibrary.swift in Sources */ = {isa = PBXBuildFile; fileRef = 0756E327258E99BB002203C8 /* SoundLibrary.swift */; };
		0756E351258E9D3C002203C8 /* HealthComponent.swift in Sources */ = {isa = PBXBuildFile; fileRef = 0756E350258E9D3C002203C8 /* HealthComponent.swift */; };
		0756E352258E9D3C002203C8 /* HealthComponent.swift in Sources */ = {isa = PBXBuildFile; fileRef = 0756E350258E9D3C002203C8 /* HealthComponent.swift */; };
		0756E353258E9D3C002203C8 /* HealthComponent.swift in Sources */ = {isa = PBXBuildFile; fileRef = 0756E350258E9D3C002203C8 /* HealthComponent.swift */; };
		0756E359258EA04B002203C8 /* HealthMeter.sks in Resources */ = {isa = PBXBuildFile; fileRef = 0756E358258EA04B002203C8 /* HealthMeter.sks */; };
		0756E35A258EA04B002203C8 /* HealthMeter.sks in Resources */ = {isa = PBXBuildFile; fileRef = 0756E358258EA04B002203C8 /* HealthMeter.sks */; };
		0756E35B258EA04B002203C8 /* HealthMeter.sks in Resources */ = {isa = PBXBuildFile; fileRef = 0756E358258EA04B002203C8 /* HealthMeter.sks */; };
		0756E3A52592207E002203C8 /* MonsterEntity.swift in Sources */ = {isa = PBXBuildFile; fileRef = 0756E3A42592207E002203C8 /* MonsterEntity.swift */; };
		0756E3A62592207E002203C8 /* MonsterEntity.swift in Sources */ = {isa = PBXBuildFile; fileRef = 0756E3A42592207E002203C8 /* MonsterEntity.swift */; };
		0756E3A72592207E002203C8 /* MonsterEntity.swift in Sources */ = {isa = PBXBuildFile; fileRef = 0756E3A42592207E002203C8 /* MonsterEntity.swift */; };
		0756E3AC259220E0002203C8 /* RenderComponent.swift in Sources */ = {isa = PBXBuildFile; fileRef = 0756E3AB259220E0002203C8 /* RenderComponent.swift */; };
		0756E3AD259220E0002203C8 /* RenderComponent.swift in Sources */ = {isa = PBXBuildFile; fileRef = 0756E3AB259220E0002203C8 /* RenderComponent.swift */; };
		0756E3AE259220E0002203C8 /* RenderComponent.swift in Sources */ = {isa = PBXBuildFile; fileRef = 0756E3AB259220E0002203C8 /* RenderComponent.swift */; };
		0768BD11257FBC2500628758 /* MainScene+InputTouch.swift in Sources */ = {isa = PBXBuildFile; fileRef = 0768BD10257FBC2500628758 /* MainScene+InputTouch.swift */; };
		0768BD12257FBC2500628758 /* MainScene+InputTouch.swift in Sources */ = {isa = PBXBuildFile; fileRef = 0768BD10257FBC2500628758 /* MainScene+InputTouch.swift */; };
		0768BD13257FBC2500628758 /* MainScene+InputTouch.swift in Sources */ = {isa = PBXBuildFile; fileRef = 0768BD10257FBC2500628758 /* MainScene+InputTouch.swift */; };
		07727E7625A308FC00411322 /* MainGameStates.swift in Sources */ = {isa = PBXBuildFile; fileRef = 07727E7525A308FC00411322 /* MainGameStates.swift */; };
		07727E7725A308FC00411322 /* MainGameStates.swift in Sources */ = {isa = PBXBuildFile; fileRef = 07727E7525A308FC00411322 /* MainGameStates.swift */; };
		07727E7825A308FC00411322 /* MainGameStates.swift in Sources */ = {isa = PBXBuildFile; fileRef = 07727E7525A308FC00411322 /* MainGameStates.swift */; };
		07727E8325A3233D00411322 /* SKNode+Extensions.swift in Sources */ = {isa = PBXBuildFile; fileRef = 07727E8225A3233D00411322 /* SKNode+Extensions.swift */; };
		07727E8425A3233D00411322 /* SKNode+Extensions.swift in Sources */ = {isa = PBXBuildFile; fileRef = 07727E8225A3233D00411322 /* SKNode+Extensions.swift */; };
		07727E8525A3233D00411322 /* SKNode+Extensions.swift in Sources */ = {isa = PBXBuildFile; fileRef = 07727E8225A3233D00411322 /* SKNode+Extensions.swift */; };
		07727E8A25A323AC00411322 /* AgentComponent.swift in Sources */ = {isa = PBXBuildFile; fileRef = 07727E8925A323AC00411322 /* AgentComponent.swift */; };
		07727E8B25A323AC00411322 /* AgentComponent.swift in Sources */ = {isa = PBXBuildFile; fileRef = 07727E8925A323AC00411322 /* AgentComponent.swift */; };
		07727E8C25A323AC00411322 /* AgentComponent.swift in Sources */ = {isa = PBXBuildFile; fileRef = 07727E8925A323AC00411322 /* AgentComponent.swift */; };
		078D24C22580FAC800CB653D /* String+Extensions.swift in Sources */ = {isa = PBXBuildFile; fileRef = 078D24C12580FAC800CB653D /* String+Extensions.swift */; };
		078D24C32580FAC800CB653D /* String+Extensions.swift in Sources */ = {isa = PBXBuildFile; fileRef = 078D24C12580FAC800CB653D /* String+Extensions.swift */; };
		078D24C42580FAC800CB653D /* String+Extensions.swift in Sources */ = {isa = PBXBuildFile; fileRef = 078D24C12580FAC800CB653D /* String+Extensions.swift */; };
		0798A0EA25922AFD002970F7 /* Constant+Actions.swift in Sources */ = {isa = PBXBuildFile; fileRef = 0798A0E925922AFD002970F7 /* Constant+Actions.swift */; };
		0798A0EB25922AFD002970F7 /* Constant+Actions.swift in Sources */ = {isa = PBXBuildFile; fileRef = 0798A0E925922AFD002970F7 /* Constant+Actions.swift */; };
		0798A0EC25922AFD002970F7 /* Constant+Actions.swift in Sources */ = {isa = PBXBuildFile; fileRef = 0798A0E925922AFD002970F7 /* Constant+Actions.swift */; };
		0798A0F42592490B002970F7 /* SKTexture+Extensions.swift in Sources */ = {isa = PBXBuildFile; fileRef = 0798A0F32592490B002970F7 /* SKTexture+Extensions.swift */; };
		0798A0F52592490B002970F7 /* SKTexture+Extensions.swift in Sources */ = {isa = PBXBuildFile; fileRef = 0798A0F32592490B002970F7 /* SKTexture+Extensions.swift */; };
		0798A0F62592490B002970F7 /* SKTexture+Extensions.swift in Sources */ = {isa = PBXBuildFile; fileRef = 0798A0F32592490B002970F7 /* SKTexture+Extensions.swift */; };
		0798A0FB2592499F002970F7 /* AnimationComponent.swift in Sources */ = {isa = PBXBuildFile; fileRef = 0798A0FA2592499F002970F7 /* AnimationComponent.swift */; };
		0798A0FC2592499F002970F7 /* AnimationComponent.swift in Sources */ = {isa = PBXBuildFile; fileRef = 0798A0FA2592499F002970F7 /* AnimationComponent.swift */; };
		0798A0FD2592499F002970F7 /* AnimationComponent.swift in Sources */ = {isa = PBXBuildFile; fileRef = 0798A0FA2592499F002970F7 /* AnimationComponent.swift */; };
		0798A10525924A85002970F7 /* GameObjects.swift in Sources */ = {isa = PBXBuildFile; fileRef = 0798A10425924A85002970F7 /* GameObjects.swift */; };
		0798A10625924A85002970F7 /* GameObjects.swift in Sources */ = {isa = PBXBuildFile; fileRef = 0798A10425924A85002970F7 /* GameObjects.swift */; };
		0798A10725924A85002970F7 /* GameObjects.swift in Sources */ = {isa = PBXBuildFile; fileRef = 0798A10425924A85002970F7 /* GameObjects.swift */; };
		079ADA98257E23EB0018D7F0 /* Assets.xcassets in Resources */ = {isa = PBXBuildFile; fileRef = 079ADA5C257E23EA0018D7F0 /* Assets.xcassets */; };
		079ADA99257E23EB0018D7F0 /* Assets.xcassets in Resources */ = {isa = PBXBuildFile; fileRef = 079ADA5C257E23EA0018D7F0 /* Assets.xcassets */; };
		079ADA9A257E23EB0018D7F0 /* Assets.xcassets in Resources */ = {isa = PBXBuildFile; fileRef = 079ADA5C257E23EA0018D7F0 /* Assets.xcassets */; };
		079ADAC7257E26AE0018D7F0 /* ValsRevenge.swift in Sources */ = {isa = PBXBuildFile; fileRef = 079ADAC6257E26AE0018D7F0 /* ValsRevenge.swift */; };
		079ADAC8257E26AE0018D7F0 /* ValsRevenge.swift in Sources */ = {isa = PBXBuildFile; fileRef = 079ADAC6257E26AE0018D7F0 /* ValsRevenge.swift */; };
		079ADAC9257E26AE0018D7F0 /* ValsRevenge.swift in Sources */ = {isa = PBXBuildFile; fileRef = 079ADAC6257E26AE0018D7F0 /* ValsRevenge.swift */; };
		079ADACF257E26E40018D7F0 /* ContentView.swift in Sources */ = {isa = PBXBuildFile; fileRef = 079ADACE257E26E40018D7F0 /* ContentView.swift */; };
		079ADAD0257E26E40018D7F0 /* ContentView.swift in Sources */ = {isa = PBXBuildFile; fileRef = 079ADACE257E26E40018D7F0 /* ContentView.swift */; };
		079ADAD1257E26E40018D7F0 /* ContentView.swift in Sources */ = {isa = PBXBuildFile; fileRef = 079ADACE257E26E40018D7F0 /* ContentView.swift */; };
		079ADAE5257E27420018D7F0 /* MainScene.swift in Sources */ = {isa = PBXBuildFile; fileRef = 079ADAE4257E27420018D7F0 /* MainScene.swift */; };
		079ADAE6257E27420018D7F0 /* MainScene.swift in Sources */ = {isa = PBXBuildFile; fileRef = 079ADAE4257E27420018D7F0 /* MainScene.swift */; };
		079ADAE7257E27420018D7F0 /* MainScene.swift in Sources */ = {isa = PBXBuildFile; fileRef = 079ADAE4257E27420018D7F0 /* MainScene.swift */; };
		07B7A42325DB03E000D33E03 /* TitleSceneView.swift in Sources */ = {isa = PBXBuildFile; fileRef = 07B7A42225DB03E000D33E03 /* TitleSceneView.swift */; };
		07B7A42425DB03E000D33E03 /* TitleSceneView.swift in Sources */ = {isa = PBXBuildFile; fileRef = 07B7A42225DB03E000D33E03 /* TitleSceneView.swift */; };
		07B7A42525DB03E000D33E03 /* TitleSceneView.swift in Sources */ = {isa = PBXBuildFile; fileRef = 07B7A42225DB03E000D33E03 /* TitleSceneView.swift */; };
		07B7A58825E04ED400D33E03 /* GameData.swift in Sources */ = {isa = PBXBuildFile; fileRef = 07B7A58725E04ED400D33E03 /* GameData.swift */; };
		07B7A58925E04ED400D33E03 /* GameData.swift in Sources */ = {isa = PBXBuildFile; fileRef = 07B7A58725E04ED400D33E03 /* GameData.swift */; };
		07B7A58A25E04ED400D33E03 /* GameData.swift in Sources */ = {isa = PBXBuildFile; fileRef = 07B7A58725E04ED400D33E03 /* GameData.swift */; };
		07BD9456258919070052243F /* MainScene+Orientation.swift in Sources */ = {isa = PBXBuildFile; fileRef = 07BD9455258919070052243F /* MainScene+Orientation.swift */; };
		07BD9457258919070052243F /* MainScene+Orientation.swift in Sources */ = {isa = PBXBuildFile; fileRef = 07BD9455258919070052243F /* MainScene+Orientation.swift */; };
		07BD9458258919070052243F /* MainScene+Orientation.swift in Sources */ = {isa = PBXBuildFile; fileRef = 07BD9455258919070052243F /* MainScene+Orientation.swift */; };
		07BD9461258A1B8F0052243F /* Device in Frameworks */ = {isa = PBXBuildFile; productRef = 07BD9460258A1B8F0052243F /* Device */; };
		07BD9466258A1BA50052243F /* Device in Frameworks */ = {isa = PBXBuildFile; productRef = 07BD9465258A1BA50052243F /* Device */; };
		07BD9468258A1BA90052243F /* Device in Frameworks */ = {isa = PBXBuildFile; productRef = 07BD9467258A1BA90052243F /* Device */; };
		07C128DD258CC24900FF6E1A /* MainTileSet.sks in Resources */ = {isa = PBXBuildFile; fileRef = 07C128DC258CC24900FF6E1A /* MainTileSet.sks */; };
		07C128DE258CC24900FF6E1A /* MainTileSet.sks in Resources */ = {isa = PBXBuildFile; fileRef = 07C128DC258CC24900FF6E1A /* MainTileSet.sks */; };
		07C128DF258CC24900FF6E1A /* MainTileSet.sks in Resources */ = {isa = PBXBuildFile; fileRef = 07C128DC258CC24900FF6E1A /* MainTileSet.sks */; };
		07C128E4258CE9CD00FF6E1A /* SKTileMapNode+Extensions.swift in Sources */ = {isa = PBXBuildFile; fileRef = 07C128E3258CE9CD00FF6E1A /* SKTileMapNode+Extensions.swift */; };
		07C128E5258CE9CD00FF6E1A /* SKTileMapNode+Extensions.swift in Sources */ = {isa = PBXBuildFile; fileRef = 07C128E3258CE9CD00FF6E1A /* SKTileMapNode+Extensions.swift */; };
		07C128E6258CE9CD00FF6E1A /* SKTileMapNode+Extensions.swift in Sources */ = {isa = PBXBuildFile; fileRef = 07C128E3258CE9CD00FF6E1A /* SKTileMapNode+Extensions.swift */; };
		07C128F2258CF12100FF6E1A /* Constant+UserData.swift in Sources */ = {isa = PBXBuildFile; fileRef = 07C128F1258CF12100FF6E1A /* Constant+UserData.swift */; };
		07C128F3258CF12100FF6E1A /* Constant+UserData.swift in Sources */ = {isa = PBXBuildFile; fileRef = 07C128F1258CF12100FF6E1A /* Constant+UserData.swift */; };
		07C128F4258CF12100FF6E1A /* Constant+UserData.swift in Sources */ = {isa = PBXBuildFile; fileRef = 07C128F1258CF12100FF6E1A /* Constant+UserData.swift */; };
		07CD5209257F8186001D0E18 /* ValsRevenge+Logging.swift in Sources */ = {isa = PBXBuildFile; fileRef = 07CD5208257F8186001D0E18 /* ValsRevenge+Logging.swift */; };
		07CD520A257F8186001D0E18 /* ValsRevenge+Logging.swift in Sources */ = {isa = PBXBuildFile; fileRef = 07CD5208257F8186001D0E18 /* ValsRevenge+Logging.swift */; };
		07CD520B257F8186001D0E18 /* ValsRevenge+Logging.swift in Sources */ = {isa = PBXBuildFile; fileRef = 07CD5208257F8186001D0E18 /* ValsRevenge+Logging.swift */; };
		07F1BCA725B07E3200EB955D /* Controller.sks in Resources */ = {isa = PBXBuildFile; fileRef = 07F1BCA625B07E3200EB955D /* Controller.sks */; };
		07F1BCA825B07E3200EB955D /* Controller.sks in Resources */ = {isa = PBXBuildFile; fileRef = 07F1BCA625B07E3200EB955D /* Controller.sks */; };
		07F1BCA925B07E3200EB955D /* Controller.sks in Resources */ = {isa = PBXBuildFile; fileRef = 07F1BCA625B07E3200EB955D /* Controller.sks */; };
		07F1BCAE25B07EA700EB955D /* Controller.swift in Sources */ = {isa = PBXBuildFile; fileRef = 07F1BCAD25B07EA700EB955D /* Controller.swift */; };
		07F1BCAF25B07EA700EB955D /* Controller.swift in Sources */ = {isa = PBXBuildFile; fileRef = 07F1BCAD25B07EA700EB955D /* Controller.swift */; };
		07F1BCB025B07EA700EB955D /* Controller.swift in Sources */ = {isa = PBXBuildFile; fileRef = 07F1BCAD25B07EA700EB955D /* Controller.swift */; };
		07F2FD1B25E13FC700AAFB3D /* GameScene_1.sks in Resources */ = {isa = PBXBuildFile; fileRef = 07F2FD1A25E13FC700AAFB3D /* GameScene_1.sks */; };
		07F2FD1C25E13FC700AAFB3D /* GameScene_1.sks in Resources */ = {isa = PBXBuildFile; fileRef = 07F2FD1A25E13FC700AAFB3D /* GameScene_1.sks */; };
		07F2FD1D25E13FC700AAFB3D /* GameScene_1.sks in Resources */ = {isa = PBXBuildFile; fileRef = 07F2FD1A25E13FC700AAFB3D /* GameScene_1.sks */; };
		07F2FD2525E1411B00AAFB3D /* GameScene_2.sks in Resources */ = {isa = PBXBuildFile; fileRef = 07F2FD2425E1411B00AAFB3D /* GameScene_2.sks */; };
		07F2FD2625E1411B00AAFB3D /* GameScene_2.sks in Resources */ = {isa = PBXBuildFile; fileRef = 07F2FD2425E1411B00AAFB3D /* GameScene_2.sks */; };
		07F2FD2725E1411B00AAFB3D /* GameScene_2.sks in Resources */ = {isa = PBXBuildFile; fileRef = 07F2FD2425E1411B00AAFB3D /* GameScene_2.sks */; };
/* End PBXBuildFile section */

/* Begin PBXFileReference section */
		0704E1C025DA6CD70054C442 /* GameOverScene.sks */ = {isa = PBXFileReference; lastKnownFileType = file.sks; path = GameOverScene.sks; sourceTree = "<group>"; };
		0704E1C125DA6CD70054C442 /* TitleScene.swift */ = {isa = PBXFileReference; fileEncoding = 4; lastKnownFileType = sourcecode.swift; path = TitleScene.swift; sourceTree = "<group>"; };
		0704E1C225DA6CD70054C442 /* GameOverScene.swift */ = {isa = PBXFileReference; fileEncoding = 4; lastKnownFileType = sourcecode.swift; path = GameOverScene.swift; sourceTree = "<group>"; };
		0704E1C325DA6CD70054C442 /* TitleScene.sks */ = {isa = PBXFileReference; lastKnownFileType = file.sks; path = TitleScene.sks; sourceTree = "<group>"; };
		0704E1DC25DA6D230054C442 /* SKScene+Extensions.swift */ = {isa = PBXFileReference; fileEncoding = 4; lastKnownFileType = sourcecode.swift; path = "SKScene+Extensions.swift"; sourceTree = "<group>"; };
		0706AB4E259222060076A6B4 /* GeneratorComponent.swift */ = {isa = PBXFileReference; lastKnownFileType = sourcecode.swift; path = GeneratorComponent.swift; sourceTree = "<group>"; };
		0706AB582592224D0076A6B4 /* GKComponent+Extensions.swift */ = {isa = PBXFileReference; lastKnownFileType = sourcecode.swift; path = "GKComponent+Extensions.swift"; sourceTree = "<group>"; };
		070D08272599DCCE0039A256 /* PlayerStates.swift */ = {isa = PBXFileReference; lastKnownFileType = sourcecode.swift; path = PlayerStates.swift; sourceTree = "<group>"; };
		070D082E2599E75F0039A256 /* CollectibleComponent.swift */ = {isa = PBXFileReference; lastKnownFileType = sourcecode.swift; path = CollectibleComponent.swift; sourceTree = "<group>"; };
		070D08382599F0630039A256 /* PhysicsComponent.swift */ = {isa = PBXFileReference; lastKnownFileType = sourcecode.swift; path = PhysicsComponent.swift; sourceTree = "<group>"; };
		070D084C2599F3E90039A256 /* MainScene+PhysicsContact.swift */ = {isa = PBXFileReference; lastKnownFileType = sourcecode.swift; path = "MainScene+PhysicsContact.swift"; sourceTree = "<group>"; };
		072E9112257EBD4E0001E1DA /* Constant.swift */ = {isa = PBXFileReference; lastKnownFileType = sourcecode.swift; path = Constant.swift; sourceTree = "<group>"; };
		072E9120257EC4A90001E1DA /* Constant+Scenes.swift */ = {isa = PBXFileReference; lastKnownFileType = sourcecode.swift; path = "Constant+Scenes.swift"; sourceTree = "<group>"; };
		07305B0E25B59E7B0038EA11 /* Player+Attack.swift */ = {isa = PBXFileReference; lastKnownFileType = sourcecode.swift; path = "Player+Attack.swift"; sourceTree = "<group>"; };
		07305B1525B59FFC0038EA11 /* CGFloat+Extensions.swift */ = {isa = PBXFileReference; lastKnownFileType = sourcecode.swift; path = "CGFloat+Extensions.swift"; sourceTree = "<group>"; };
		074CCA17257FAE5F00EA60BB /* Player.swift */ = {isa = PBXFileReference; lastKnownFileType = sourcecode.swift; path = Player.swift; sourceTree = "<group>"; };
		074CCA28257FB03200EA60BB /* Constant+Nodes.swift */ = {isa = PBXFileReference; lastKnownFileType = sourcecode.swift; path = "Constant+Nodes.swift"; sourceTree = "<group>"; };
		074E952B258276D200A4E89D /* MainScene+InputController.swift */ = {isa = PBXFileReference; lastKnownFileType = sourcecode.swift; path = "MainScene+InputController.swift"; sourceTree = "<group>"; };
		0755C70925E17143003E2D85 /* MenuScene+InputController.swift */ = {isa = PBXFileReference; lastKnownFileType = sourcecode.swift; name = "MenuScene+InputController.swift"; path = "Shared/View/Scene/MenuScene/MenuScene+InputController.swift"; sourceTree = SOURCE_ROOT; };
		0755C71125E17175003E2D85 /* MenuScene.swift */ = {isa = PBXFileReference; lastKnownFileType = sourcecode.swift; path = MenuScene.swift; sourceTree = "<group>"; };
		0756E315258E99A3002203C8 /* music.mp3 */ = {isa = PBXFileReference; lastKnownFileType = audio.mp3; path = music.mp3; sourceTree = "<group>"; };
		0756E31C258E99BA002203C8 /* treasure.mp3 */ = {isa = PBXFileReference; lastKnownFileType = audio.mp3; path = treasure.mp3; sourceTree = "<group>"; };
		0756E31D258E99BA002203C8 /* throw.mp3 */ = {isa = PBXFileReference; lastKnownFileType = audio.mp3; path = throw.mp3; sourceTree = "<group>"; };
		0756E31E258E99BA002203C8 /* monster_hit.mp3 */ = {isa = PBXFileReference; lastKnownFileType = audio.mp3; path = monster_hit.mp3; sourceTree = "<group>"; };
		0756E31F258E99BA002203C8 /* door_open.mp3 */ = {isa = PBXFileReference; lastKnownFileType = audio.mp3; path = door_open.mp3; sourceTree = "<group>"; };
		0756E320258E99BA002203C8 /* key.mp3 */ = {isa = PBXFileReference; lastKnownFileType = audio.mp3; path = key.mp3; sourceTree = "<group>"; };
		0756E321258E99BA002203C8 /* monster_die.mp3 */ = {isa = PBXFileReference; lastKnownFileType = audio.mp3; path = monster_die.mp3; sourceTree = "<group>"; };
		0756E322258E99BA002203C8 /* exit.mp3 */ = {isa = PBXFileReference; lastKnownFileType = audio.mp3; path = exit.mp3; sourceTree = "<group>"; };
		0756E323258E99BA002203C8 /* player_die.mp3 */ = {isa = PBXFileReference; lastKnownFileType = audio.mp3; path = player_die.mp3; sourceTree = "<group>"; };
		0756E324258E99BA002203C8 /* destroyed.mp3 */ = {isa = PBXFileReference; lastKnownFileType = audio.mp3; path = destroyed.mp3; sourceTree = "<group>"; };
		0756E325258E99BA002203C8 /* food.mp3 */ = {isa = PBXFileReference; lastKnownFileType = audio.mp3; path = food.mp3; sourceTree = "<group>"; };
		0756E326258E99BB002203C8 /* player_hit.mp3 */ = {isa = PBXFileReference; lastKnownFileType = audio.mp3; path = player_hit.mp3; sourceTree = "<group>"; };
		0756E327258E99BB002203C8 /* SoundLibrary.swift */ = {isa = PBXFileReference; fileEncoding = 4; lastKnownFileType = sourcecode.swift; path = SoundLibrary.swift; sourceTree = "<group>"; };
		0756E350258E9D3C002203C8 /* HealthComponent.swift */ = {isa = PBXFileReference; lastKnownFileType = sourcecode.swift; path = HealthComponent.swift; sourceTree = "<group>"; };
		0756E358258EA04B002203C8 /* HealthMeter.sks */ = {isa = PBXFileReference; lastKnownFileType = file.sks; path = HealthMeter.sks; sourceTree = "<group>"; };
		0756E3A42592207E002203C8 /* MonsterEntity.swift */ = {isa = PBXFileReference; lastKnownFileType = sourcecode.swift; path = MonsterEntity.swift; sourceTree = "<group>"; };
		0756E3AB259220E0002203C8 /* RenderComponent.swift */ = {isa = PBXFileReference; lastKnownFileType = sourcecode.swift; path = RenderComponent.swift; sourceTree = "<group>"; };
		0768BD10257FBC2500628758 /* MainScene+InputTouch.swift */ = {isa = PBXFileReference; lastKnownFileType = sourcecode.swift; path = "MainScene+InputTouch.swift"; sourceTree = "<group>"; };
		07727E7525A308FC00411322 /* MainGameStates.swift */ = {isa = PBXFileReference; lastKnownFileType = sourcecode.swift; path = MainGameStates.swift; sourceTree = "<group>"; };
		07727E8225A3233D00411322 /* SKNode+Extensions.swift */ = {isa = PBXFileReference; lastKnownFileType = sourcecode.swift; path = "SKNode+Extensions.swift"; sourceTree = "<group>"; };
		07727E8925A323AC00411322 /* AgentComponent.swift */ = {isa = PBXFileReference; lastKnownFileType = sourcecode.swift; path = AgentComponent.swift; sourceTree = "<group>"; };
		078D24C12580FAC800CB653D /* String+Extensions.swift */ = {isa = PBXFileReference; lastKnownFileType = sourcecode.swift; path = "String+Extensions.swift"; sourceTree = "<group>"; };
		0798A0E925922AFD002970F7 /* Constant+Actions.swift */ = {isa = PBXFileReference; lastKnownFileType = sourcecode.swift; path = "Constant+Actions.swift"; sourceTree = "<group>"; };
		0798A0F32592490B002970F7 /* SKTexture+Extensions.swift */ = {isa = PBXFileReference; lastKnownFileType = sourcecode.swift; path = "SKTexture+Extensions.swift"; sourceTree = "<group>"; };
		0798A0FA2592499F002970F7 /* AnimationComponent.swift */ = {isa = PBXFileReference; lastKnownFileType = sourcecode.swift; path = AnimationComponent.swift; sourceTree = "<group>"; };
		0798A10425924A85002970F7 /* GameObjects.swift */ = {isa = PBXFileReference; lastKnownFileType = sourcecode.swift; path = GameObjects.swift; sourceTree = "<group>"; };
		079ADA5C257E23EA0018D7F0 /* Assets.xcassets */ = {isa = PBXFileReference; lastKnownFileType = folder.assetcatalog; path = Assets.xcassets; sourceTree = "<group>"; };
		079ADA61257E23EB0018D7F0 /* val-revenge.app */ = {isa = PBXFileReference; explicitFileType = wrapper.application; includeInIndex = 0; path = "val-revenge.app"; sourceTree = BUILT_PRODUCTS_DIR; };
		079ADA6E257E23EB0018D7F0 /* Info.plist */ = {isa = PBXFileReference; lastKnownFileType = text.plist.xml; path = Info.plist; sourceTree = "<group>"; };
		079ADA73257E23EB0018D7F0 /* val-revenge.app */ = {isa = PBXFileReference; explicitFileType = wrapper.application; includeInIndex = 0; path = "val-revenge.app"; sourceTree = BUILT_PRODUCTS_DIR; };
		079ADA7F257E23EB0018D7F0 /* Info.plist */ = {isa = PBXFileReference; lastKnownFileType = text.plist.xml; path = Info.plist; sourceTree = "<group>"; };
		079ADA84257E23EB0018D7F0 /* val-revenge.app */ = {isa = PBXFileReference; explicitFileType = wrapper.application; includeInIndex = 0; path = "val-revenge.app"; sourceTree = BUILT_PRODUCTS_DIR; };
		079ADA8D257E23EB0018D7F0 /* Info.plist */ = {isa = PBXFileReference; lastKnownFileType = text.plist.xml; path = Info.plist; sourceTree = "<group>"; };
		079ADA8E257E23EB0018D7F0 /* macOS.entitlements */ = {isa = PBXFileReference; lastKnownFileType = text.plist.entitlements; path = macOS.entitlements; sourceTree = "<group>"; };
		079ADAC6257E26AE0018D7F0 /* ValsRevenge.swift */ = {isa = PBXFileReference; lastKnownFileType = sourcecode.swift; path = ValsRevenge.swift; sourceTree = "<group>"; };
		079ADACE257E26E40018D7F0 /* ContentView.swift */ = {isa = PBXFileReference; lastKnownFileType = sourcecode.swift; path = ContentView.swift; sourceTree = "<group>"; };
		079ADAE4257E27420018D7F0 /* MainScene.swift */ = {isa = PBXFileReference; lastKnownFileType = sourcecode.swift; path = MainScene.swift; sourceTree = "<group>"; };
		07B7A42225DB03E000D33E03 /* TitleSceneView.swift */ = {isa = PBXFileReference; lastKnownFileType = sourcecode.swift; path = TitleSceneView.swift; sourceTree = "<group>"; };
		07B7A58725E04ED400D33E03 /* GameData.swift */ = {isa = PBXFileReference; fileEncoding = 4; lastKnownFileType = sourcecode.swift; path = GameData.swift; sourceTree = "<group>"; };
		07BD9455258919070052243F /* MainScene+Orientation.swift */ = {isa = PBXFileReference; lastKnownFileType = sourcecode.swift; path = "MainScene+Orientation.swift"; sourceTree = "<group>"; };
		07C128DC258CC24900FF6E1A /* MainTileSet.sks */ = {isa = PBXFileReference; lastKnownFileType = file.sks; path = MainTileSet.sks; sourceTree = "<group>"; };
		07C128E3258CE9CD00FF6E1A /* SKTileMapNode+Extensions.swift */ = {isa = PBXFileReference; lastKnownFileType = sourcecode.swift; path = "SKTileMapNode+Extensions.swift"; sourceTree = "<group>"; };
		07C128F1258CF12100FF6E1A /* Constant+UserData.swift */ = {isa = PBXFileReference; lastKnownFileType = sourcecode.swift; path = "Constant+UserData.swift"; sourceTree = "<group>"; };
		07CD5208257F8186001D0E18 /* ValsRevenge+Logging.swift */ = {isa = PBXFileReference; lastKnownFileType = sourcecode.swift; path = "ValsRevenge+Logging.swift"; sourceTree = "<group>"; };
		07F1BCA625B07E3200EB955D /* Controller.sks */ = {isa = PBXFileReference; lastKnownFileType = file.sks; path = Controller.sks; sourceTree = "<group>"; };
		07F1BCAD25B07EA700EB955D /* Controller.swift */ = {isa = PBXFileReference; lastKnownFileType = sourcecode.swift; path = Controller.swift; sourceTree = "<group>"; };
		07F2FD1A25E13FC700AAFB3D /* GameScene_1.sks */ = {isa = PBXFileReference; lastKnownFileType = file.sks; path = GameScene_1.sks; sourceTree = "<group>"; };
		07F2FD2425E1411B00AAFB3D /* GameScene_2.sks */ = {isa = PBXFileReference; lastKnownFileType = file.sks; path = GameScene_2.sks; sourceTree = "<group>"; };
/* End PBXFileReference section */

/* Begin PBXFrameworksBuildPhase section */
		079ADA5E257E23EB0018D7F0 /* Frameworks */ = {
			isa = PBXFrameworksBuildPhase;
			buildActionMask = 2147483647;
			files = (
				07BD9461258A1B8F0052243F /* Device in Frameworks */,
				072801E7257E6CBE00CFFA1F /* CSKScene in Frameworks */,
			);
			runOnlyForDeploymentPostprocessing = 0;
		};
		079ADA70257E23EB0018D7F0 /* Frameworks */ = {
			isa = PBXFrameworksBuildPhase;
			buildActionMask = 2147483647;
			files = (
				07BD9466258A1BA50052243F /* Device in Frameworks */,
				072801ED257E6CDB00CFFA1F /* CSKScene in Frameworks */,
			);
			runOnlyForDeploymentPostprocessing = 0;
		};
		079ADA81257E23EB0018D7F0 /* Frameworks */ = {
			isa = PBXFrameworksBuildPhase;
			buildActionMask = 2147483647;
			files = (
				07BD9468258A1BA90052243F /* Device in Frameworks */,
				072801EF257E6CDF00CFFA1F /* CSKScene in Frameworks */,
			);
			runOnlyForDeploymentPostprocessing = 0;
		};
/* End PBXFrameworksBuildPhase section */

/* Begin PBXGroup section */
		070D08222599D7F50039A256 /* State */ = {
			isa = PBXGroup;
			children = (
				07727E7525A308FC00411322 /* MainGameStates.swift */,
				070D08272599DCCE0039A256 /* PlayerStates.swift */,
			);
			path = State;
			sourceTree = "<group>";
		};
		070D08232599D81F0039A256 /* GameLogic */ = {
			isa = PBXGroup;
			children = (
				0756E3A32592203A002203C8 /* Entity */,
				0756E34F258E9D21002203C8 /* Component */,
				070D08222599D7F50039A256 /* State */,
			);
			path = GameLogic;
			sourceTree = "<group>";
		};
		072801EB257E6CDB00CFFA1F /* Frameworks */ = {
			isa = PBXGroup;
			children = (
			);
			name = Frameworks;
			sourceTree = "<group>";
		};
		072E9104257EBD000001E1DA /* Constant */ = {
			isa = PBXGroup;
			children = (
				072E9112257EBD4E0001E1DA /* Constant.swift */,
				0798A0E925922AFD002970F7 /* Constant+Actions.swift */,
				074CCA28257FB03200EA60BB /* Constant+Nodes.swift */,
				072E9120257EC4A90001E1DA /* Constant+Scenes.swift */,
				07C128F1258CF12100FF6E1A /* Constant+UserData.swift */,
			);
			path = Constant;
			sourceTree = "<group>";
		};
		07305B0D25B59E630038EA11 /* Player */ = {
			isa = PBXGroup;
			children = (
				074CCA17257FAE5F00EA60BB /* Player.swift */,
				07305B0E25B59E7B0038EA11 /* Player+Attack.swift */,
			);
			path = Player;
			sourceTree = "<group>";
		};
		0755C71025E17151003E2D85 /* MenuScene */ = {
			isa = PBXGroup;
			children = (
				0755C71125E17175003E2D85 /* MenuScene.swift */,
				0755C70925E17143003E2D85 /* MenuScene+InputController.swift */,
			);
			path = MenuScene;
			sourceTree = "<group>";
		};
		0756E313258E9988002203C8 /* Music */ = {
			isa = PBXGroup;
			children = (
				0756E315258E99A3002203C8 /* music.mp3 */,
			);
			path = Music;
			sourceTree = "<group>";
		};
		0756E314258E998D002203C8 /* Sound */ = {
			isa = PBXGroup;
			children = (
				0756E327258E99BB002203C8 /* SoundLibrary.swift */,
				0756E324258E99BA002203C8 /* destroyed.mp3 */,
				0756E31F258E99BA002203C8 /* door_open.mp3 */,
				0756E322258E99BA002203C8 /* exit.mp3 */,
				0756E325258E99BA002203C8 /* food.mp3 */,
				0756E320258E99BA002203C8 /* key.mp3 */,
				0756E321258E99BA002203C8 /* monster_die.mp3 */,
				0756E31E258E99BA002203C8 /* monster_hit.mp3 */,
				0756E323258E99BA002203C8 /* player_die.mp3 */,
				0756E326258E99BB002203C8 /* player_hit.mp3 */,
				0756E31D258E99BA002203C8 /* throw.mp3 */,
				0756E31C258E99BA002203C8 /* treasure.mp3 */,
			);
			path = Sound;
			sourceTree = "<group>";
		};
		0756E34F258E9D21002203C8 /* Component */ = {
			isa = PBXGroup;
			children = (
				07727E8925A323AC00411322 /* AgentComponent.swift */,
				0798A0FA2592499F002970F7 /* AnimationComponent.swift */,
				070D082E2599E75F0039A256 /* CollectibleComponent.swift */,
				0706AB4E259222060076A6B4 /* GeneratorComponent.swift */,
				0756E350258E9D3C002203C8 /* HealthComponent.swift */,
				070D08382599F0630039A256 /* PhysicsComponent.swift */,
				0756E3AB259220E0002203C8 /* RenderComponent.swift */,
			);
			path = Component;
			sourceTree = "<group>";
		};
		0756E357258EA038002203C8 /* Health */ = {
			isa = PBXGroup;
			children = (
				0756E358258EA04B002203C8 /* HealthMeter.sks */,
			);
			path = Health;
			sourceTree = "<group>";
		};
		0756E3A32592203A002203C8 /* Entity */ = {
			isa = PBXGroup;
			children = (
				0798A10425924A85002970F7 /* GameObjects.swift */,
				0756E3A42592207E002203C8 /* MonsterEntity.swift */,
			);
			path = Entity;
			sourceTree = "<group>";
		};
		0768BD0F257FBC0600628758 /* Input */ = {
			isa = PBXGroup;
			children = (
				074E952B258276D200A4E89D /* MainScene+InputController.swift */,
				0768BD10257FBC2500628758 /* MainScene+InputTouch.swift */,
			);
			path = Input;
			sourceTree = "<group>";
		};
		078D24C02580FAAC00CB653D /* Extension */ = {
			isa = PBXGroup;
			children = (
				07305B1525B59FFC0038EA11 /* CGFloat+Extensions.swift */,
				0706AB582592224D0076A6B4 /* GKComponent+Extensions.swift */,
				07727E8225A3233D00411322 /* SKNode+Extensions.swift */,
				0704E1DC25DA6D230054C442 /* SKScene+Extensions.swift */,
				0798A0F32592490B002970F7 /* SKTexture+Extensions.swift */,
				07C128E3258CE9CD00FF6E1A /* SKTileMapNode+Extensions.swift */,
				078D24C12580FAC800CB653D /* String+Extensions.swift */,
			);
			path = Extension;
			sourceTree = "<group>";
		};
		079ADA53257E23E40018D7F0 = {
			isa = PBXGroup;
			children = (
				079ADA63257E23EB0018D7F0 /* iOS */,
				079ADA74257E23EB0018D7F0 /* tvOS */,
				079ADA85257E23EB0018D7F0 /* macOS */,
				079ADA58257E23E40018D7F0 /* Shared */,
				079ADA62257E23EB0018D7F0 /* Products */,
				072801EB257E6CDB00CFFA1F /* Frameworks */,
			);
			sourceTree = "<group>";
		};
		079ADA58257E23E40018D7F0 /* Shared */ = {
			isa = PBXGroup;
			children = (
				079ADAC5257E26720018D7F0 /* App */,
				072E9104257EBD000001E1DA /* Constant */,
				078D24C02580FAAC00CB653D /* Extension */,
				070D08232599D81F0039A256 /* GameLogic */,
				07B7A58625E04BA600D33E03 /* Persistence */,
				079ADAAC257E26130018D7F0 /* Resource */,
				079ADACD257E26CC0018D7F0 /* View */,
			);
			path = Shared;
			sourceTree = "<group>";
		};
		079ADA62257E23EB0018D7F0 /* Products */ = {
			isa = PBXGroup;
			children = (
				079ADA61257E23EB0018D7F0 /* val-revenge.app */,
				079ADA73257E23EB0018D7F0 /* val-revenge.app */,
				079ADA84257E23EB0018D7F0 /* val-revenge.app */,
			);
			name = Products;
			sourceTree = "<group>";
		};
		079ADA63257E23EB0018D7F0 /* iOS */ = {
			isa = PBXGroup;
			children = (
				079ADA6E257E23EB0018D7F0 /* Info.plist */,
			);
			path = iOS;
			sourceTree = "<group>";
		};
		079ADA74257E23EB0018D7F0 /* tvOS */ = {
			isa = PBXGroup;
			children = (
				079ADA7F257E23EB0018D7F0 /* Info.plist */,
			);
			path = tvOS;
			sourceTree = "<group>";
		};
		079ADA85257E23EB0018D7F0 /* macOS */ = {
			isa = PBXGroup;
			children = (
				079ADA8D257E23EB0018D7F0 /* Info.plist */,
				079ADA8E257E23EB0018D7F0 /* macOS.entitlements */,
			);
			path = macOS;
			sourceTree = "<group>";
		};
		079ADAAC257E26130018D7F0 /* Resource */ = {
			isa = PBXGroup;
			children = (
				0756E313258E9988002203C8 /* Music */,
				0756E314258E998D002203C8 /* Sound */,
				079ADA5C257E23EA0018D7F0 /* Assets.xcassets */,
			);
			path = Resource;
			sourceTree = "<group>";
		};
		079ADAC5257E26720018D7F0 /* App */ = {
			isa = PBXGroup;
			children = (
				079ADAC6257E26AE0018D7F0 /* ValsRevenge.swift */,
				07CD5208257F8186001D0E18 /* ValsRevenge+Logging.swift */,
			);
			path = App;
			sourceTree = "<group>";
		};
		079ADACD257E26CC0018D7F0 /* View */ = {
			isa = PBXGroup;
			children = (
				0756E357258EA038002203C8 /* Health */,
				07BD944A258913060052243F /* Controller */,
				07305B0D25B59E630038EA11 /* Player */,
				079ADAD8257E26FE0018D7F0 /* Scene */,
				07C128DB258CC1F500FF6E1A /* Tile */,
				079ADACE257E26E40018D7F0 /* ContentView.swift */,
			);
			path = View;
			sourceTree = "<group>";
		};
		079ADAD8257E26FE0018D7F0 /* Scene */ = {
			isa = PBXGroup;
			children = (
				0755C71025E17151003E2D85 /* MenuScene */,
				07B7A42025DB03A300D33E03 /* TitlteScene */,
				079ADAD9257E270B0018D7F0 /* MainScene */,
				07B7A42125DB03A800D33E03 /* GameOverScene */,
			);
			path = Scene;
			sourceTree = "<group>";
		};
		079ADAD9257E270B0018D7F0 /* MainScene */ = {
			isa = PBXGroup;
			children = (
				0768BD0F257FBC0600628758 /* Input */,
				07F2FD1A25E13FC700AAFB3D /* GameScene_1.sks */,
				07F2FD2425E1411B00AAFB3D /* GameScene_2.sks */,
				079ADAE4257E27420018D7F0 /* MainScene.swift */,
				07BD9455258919070052243F /* MainScene+Orientation.swift */,
				070D084C2599F3E90039A256 /* MainScene+PhysicsContact.swift */,
			);
			path = MainScene;
			sourceTree = "<group>";
		};
		07B7A42025DB03A300D33E03 /* TitlteScene */ = {
			isa = PBXGroup;
			children = (
				0704E1C325DA6CD70054C442 /* TitleScene.sks */,
				0704E1C125DA6CD70054C442 /* TitleScene.swift */,
				07B7A42225DB03E000D33E03 /* TitleSceneView.swift */,
			);
			path = TitlteScene;
			sourceTree = "<group>";
		};
		07B7A42125DB03A800D33E03 /* GameOverScene */ = {
			isa = PBXGroup;
			children = (
				0704E1C025DA6CD70054C442 /* GameOverScene.sks */,
				0704E1C225DA6CD70054C442 /* GameOverScene.swift */,
			);
			path = GameOverScene;
			sourceTree = "<group>";
		};
		07B7A58625E04BA600D33E03 /* Persistence */ = {
			isa = PBXGroup;
			children = (
				07B7A58725E04ED400D33E03 /* GameData.swift */,
			);
			path = Persistence;
			sourceTree = "<group>";
		};
		07BD944A258913060052243F /* Controller */ = {
			isa = PBXGroup;
			children = (
				07F1BCA625B07E3200EB955D /* Controller.sks */,
				07F1BCAD25B07EA700EB955D /* Controller.swift */,
			);
			path = Controller;
			sourceTree = "<group>";
		};
		07C128DB258CC1F500FF6E1A /* Tile */ = {
			isa = PBXGroup;
			children = (
				07C128DC258CC24900FF6E1A /* MainTileSet.sks */,
			);
			path = Tile;
			sourceTree = "<group>";
		};
/* End PBXGroup section */

/* Begin PBXNativeTarget section */
		079ADA60257E23EB0018D7F0 /* iOS */ = {
			isa = PBXNativeTarget;
			buildConfigurationList = 079ADA9D257E23EB0018D7F0 /* Build configuration list for PBXNativeTarget "iOS" */;
			buildPhases = (
				079ADA5D257E23EB0018D7F0 /* Sources */,
				079ADA5E257E23EB0018D7F0 /* Frameworks */,
				079ADA5F257E23EB0018D7F0 /* Resources */,
				07280228257E85AB00CFFA1F /* SwiftLint */,
			);
			buildRules = (
			);
			dependencies = (
			);
			name = iOS;
			packageProductDependencies = (
				072801E6257E6CBE00CFFA1F /* CSKScene */,
				07BD9460258A1B8F0052243F /* Device */,
			);
			productName = "valsrevenge iOS";
			productReference = 079ADA61257E23EB0018D7F0 /* val-revenge.app */;
			productType = "com.apple.product-type.application";
		};
		079ADA72257E23EB0018D7F0 /* tvOS */ = {
			isa = PBXNativeTarget;
			buildConfigurationList = 079ADAA0257E23EB0018D7F0 /* Build configuration list for PBXNativeTarget "tvOS" */;
			buildPhases = (
				079ADA6F257E23EB0018D7F0 /* Sources */,
				079ADA70257E23EB0018D7F0 /* Frameworks */,
				079ADA71257E23EB0018D7F0 /* Resources */,
				07280229257E85B900CFFA1F /* SwiftLint */,
			);
			buildRules = (
			);
			dependencies = (
			);
			name = tvOS;
			packageProductDependencies = (
				072801EC257E6CDB00CFFA1F /* CSKScene */,
				07BD9465258A1BA50052243F /* Device */,
			);
			productName = "valsrevenge tvOS";
			productReference = 079ADA73257E23EB0018D7F0 /* val-revenge.app */;
			productType = "com.apple.product-type.application";
		};
		079ADA83257E23EB0018D7F0 /* macOS */ = {
			isa = PBXNativeTarget;
			buildConfigurationList = 079ADAA3257E23EB0018D7F0 /* Build configuration list for PBXNativeTarget "macOS" */;
			buildPhases = (
				079ADA80257E23EB0018D7F0 /* Sources */,
				079ADA81257E23EB0018D7F0 /* Frameworks */,
				079ADA82257E23EB0018D7F0 /* Resources */,
				0728022A257E85C400CFFA1F /* SwiftLint */,
			);
			buildRules = (
			);
			dependencies = (
			);
			name = macOS;
			packageProductDependencies = (
				072801EE257E6CDF00CFFA1F /* CSKScene */,
				07BD9467258A1BA90052243F /* Device */,
			);
			productName = "valsrevenge macOS";
			productReference = 079ADA84257E23EB0018D7F0 /* val-revenge.app */;
			productType = "com.apple.product-type.application";
		};
/* End PBXNativeTarget section */

/* Begin PBXProject section */
		079ADA54257E23E40018D7F0 /* Project object */ = {
			isa = PBXProject;
			attributes = {
				LastSwiftUpdateCheck = 1220;
				LastUpgradeCheck = 1230;
				ORGANIZATIONNAME = "backslash-f";
				TargetAttributes = {
					079ADA60257E23EB0018D7F0 = {
						CreatedOnToolsVersion = 12.2;
						LastSwiftMigration = 1220;
					};
					079ADA72257E23EB0018D7F0 = {
						CreatedOnToolsVersion = 12.2;
						LastSwiftMigration = 1220;
					};
					079ADA83257E23EB0018D7F0 = {
						CreatedOnToolsVersion = 12.2;
						LastSwiftMigration = 1220;
					};
				};
			};
			buildConfigurationList = 079ADA57257E23E40018D7F0 /* Build configuration list for PBXProject "val-revenge" */;
			compatibilityVersion = "Xcode 9.3";
			developmentRegion = en;
			hasScannedForEncodings = 0;
			knownRegions = (
				en,
				Base,
			);
			mainGroup = 079ADA53257E23E40018D7F0;
			packageReferences = (
				072801E5257E6CBE00CFFA1F /* XCRemoteSwiftPackageReference "cskscene" */,
				07BD945F258A1B8F0052243F /* XCRemoteSwiftPackageReference "device" */,
			);
			productRefGroup = 079ADA62257E23EB0018D7F0 /* Products */;
			projectDirPath = "";
			projectRoot = "";
			targets = (
				079ADA60257E23EB0018D7F0 /* iOS */,
				079ADA72257E23EB0018D7F0 /* tvOS */,
				079ADA83257E23EB0018D7F0 /* macOS */,
			);
		};
/* End PBXProject section */

/* Begin PBXResourcesBuildPhase section */
		079ADA5F257E23EB0018D7F0 /* Resources */ = {
			isa = PBXResourcesBuildPhase;
			buildActionMask = 2147483647;
			files = (
				0756E331258E99BB002203C8 /* door_open.mp3 in Resources */,
				07F2FD1B25E13FC700AAFB3D /* GameScene_1.sks in Resources */,
				0756E33A258E99BB002203C8 /* exit.mp3 in Resources */,
				079ADA98257E23EB0018D7F0 /* Assets.xcassets in Resources */,
				0756E340258E99BB002203C8 /* destroyed.mp3 in Resources */,
				0756E33D258E99BB002203C8 /* player_die.mp3 in Resources */,
				0756E334258E99BB002203C8 /* key.mp3 in Resources */,
				07F2FD2525E1411B00AAFB3D /* GameScene_2.sks in Resources */,
				0756E328258E99BB002203C8 /* treasure.mp3 in Resources */,
				0756E32B258E99BB002203C8 /* throw.mp3 in Resources */,
				0756E359258EA04B002203C8 /* HealthMeter.sks in Resources */,
				0756E316258E99A3002203C8 /* music.mp3 in Resources */,
				0756E32E258E99BB002203C8 /* monster_hit.mp3 in Resources */,
				07F1BCA725B07E3200EB955D /* Controller.sks in Resources */,
				07C128DD258CC24900FF6E1A /* MainTileSet.sks in Resources */,
				0756E337258E99BB002203C8 /* monster_die.mp3 in Resources */,
				0756E343258E99BB002203C8 /* food.mp3 in Resources */,
				0704E1C425DA6CD70054C442 /* GameOverScene.sks in Resources */,
				0704E1CD25DA6CD70054C442 /* TitleScene.sks in Resources */,
				0756E346258E99BB002203C8 /* player_hit.mp3 in Resources */,
			);
			runOnlyForDeploymentPostprocessing = 0;
		};
		079ADA71257E23EB0018D7F0 /* Resources */ = {
			isa = PBXResourcesBuildPhase;
			buildActionMask = 2147483647;
			files = (
				0756E332258E99BB002203C8 /* door_open.mp3 in Resources */,
				07F2FD1C25E13FC700AAFB3D /* GameScene_1.sks in Resources */,
				0756E33B258E99BB002203C8 /* exit.mp3 in Resources */,
				079ADA99257E23EB0018D7F0 /* Assets.xcassets in Resources */,
				0756E341258E99BB002203C8 /* destroyed.mp3 in Resources */,
				0756E33E258E99BB002203C8 /* player_die.mp3 in Resources */,
				0756E335258E99BB002203C8 /* key.mp3 in Resources */,
				07F2FD2625E1411B00AAFB3D /* GameScene_2.sks in Resources */,
				0756E329258E99BB002203C8 /* treasure.mp3 in Resources */,
				0756E32C258E99BB002203C8 /* throw.mp3 in Resources */,
				0756E35A258EA04B002203C8 /* HealthMeter.sks in Resources */,
				0756E317258E99A3002203C8 /* music.mp3 in Resources */,
				0756E32F258E99BB002203C8 /* monster_hit.mp3 in Resources */,
				07F1BCA825B07E3200EB955D /* Controller.sks in Resources */,
				07C128DE258CC24900FF6E1A /* MainTileSet.sks in Resources */,
				0756E338258E99BB002203C8 /* monster_die.mp3 in Resources */,
				0756E344258E99BB002203C8 /* food.mp3 in Resources */,
				0704E1C525DA6CD70054C442 /* GameOverScene.sks in Resources */,
				0704E1CE25DA6CD70054C442 /* TitleScene.sks in Resources */,
				0756E347258E99BB002203C8 /* player_hit.mp3 in Resources */,
			);
			runOnlyForDeploymentPostprocessing = 0;
		};
		079ADA82257E23EB0018D7F0 /* Resources */ = {
			isa = PBXResourcesBuildPhase;
			buildActionMask = 2147483647;
			files = (
				0756E333258E99BB002203C8 /* door_open.mp3 in Resources */,
				07F2FD1D25E13FC700AAFB3D /* GameScene_1.sks in Resources */,
				0756E33C258E99BB002203C8 /* exit.mp3 in Resources */,
				079ADA9A257E23EB0018D7F0 /* Assets.xcassets in Resources */,
				0756E342258E99BB002203C8 /* destroyed.mp3 in Resources */,
				0756E33F258E99BB002203C8 /* player_die.mp3 in Resources */,
				0756E336258E99BB002203C8 /* key.mp3 in Resources */,
				07F2FD2725E1411B00AAFB3D /* GameScene_2.sks in Resources */,
				0756E32A258E99BB002203C8 /* treasure.mp3 in Resources */,
				0756E32D258E99BB002203C8 /* throw.mp3 in Resources */,
				0756E35B258EA04B002203C8 /* HealthMeter.sks in Resources */,
				0756E318258E99A3002203C8 /* music.mp3 in Resources */,
				0756E330258E99BB002203C8 /* monster_hit.mp3 in Resources */,
				07F1BCA925B07E3200EB955D /* Controller.sks in Resources */,
				07C128DF258CC24900FF6E1A /* MainTileSet.sks in Resources */,
				0756E339258E99BB002203C8 /* monster_die.mp3 in Resources */,
				0756E345258E99BB002203C8 /* food.mp3 in Resources */,
				0704E1C625DA6CD70054C442 /* GameOverScene.sks in Resources */,
				0704E1CF25DA6CD70054C442 /* TitleScene.sks in Resources */,
				0756E348258E99BB002203C8 /* player_hit.mp3 in Resources */,
			);
			runOnlyForDeploymentPostprocessing = 0;
		};
/* End PBXResourcesBuildPhase section */

/* Begin PBXShellScriptBuildPhase section */
		07280228257E85AB00CFFA1F /* SwiftLint */ = {
			isa = PBXShellScriptBuildPhase;
			buildActionMask = 2147483647;
			files = (
			);
			inputFileListPaths = (
			);
			inputPaths = (
			);
			name = SwiftLint;
			outputFileListPaths = (
			);
			outputPaths = (
			);
			runOnlyForDeploymentPostprocessing = 0;
			shellPath = /bin/sh;
			shellScript = "if which swiftlint >/dev/null; then\n  swiftlint autocorrect --config \".swiftlint.auto.yml\" && swiftlint\nelse\n  echo \"SwiftLint (https://github.com/realm/SwiftLint) isn't installed. Run:\"\n  echo \"brew install swiftlint\"\nfi\n";
		};
		07280229257E85B900CFFA1F /* SwiftLint */ = {
			isa = PBXShellScriptBuildPhase;
			buildActionMask = 2147483647;
			files = (
			);
			inputFileListPaths = (
			);
			inputPaths = (
			);
			name = SwiftLint;
			outputFileListPaths = (
			);
			outputPaths = (
			);
			runOnlyForDeploymentPostprocessing = 0;
			shellPath = /bin/sh;
			shellScript = "if which swiftlint >/dev/null; then\n  swiftlint autocorrect --config \".swiftlint.auto.yml\" && swiftlint\nelse\n  echo \"SwiftLint (https://github.com/realm/SwiftLint) isn't installed. Run:\"\n  echo \"brew install swiftlint\"\nfi\n";
		};
		0728022A257E85C400CFFA1F /* SwiftLint */ = {
			isa = PBXShellScriptBuildPhase;
			buildActionMask = 2147483647;
			files = (
			);
			inputFileListPaths = (
			);
			inputPaths = (
			);
			name = SwiftLint;
			outputFileListPaths = (
			);
			outputPaths = (
			);
			runOnlyForDeploymentPostprocessing = 0;
			shellPath = /bin/sh;
			shellScript = "if which swiftlint >/dev/null; then\n  swiftlint autocorrect --config \".swiftlint.auto.yml\" && swiftlint\nelse\n  echo \"SwiftLint (https://github.com/realm/SwiftLint) isn't installed. Run:\"\n  echo \"brew install swiftlint\"\nfi\n";
		};
/* End PBXShellScriptBuildPhase section */

/* Begin PBXSourcesBuildPhase section */
		079ADA5D257E23EB0018D7F0 /* Sources */ = {
			isa = PBXSourcesBuildPhase;
			buildActionMask = 2147483647;
			files = (
				07C128F2258CF12100FF6E1A /* Constant+UserData.swift in Sources */,
				079ADACF257E26E40018D7F0 /* ContentView.swift in Sources */,
				078D24C22580FAC800CB653D /* String+Extensions.swift in Sources */,
				070D084D2599F3E90039A256 /* MainScene+PhysicsContact.swift in Sources */,
				07B7A58825E04ED400D33E03 /* GameData.swift in Sources */,
				079ADAE5257E27420018D7F0 /* MainScene.swift in Sources */,
				072E9113257EBD4E0001E1DA /* Constant.swift in Sources */,
				0798A0FB2592499F002970F7 /* AnimationComponent.swift in Sources */,
				070D08282599DCCE0039A256 /* PlayerStates.swift in Sources */,
				079ADAC7257E26AE0018D7F0 /* ValsRevenge.swift in Sources */,
				074CCA18257FAE5F00EA60BB /* Player.swift in Sources */,
				070D082F2599E75F0039A256 /* CollectibleComponent.swift in Sources */,
				0755C70A25E17143003E2D85 /* MenuScene+InputController.swift in Sources */,
				074CCA29257FB03200EA60BB /* Constant+Nodes.swift in Sources */,
				07727E7625A308FC00411322 /* MainGameStates.swift in Sources */,
				0768BD11257FBC2500628758 /* MainScene+InputTouch.swift in Sources */,
				07C128E4258CE9CD00FF6E1A /* SKTileMapNode+Extensions.swift in Sources */,
				07727E8325A3233D00411322 /* SKNode+Extensions.swift in Sources */,
				07305B1625B59FFC0038EA11 /* CGFloat+Extensions.swift in Sources */,
				0756E3AC259220E0002203C8 /* RenderComponent.swift in Sources */,
				07727E8A25A323AC00411322 /* AgentComponent.swift in Sources */,
				0704E1DD25DA6D230054C442 /* SKScene+Extensions.swift in Sources */,
				0756E351258E9D3C002203C8 /* HealthComponent.swift in Sources */,
				0704E1CA25DA6CD70054C442 /* GameOverScene.swift in Sources */,
				0798A10525924A85002970F7 /* GameObjects.swift in Sources */,
				0706AB592592224D0076A6B4 /* GKComponent+Extensions.swift in Sources */,
				0755C71225E17175003E2D85 /* MenuScene.swift in Sources */,
				0706AB4F259222060076A6B4 /* GeneratorComponent.swift in Sources */,
				0704E1C725DA6CD70054C442 /* TitleScene.swift in Sources */,
				070D08392599F0630039A256 /* PhysicsComponent.swift in Sources */,
				07B7A42325DB03E000D33E03 /* TitleSceneView.swift in Sources */,
				074E952C258276D200A4E89D /* MainScene+InputController.swift in Sources */,
				07F1BCAE25B07EA700EB955D /* Controller.swift in Sources */,
				072E9121257EC4A90001E1DA /* Constant+Scenes.swift in Sources */,
				07BD9456258919070052243F /* MainScene+Orientation.swift in Sources */,
				0756E349258E99BB002203C8 /* SoundLibrary.swift in Sources */,
				07CD5209257F8186001D0E18 /* ValsRevenge+Logging.swift in Sources */,
				07305B0F25B59E7B0038EA11 /* Player+Attack.swift in Sources */,
				0798A0EA25922AFD002970F7 /* Constant+Actions.swift in Sources */,
				0756E3A52592207E002203C8 /* MonsterEntity.swift in Sources */,
				0798A0F42592490B002970F7 /* SKTexture+Extensions.swift in Sources */,
			);
			runOnlyForDeploymentPostprocessing = 0;
		};
		079ADA6F257E23EB0018D7F0 /* Sources */ = {
			isa = PBXSourcesBuildPhase;
			buildActionMask = 2147483647;
			files = (
				07C128F3258CF12100FF6E1A /* Constant+UserData.swift in Sources */,
				079ADAD0257E26E40018D7F0 /* ContentView.swift in Sources */,
				078D24C32580FAC800CB653D /* String+Extensions.swift in Sources */,
				070D084E2599F3E90039A256 /* MainScene+PhysicsContact.swift in Sources */,
				07B7A58925E04ED400D33E03 /* GameData.swift in Sources */,
				079ADAE6257E27420018D7F0 /* MainScene.swift in Sources */,
				072E9114257EBD4E0001E1DA /* Constant.swift in Sources */,
				0798A0FC2592499F002970F7 /* AnimationComponent.swift in Sources */,
				070D08292599DCCE0039A256 /* PlayerStates.swift in Sources */,
				079ADAC8257E26AE0018D7F0 /* ValsRevenge.swift in Sources */,
				074CCA19257FAE5F00EA60BB /* Player.swift in Sources */,
				070D08302599E75F0039A256 /* CollectibleComponent.swift in Sources */,
				0755C70B25E17143003E2D85 /* MenuScene+InputController.swift in Sources */,
				074CCA2A257FB03200EA60BB /* Constant+Nodes.swift in Sources */,
				07727E7725A308FC00411322 /* MainGameStates.swift in Sources */,
				0768BD12257FBC2500628758 /* MainScene+InputTouch.swift in Sources */,
				07C128E5258CE9CD00FF6E1A /* SKTileMapNode+Extensions.swift in Sources */,
				07727E8425A3233D00411322 /* SKNode+Extensions.swift in Sources */,
				07305B1725B59FFC0038EA11 /* CGFloat+Extensions.swift in Sources */,
				0756E3AD259220E0002203C8 /* RenderComponent.swift in Sources */,
				07727E8B25A323AC00411322 /* AgentComponent.swift in Sources */,
				0704E1DE25DA6D230054C442 /* SKScene+Extensions.swift in Sources */,
				0756E352258E9D3C002203C8 /* HealthComponent.swift in Sources */,
				0704E1CB25DA6CD70054C442 /* GameOverScene.swift in Sources */,
				0798A10625924A85002970F7 /* GameObjects.swift in Sources */,
				0706AB5A2592224D0076A6B4 /* GKComponent+Extensions.swift in Sources */,
				0755C71325E17175003E2D85 /* MenuScene.swift in Sources */,
				0706AB50259222060076A6B4 /* GeneratorComponent.swift in Sources */,
				0704E1C825DA6CD70054C442 /* TitleScene.swift in Sources */,
				070D083A2599F0630039A256 /* PhysicsComponent.swift in Sources */,
				07B7A42425DB03E000D33E03 /* TitleSceneView.swift in Sources */,
				074E952D258276D200A4E89D /* MainScene+InputController.swift in Sources */,
				07F1BCAF25B07EA700EB955D /* Controller.swift in Sources */,
				072E9122257EC4A90001E1DA /* Constant+Scenes.swift in Sources */,
				07BD9457258919070052243F /* MainScene+Orientation.swift in Sources */,
				0756E34A258E99BB002203C8 /* SoundLibrary.swift in Sources */,
				07CD520A257F8186001D0E18 /* ValsRevenge+Logging.swift in Sources */,
				07305B1025B59E7B0038EA11 /* Player+Attack.swift in Sources */,
				0798A0EB25922AFD002970F7 /* Constant+Actions.swift in Sources */,
				0756E3A62592207E002203C8 /* MonsterEntity.swift in Sources */,
				0798A0F52592490B002970F7 /* SKTexture+Extensions.swift in Sources */,
			);
			runOnlyForDeploymentPostprocessing = 0;
		};
		079ADA80257E23EB0018D7F0 /* Sources */ = {
			isa = PBXSourcesBuildPhase;
			buildActionMask = 2147483647;
			files = (
				07C128F4258CF12100FF6E1A /* Constant+UserData.swift in Sources */,
				079ADAD1257E26E40018D7F0 /* ContentView.swift in Sources */,
				078D24C42580FAC800CB653D /* String+Extensions.swift in Sources */,
				070D084F2599F3E90039A256 /* MainScene+PhysicsContact.swift in Sources */,
				07B7A58A25E04ED400D33E03 /* GameData.swift in Sources */,
				079ADAE7257E27420018D7F0 /* MainScene.swift in Sources */,
				072E9115257EBD4E0001E1DA /* Constant.swift in Sources */,
				0798A0FD2592499F002970F7 /* AnimationComponent.swift in Sources */,
				070D082A2599DCCE0039A256 /* PlayerStates.swift in Sources */,
				079ADAC9257E26AE0018D7F0 /* ValsRevenge.swift in Sources */,
				074CCA1A257FAE5F00EA60BB /* Player.swift in Sources */,
				070D08312599E75F0039A256 /* CollectibleComponent.swift in Sources */,
				0755C70C25E17143003E2D85 /* MenuScene+InputController.swift in Sources */,
				074CCA2B257FB03200EA60BB /* Constant+Nodes.swift in Sources */,
				07727E7825A308FC00411322 /* MainGameStates.swift in Sources */,
				0768BD13257FBC2500628758 /* MainScene+InputTouch.swift in Sources */,
				07C128E6258CE9CD00FF6E1A /* SKTileMapNode+Extensions.swift in Sources */,
				07727E8525A3233D00411322 /* SKNode+Extensions.swift in Sources */,
				07305B1825B59FFC0038EA11 /* CGFloat+Extensions.swift in Sources */,
				0756E3AE259220E0002203C8 /* RenderComponent.swift in Sources */,
				07727E8C25A323AC00411322 /* AgentComponent.swift in Sources */,
				0704E1DF25DA6D230054C442 /* SKScene+Extensions.swift in Sources */,
				0756E353258E9D3C002203C8 /* HealthComponent.swift in Sources */,
				0704E1CC25DA6CD70054C442 /* GameOverScene.swift in Sources */,
				0798A10725924A85002970F7 /* GameObjects.swift in Sources */,
				0706AB5B2592224D0076A6B4 /* GKComponent+Extensions.swift in Sources */,
				0755C71425E17175003E2D85 /* MenuScene.swift in Sources */,
				0706AB51259222060076A6B4 /* GeneratorComponent.swift in Sources */,
				0704E1C925DA6CD70054C442 /* TitleScene.swift in Sources */,
				070D083B2599F0630039A256 /* PhysicsComponent.swift in Sources */,
				07B7A42525DB03E000D33E03 /* TitleSceneView.swift in Sources */,
				074E952E258276D200A4E89D /* MainScene+InputController.swift in Sources */,
				07F1BCB025B07EA700EB955D /* Controller.swift in Sources */,
				072E9123257EC4A90001E1DA /* Constant+Scenes.swift in Sources */,
				07BD9458258919070052243F /* MainScene+Orientation.swift in Sources */,
				0756E34B258E99BB002203C8 /* SoundLibrary.swift in Sources */,
				07CD520B257F8186001D0E18 /* ValsRevenge+Logging.swift in Sources */,
				07305B1125B59E7B0038EA11 /* Player+Attack.swift in Sources */,
				0798A0EC25922AFD002970F7 /* Constant+Actions.swift in Sources */,
				0756E3A72592207E002203C8 /* MonsterEntity.swift in Sources */,
				0798A0F62592490B002970F7 /* SKTexture+Extensions.swift in Sources */,
			);
			runOnlyForDeploymentPostprocessing = 0;
		};
/* End PBXSourcesBuildPhase section */

/* Begin XCBuildConfiguration section */
		079ADA9B257E23EB0018D7F0 /* Debug */ = {
			isa = XCBuildConfiguration;
			buildSettings = {
				ALWAYS_SEARCH_USER_PATHS = NO;
				CLANG_ANALYZER_NONNULL = YES;
				CLANG_ANALYZER_NUMBER_OBJECT_CONVERSION = YES_AGGRESSIVE;
				CLANG_CXX_LANGUAGE_STANDARD = "gnu++14";
				CLANG_CXX_LIBRARY = "libc++";
				CLANG_ENABLE_MODULES = YES;
				CLANG_ENABLE_OBJC_ARC = YES;
				CLANG_ENABLE_OBJC_WEAK = YES;
				CLANG_WARN_BLOCK_CAPTURE_AUTORELEASING = YES;
				CLANG_WARN_BOOL_CONVERSION = YES;
				CLANG_WARN_COMMA = YES;
				CLANG_WARN_CONSTANT_CONVERSION = YES;
				CLANG_WARN_DEPRECATED_OBJC_IMPLEMENTATIONS = YES;
				CLANG_WARN_DIRECT_OBJC_ISA_USAGE = YES_ERROR;
				CLANG_WARN_DOCUMENTATION_COMMENTS = YES;
				CLANG_WARN_EMPTY_BODY = YES;
				CLANG_WARN_ENUM_CONVERSION = YES;
				CLANG_WARN_INFINITE_RECURSION = YES;
				CLANG_WARN_INT_CONVERSION = YES;
				CLANG_WARN_NON_LITERAL_NULL_CONVERSION = YES;
				CLANG_WARN_OBJC_IMPLICIT_RETAIN_SELF = YES;
				CLANG_WARN_OBJC_LITERAL_CONVERSION = YES;
				CLANG_WARN_OBJC_ROOT_CLASS = YES_ERROR;
				CLANG_WARN_QUOTED_INCLUDE_IN_FRAMEWORK_HEADER = YES;
				CLANG_WARN_RANGE_LOOP_ANALYSIS = YES;
				CLANG_WARN_STRICT_PROTOTYPES = YES;
				CLANG_WARN_SUSPICIOUS_MOVE = YES;
				CLANG_WARN_UNGUARDED_AVAILABILITY = YES_AGGRESSIVE;
				CLANG_WARN_UNREACHABLE_CODE = YES;
				CLANG_WARN__DUPLICATE_METHOD_MATCH = YES;
				COPY_PHASE_STRIP = NO;
				DEBUG_INFORMATION_FORMAT = dwarf;
				ENABLE_STRICT_OBJC_MSGSEND = YES;
				ENABLE_TESTABILITY = YES;
				GCC_C_LANGUAGE_STANDARD = gnu11;
				GCC_DYNAMIC_NO_PIC = NO;
				GCC_NO_COMMON_BLOCKS = YES;
				GCC_OPTIMIZATION_LEVEL = 0;
				GCC_PREPROCESSOR_DEFINITIONS = (
					"DEBUG=1",
					"$(inherited)",
				);
				GCC_WARN_64_TO_32_BIT_CONVERSION = YES;
				GCC_WARN_ABOUT_RETURN_TYPE = YES_ERROR;
				GCC_WARN_UNDECLARED_SELECTOR = YES;
				GCC_WARN_UNINITIALIZED_AUTOS = YES_AGGRESSIVE;
				GCC_WARN_UNUSED_FUNCTION = YES;
				GCC_WARN_UNUSED_VARIABLE = YES;
				MTL_ENABLE_DEBUG_INFO = INCLUDE_SOURCE;
				MTL_FAST_MATH = YES;
				ONLY_ACTIVE_ARCH = YES;
				SWIFT_ACTIVE_COMPILATION_CONDITIONS = DEBUG;
				SWIFT_OPTIMIZATION_LEVEL = "-Onone";
			};
			name = Debug;
		};
		079ADA9C257E23EB0018D7F0 /* Release */ = {
			isa = XCBuildConfiguration;
			buildSettings = {
				ALWAYS_SEARCH_USER_PATHS = NO;
				CLANG_ANALYZER_NONNULL = YES;
				CLANG_ANALYZER_NUMBER_OBJECT_CONVERSION = YES_AGGRESSIVE;
				CLANG_CXX_LANGUAGE_STANDARD = "gnu++14";
				CLANG_CXX_LIBRARY = "libc++";
				CLANG_ENABLE_MODULES = YES;
				CLANG_ENABLE_OBJC_ARC = YES;
				CLANG_ENABLE_OBJC_WEAK = YES;
				CLANG_WARN_BLOCK_CAPTURE_AUTORELEASING = YES;
				CLANG_WARN_BOOL_CONVERSION = YES;
				CLANG_WARN_COMMA = YES;
				CLANG_WARN_CONSTANT_CONVERSION = YES;
				CLANG_WARN_DEPRECATED_OBJC_IMPLEMENTATIONS = YES;
				CLANG_WARN_DIRECT_OBJC_ISA_USAGE = YES_ERROR;
				CLANG_WARN_DOCUMENTATION_COMMENTS = YES;
				CLANG_WARN_EMPTY_BODY = YES;
				CLANG_WARN_ENUM_CONVERSION = YES;
				CLANG_WARN_INFINITE_RECURSION = YES;
				CLANG_WARN_INT_CONVERSION = YES;
				CLANG_WARN_NON_LITERAL_NULL_CONVERSION = YES;
				CLANG_WARN_OBJC_IMPLICIT_RETAIN_SELF = YES;
				CLANG_WARN_OBJC_LITERAL_CONVERSION = YES;
				CLANG_WARN_OBJC_ROOT_CLASS = YES_ERROR;
				CLANG_WARN_QUOTED_INCLUDE_IN_FRAMEWORK_HEADER = YES;
				CLANG_WARN_RANGE_LOOP_ANALYSIS = YES;
				CLANG_WARN_STRICT_PROTOTYPES = YES;
				CLANG_WARN_SUSPICIOUS_MOVE = YES;
				CLANG_WARN_UNGUARDED_AVAILABILITY = YES_AGGRESSIVE;
				CLANG_WARN_UNREACHABLE_CODE = YES;
				CLANG_WARN__DUPLICATE_METHOD_MATCH = YES;
				COPY_PHASE_STRIP = NO;
				DEBUG_INFORMATION_FORMAT = "dwarf-with-dsym";
				ENABLE_NS_ASSERTIONS = NO;
				ENABLE_STRICT_OBJC_MSGSEND = YES;
				GCC_C_LANGUAGE_STANDARD = gnu11;
				GCC_NO_COMMON_BLOCKS = YES;
				GCC_WARN_64_TO_32_BIT_CONVERSION = YES;
				GCC_WARN_ABOUT_RETURN_TYPE = YES_ERROR;
				GCC_WARN_UNDECLARED_SELECTOR = YES;
				GCC_WARN_UNINITIALIZED_AUTOS = YES_AGGRESSIVE;
				GCC_WARN_UNUSED_FUNCTION = YES;
				GCC_WARN_UNUSED_VARIABLE = YES;
				MTL_ENABLE_DEBUG_INFO = NO;
				MTL_FAST_MATH = YES;
				SWIFT_COMPILATION_MODE = wholemodule;
				SWIFT_OPTIMIZATION_LEVEL = "-O";
			};
			name = Release;
		};
		079ADA9E257E23EB0018D7F0 /* Debug */ = {
			isa = XCBuildConfiguration;
			buildSettings = {
				ASSETCATALOG_COMPILER_APPICON_NAME = AppIcon;
				ASSETCATALOG_COMPILER_GLOBAL_ACCENT_COLOR_NAME = AccentColor;
				CLANG_ENABLE_MODULES = YES;
				CODE_SIGN_STYLE = Automatic;
				DEVELOPMENT_TEAM = UKS358BH88;
				INFOPLIST_FILE = iOS/Info.plist;
				IPHONEOS_DEPLOYMENT_TARGET = 14.2;
				LD_RUNPATH_SEARCH_PATHS = (
					"$(inherited)",
					"@executable_path/Frameworks",
				);
				PRODUCT_BUNDLE_IDENTIFIER = "com.backslash-f.valsrevenge";
				PRODUCT_NAME = "val-revenge";
				SDKROOT = iphoneos;
				SWIFT_OPTIMIZATION_LEVEL = "-Onone";
				SWIFT_VERSION = 5.0;
				TARGETED_DEVICE_FAMILY = "1,2";
			};
			name = Debug;
		};
		079ADA9F257E23EB0018D7F0 /* Release */ = {
			isa = XCBuildConfiguration;
			buildSettings = {
				ASSETCATALOG_COMPILER_APPICON_NAME = AppIcon;
				ASSETCATALOG_COMPILER_GLOBAL_ACCENT_COLOR_NAME = AccentColor;
				CLANG_ENABLE_MODULES = YES;
				CODE_SIGN_STYLE = Automatic;
				DEVELOPMENT_TEAM = UKS358BH88;
				INFOPLIST_FILE = iOS/Info.plist;
				IPHONEOS_DEPLOYMENT_TARGET = 14.2;
				LD_RUNPATH_SEARCH_PATHS = (
					"$(inherited)",
					"@executable_path/Frameworks",
				);
				PRODUCT_BUNDLE_IDENTIFIER = "com.backslash-f.valsrevenge";
				PRODUCT_NAME = "val-revenge";
				SDKROOT = iphoneos;
				SWIFT_VERSION = 5.0;
				TARGETED_DEVICE_FAMILY = "1,2";
				VALIDATE_PRODUCT = YES;
			};
			name = Release;
		};
		079ADAA1257E23EB0018D7F0 /* Debug */ = {
			isa = XCBuildConfiguration;
			buildSettings = {
				ASSETCATALOG_COMPILER_APPICON_NAME = "tvOS App Icon & Top Shelf Image";
				ASSETCATALOG_COMPILER_GLOBAL_ACCENT_COLOR_NAME = AccentColor;
				CLANG_ENABLE_MODULES = YES;
				CODE_SIGN_STYLE = Automatic;
				DEVELOPMENT_TEAM = UKS358BH88;
				INFOPLIST_FILE = tvOS/Info.plist;
				LD_RUNPATH_SEARCH_PATHS = (
					"$(inherited)",
					"@executable_path/Frameworks",
				);
				PRODUCT_BUNDLE_IDENTIFIER = "com.backslash-f.valsrevenge";
				PRODUCT_NAME = "val-revenge";
				SDKROOT = appletvos;
				SWIFT_OPTIMIZATION_LEVEL = "-Onone";
				SWIFT_VERSION = 5.0;
				TARGETED_DEVICE_FAMILY = 3;
				TVOS_DEPLOYMENT_TARGET = 14.2;
			};
			name = Debug;
		};
		079ADAA2257E23EB0018D7F0 /* Release */ = {
			isa = XCBuildConfiguration;
			buildSettings = {
				ASSETCATALOG_COMPILER_APPICON_NAME = "tvOS App Icon & Top Shelf Image";
				ASSETCATALOG_COMPILER_GLOBAL_ACCENT_COLOR_NAME = AccentColor;
				CLANG_ENABLE_MODULES = YES;
				CODE_SIGN_STYLE = Automatic;
				DEVELOPMENT_TEAM = UKS358BH88;
				INFOPLIST_FILE = tvOS/Info.plist;
				LD_RUNPATH_SEARCH_PATHS = (
					"$(inherited)",
					"@executable_path/Frameworks",
				);
				PRODUCT_BUNDLE_IDENTIFIER = "com.backslash-f.valsrevenge";
				PRODUCT_NAME = "val-revenge";
				SDKROOT = appletvos;
				SWIFT_VERSION = 5.0;
				TARGETED_DEVICE_FAMILY = 3;
				TVOS_DEPLOYMENT_TARGET = 14.2;
				VALIDATE_PRODUCT = YES;
			};
			name = Release;
		};
		079ADAA4257E23EB0018D7F0 /* Debug */ = {
			isa = XCBuildConfiguration;
			buildSettings = {
				ASSETCATALOG_COMPILER_APPICON_NAME = AppIcon;
				ASSETCATALOG_COMPILER_GLOBAL_ACCENT_COLOR_NAME = AccentColor;
				CLANG_ENABLE_MODULES = YES;
				CODE_SIGN_ENTITLEMENTS = macOS/macOS.entitlements;
				CODE_SIGN_IDENTITY = "-";
				CODE_SIGN_STYLE = Automatic;
				COMBINE_HIDPI_IMAGES = YES;
				DEVELOPMENT_TEAM = UKS358BH88;
				ENABLE_HARDENED_RUNTIME = YES;
				INFOPLIST_FILE = macOS/Info.plist;
				LD_RUNPATH_SEARCH_PATHS = (
					"$(inherited)",
					"@executable_path/../Frameworks",
				);
				MACOSX_DEPLOYMENT_TARGET = 11.0;
				PRODUCT_BUNDLE_IDENTIFIER = "com.backslash-f.valsrevenge";
				PRODUCT_NAME = "val-revenge";
				SDKROOT = macosx;
				SWIFT_OPTIMIZATION_LEVEL = "-Onone";
				SWIFT_VERSION = 5.0;
			};
			name = Debug;
		};
		079ADAA5257E23EB0018D7F0 /* Release */ = {
			isa = XCBuildConfiguration;
			buildSettings = {
				ASSETCATALOG_COMPILER_APPICON_NAME = AppIcon;
				ASSETCATALOG_COMPILER_GLOBAL_ACCENT_COLOR_NAME = AccentColor;
				CLANG_ENABLE_MODULES = YES;
				CODE_SIGN_ENTITLEMENTS = macOS/macOS.entitlements;
				CODE_SIGN_IDENTITY = "-";
				CODE_SIGN_STYLE = Automatic;
				COMBINE_HIDPI_IMAGES = YES;
				DEVELOPMENT_TEAM = UKS358BH88;
				ENABLE_HARDENED_RUNTIME = YES;
				INFOPLIST_FILE = macOS/Info.plist;
				LD_RUNPATH_SEARCH_PATHS = (
					"$(inherited)",
					"@executable_path/../Frameworks",
				);
				MACOSX_DEPLOYMENT_TARGET = 11.0;
				PRODUCT_BUNDLE_IDENTIFIER = "com.backslash-f.valsrevenge";
				PRODUCT_NAME = "val-revenge";
				SDKROOT = macosx;
				SWIFT_VERSION = 5.0;
			};
			name = Release;
		};
/* End XCBuildConfiguration section */

/* Begin XCConfigurationList section */
		079ADA57257E23E40018D7F0 /* Build configuration list for PBXProject "val-revenge" */ = {
			isa = XCConfigurationList;
			buildConfigurations = (
				079ADA9B257E23EB0018D7F0 /* Debug */,
				079ADA9C257E23EB0018D7F0 /* Release */,
			);
			defaultConfigurationIsVisible = 0;
			defaultConfigurationName = Release;
		};
		079ADA9D257E23EB0018D7F0 /* Build configuration list for PBXNativeTarget "iOS" */ = {
			isa = XCConfigurationList;
			buildConfigurations = (
				079ADA9E257E23EB0018D7F0 /* Debug */,
				079ADA9F257E23EB0018D7F0 /* Release */,
			);
			defaultConfigurationIsVisible = 0;
			defaultConfigurationName = Release;
		};
		079ADAA0257E23EB0018D7F0 /* Build configuration list for PBXNativeTarget "tvOS" */ = {
			isa = XCConfigurationList;
			buildConfigurations = (
				079ADAA1257E23EB0018D7F0 /* Debug */,
				079ADAA2257E23EB0018D7F0 /* Release */,
			);
			defaultConfigurationIsVisible = 0;
			defaultConfigurationName = Release;
		};
		079ADAA3257E23EB0018D7F0 /* Build configuration list for PBXNativeTarget "macOS" */ = {
			isa = XCConfigurationList;
			buildConfigurations = (
				079ADAA4257E23EB0018D7F0 /* Debug */,
				079ADAA5257E23EB0018D7F0 /* Release */,
			);
			defaultConfigurationIsVisible = 0;
			defaultConfigurationName = Release;
		};
/* End XCConfigurationList section */

/* Begin XCRemoteSwiftPackageReference section */
		072801E5257E6CBE00CFFA1F /* XCRemoteSwiftPackageReference "cskscene" */ = {
			isa = XCRemoteSwiftPackageReference;
			repositoryURL = "https://github.com/backslash-f/cskscene";
			requirement = {
				kind = upToNextMajorVersion;
				minimumVersion = 0.0.1;
			};
		};
		07BD945F258A1B8F0052243F /* XCRemoteSwiftPackageReference "device" */ = {
			isa = XCRemoteSwiftPackageReference;
			repositoryURL = "https://github.com/backslash-f/device";
			requirement = {
				kind = upToNextMajorVersion;
				minimumVersion = 1.0.0;
			};
		};
/* End XCRemoteSwiftPackageReference section */

/* Begin XCSwiftPackageProductDependency section */
		072801E6257E6CBE00CFFA1F /* CSKScene */ = {
			isa = XCSwiftPackageProductDependency;
			package = 072801E5257E6CBE00CFFA1F /* XCRemoteSwiftPackageReference "cskscene" */;
			productName = CSKScene;
		};
		072801EC257E6CDB00CFFA1F /* CSKScene */ = {
			isa = XCSwiftPackageProductDependency;
			package = 072801E5257E6CBE00CFFA1F /* XCRemoteSwiftPackageReference "cskscene" */;
			productName = CSKScene;
		};
		072801EE257E6CDF00CFFA1F /* CSKScene */ = {
			isa = XCSwiftPackageProductDependency;
			package = 072801E5257E6CBE00CFFA1F /* XCRemoteSwiftPackageReference "cskscene" */;
			productName = CSKScene;
		};
		07BD9460258A1B8F0052243F /* Device */ = {
			isa = XCSwiftPackageProductDependency;
			package = 07BD945F258A1B8F0052243F /* XCRemoteSwiftPackageReference "device" */;
			productName = Device;
		};
		07BD9465258A1BA50052243F /* Device */ = {
			isa = XCSwiftPackageProductDependency;
			package = 07BD945F258A1B8F0052243F /* XCRemoteSwiftPackageReference "device" */;
			productName = Device;
		};
		07BD9467258A1BA90052243F /* Device */ = {
			isa = XCSwiftPackageProductDependency;
			package = 07BD945F258A1B8F0052243F /* XCRemoteSwiftPackageReference "device" */;
			productName = Device;
		};
/* End XCSwiftPackageProductDependency section */
	};
	rootObject = 079ADA54257E23E40018D7F0 /* Project object */;
}
