// !$*UTF8*$!
{
	archiveVersion = 1;
	classes = {
	};
	objectVersion = 52;
	objects = {

/* Begin PBXBuildFile section */
		0700A1762519E85F00DB8DFB /* AppLogger in Frameworks */ = {isa = PBXBuildFile; productRef = 0700A1752519E85F00DB8DFB /* AppLogger */; };
		07013886251BE11E0092595E /* Constant.swift in Sources */ = {isa = PBXBuildFile; fileRef = 07013885251BE11E0092595E /* Constant.swift */; };
		0701388B251BE1EA0092595E /* Constant+Characters.swift in Sources */ = {isa = PBXBuildFile; fileRef = 0701388A251BE1EA0092595E /* Constant+Characters.swift */; };
		07013890251BE57A0092595E /* Constant+Scenario.swift in Sources */ = {isa = PBXBuildFile; fileRef = 0701388F251BE57A0092595E /* Constant+Scenario.swift */; };
		07013896251BE91A0092595E /* AppLogger in Frameworks */ = {isa = PBXBuildFile; productRef = 07013895251BE91A0092595E /* AppLogger */; };
		07013898251BE9200092595E /* AppLogger in Frameworks */ = {isa = PBXBuildFile; productRef = 07013897251BE9200092595E /* AppLogger */; };
		0701389C251BE94C0092595E /* Constant.swift in Sources */ = {isa = PBXBuildFile; fileRef = 07013885251BE11E0092595E /* Constant.swift */; };
		070138A0251BE94C0092595E /* Constant.swift in Sources */ = {isa = PBXBuildFile; fileRef = 07013885251BE11E0092595E /* Constant.swift */; };
		070138A4251BE94E0092595E /* Constant+Characters.swift in Sources */ = {isa = PBXBuildFile; fileRef = 0701388A251BE1EA0092595E /* Constant+Characters.swift */; };
		070138A8251BE94F0092595E /* Constant+Characters.swift in Sources */ = {isa = PBXBuildFile; fileRef = 0701388A251BE1EA0092595E /* Constant+Characters.swift */; };
		070138AC251BE9520092595E /* Constant+Scenario.swift in Sources */ = {isa = PBXBuildFile; fileRef = 0701388F251BE57A0092595E /* Constant+Scenario.swift */; };
		070138B0251BE9520092595E /* Constant+Scenario.swift in Sources */ = {isa = PBXBuildFile; fileRef = 0701388F251BE57A0092595E /* Constant+Scenario.swift */; };
		07183B512521D3DE00010135 /* GameScene+InputTouch.swift in Sources */ = {isa = PBXBuildFile; fileRef = 07183B502521D3DE00010135 /* GameScene+InputTouch.swift */; };
		07183B522521D3DE00010135 /* GameScene+InputTouch.swift in Sources */ = {isa = PBXBuildFile; fileRef = 07183B502521D3DE00010135 /* GameScene+InputTouch.swift */; };
		07183B532521D3DE00010135 /* GameScene+InputTouch.swift in Sources */ = {isa = PBXBuildFile; fileRef = 07183B502521D3DE00010135 /* GameScene+InputTouch.swift */; };
		071B166625540E350041A963 /* GameScene+Gloop.swift in Sources */ = {isa = PBXBuildFile; fileRef = 071B166525540E350041A963 /* GameScene+Gloop.swift */; };
		074B4A842514A86000BB1B42 /* GloopDropApp.swift in Sources */ = {isa = PBXBuildFile; fileRef = 074B4A832514A86000BB1B42 /* GloopDropApp.swift */; };
		074B4A8A2514A87100BB1B42 /* GloopDropApp.swift in Sources */ = {isa = PBXBuildFile; fileRef = 074B4A832514A86000BB1B42 /* GloopDropApp.swift */; };
		074B4A902514A87200BB1B42 /* GloopDropApp.swift in Sources */ = {isa = PBXBuildFile; fileRef = 074B4A832514A86000BB1B42 /* GloopDropApp.swift */; };
		075092DC251B97DD002CB9C6 /* SKSpriteNode+Extension.swift in Sources */ = {isa = PBXBuildFile; fileRef = 075092DB251B97DD002CB9C6 /* SKSpriteNode+Extension.swift */; };
		075092DD251B97DD002CB9C6 /* SKSpriteNode+Extension.swift in Sources */ = {isa = PBXBuildFile; fileRef = 075092DB251B97DD002CB9C6 /* SKSpriteNode+Extension.swift */; };
		075092DE251B97DD002CB9C6 /* SKSpriteNode+Extension.swift in Sources */ = {isa = PBXBuildFile; fileRef = 075092DB251B97DD002CB9C6 /* SKSpriteNode+Extension.swift */; };
		075092E5251B97EA002CB9C6 /* BlobPlayer.swift in Sources */ = {isa = PBXBuildFile; fileRef = 07D46C08251B388B008317C9 /* BlobPlayer.swift */; };
		075092E9251B97EA002CB9C6 /* BlobPlayer.swift in Sources */ = {isa = PBXBuildFile; fileRef = 07D46C08251B388B008317C9 /* BlobPlayer.swift */; };
		075D0DE72519E88A00F409BE /* GloopDropApp+Logging.swift in Sources */ = {isa = PBXBuildFile; fileRef = 075D0DE62519E88A00F409BE /* GloopDropApp+Logging.swift */; };
		075D0DE82519E88A00F409BE /* GloopDropApp+Logging.swift in Sources */ = {isa = PBXBuildFile; fileRef = 075D0DE62519E88A00F409BE /* GloopDropApp+Logging.swift */; };
		075D0DE92519E88A00F409BE /* GloopDropApp+Logging.swift in Sources */ = {isa = PBXBuildFile; fileRef = 075D0DE62519E88A00F409BE /* GloopDropApp+Logging.swift */; };
		075D7DA72514D62E00D90009 /* ContentView.swift in Sources */ = {isa = PBXBuildFile; fileRef = 075D7DA62514D62E00D90009 /* ContentView.swift */; };
		075D7DA92514D62E00D90009 /* ContentView.swift in Sources */ = {isa = PBXBuildFile; fileRef = 075D7DA62514D62E00D90009 /* ContentView.swift */; };
		075D7DAA2514D62E00D90009 /* ContentView.swift in Sources */ = {isa = PBXBuildFile; fileRef = 075D7DA62514D62E00D90009 /* ContentView.swift */; };
		075D7DBC2514D76D00D90009 /* GameSceneView.swift in Sources */ = {isa = PBXBuildFile; fileRef = 075D7DBB2514D76D00D90009 /* GameSceneView.swift */; };
		075D7DBE2514D76D00D90009 /* GameSceneView.swift in Sources */ = {isa = PBXBuildFile; fileRef = 075D7DBB2514D76D00D90009 /* GameSceneView.swift */; };
		075D7DBF2514D76D00D90009 /* GameSceneView.swift in Sources */ = {isa = PBXBuildFile; fileRef = 075D7DBB2514D76D00D90009 /* GameSceneView.swift */; };
		075D7E032514DA5C00D90009 /* GloopDropScene.swift in Sources */ = {isa = PBXBuildFile; fileRef = 075D7E022514DA5C00D90009 /* GloopDropScene.swift */; };
		075D7E052514DA5C00D90009 /* GloopDropScene.swift in Sources */ = {isa = PBXBuildFile; fileRef = 075D7E022514DA5C00D90009 /* GloopDropScene.swift */; };
		075D7E062514DA5C00D90009 /* GloopDropScene.swift in Sources */ = {isa = PBXBuildFile; fileRef = 075D7E022514DA5C00D90009 /* GloopDropScene.swift */; };
		078B5CC92553F8FB007B63F1 /* Collectibles.swift in Sources */ = {isa = PBXBuildFile; fileRef = 078B5CC82553F8FB007B63F1 /* Collectibles.swift */; };
		078B5CCA2553F8FB007B63F1 /* Collectibles.swift in Sources */ = {isa = PBXBuildFile; fileRef = 078B5CC82553F8FB007B63F1 /* Collectibles.swift */; };
		078B5CCB2553F8FB007B63F1 /* Collectibles.swift in Sources */ = {isa = PBXBuildFile; fileRef = 078B5CC82553F8FB007B63F1 /* Collectibles.swift */; };
		07D46C09251B388B008317C9 /* BlobPlayer.swift in Sources */ = {isa = PBXBuildFile; fileRef = 07D46C08251B388B008317C9 /* BlobPlayer.swift */; };
		07D8B81E2512021C0047EBFE /* GameScene.swift in Sources */ = {isa = PBXBuildFile; fileRef = 07D8B7CA2512021A0047EBFE /* GameScene.swift */; };
		07D8B8202512021C0047EBFE /* GameScene.swift in Sources */ = {isa = PBXBuildFile; fileRef = 07D8B7CA2512021A0047EBFE /* GameScene.swift */; };
		07D8B8212512021C0047EBFE /* GameScene.swift in Sources */ = {isa = PBXBuildFile; fileRef = 07D8B7CA2512021A0047EBFE /* GameScene.swift */; };
		07D8B8222512021C0047EBFE /* Assets.xcassets in Resources */ = {isa = PBXBuildFile; fileRef = 07D8B7CB2512021B0047EBFE /* Assets.xcassets */; };
		07D8B8242512021C0047EBFE /* Assets.xcassets in Resources */ = {isa = PBXBuildFile; fileRef = 07D8B7CB2512021B0047EBFE /* Assets.xcassets */; };
		07D8B8252512021C0047EBFE /* Assets.xcassets in Resources */ = {isa = PBXBuildFile; fileRef = 07D8B7CB2512021B0047EBFE /* Assets.xcassets */; };
		07E447462546C153003A13FD /* GameScene+InputController.swift in Sources */ = {isa = PBXBuildFile; fileRef = 07E447452546C153003A13FD /* GameScene+InputController.swift */; };
		07E447472546C153003A13FD /* GameScene+InputController.swift in Sources */ = {isa = PBXBuildFile; fileRef = 07E447452546C153003A13FD /* GameScene+InputController.swift */; };
		07E447482546C153003A13FD /* GameScene+InputController.swift in Sources */ = {isa = PBXBuildFile; fileRef = 07E447452546C153003A13FD /* GameScene+InputController.swift */; };
		07EC2BB9253646810007A25A /* GCOverseer in Frameworks */ = {isa = PBXBuildFile; productRef = 07EC2BB8253646810007A25A /* GCOverseer */; };
		07EC2BC4253646DB0007A25A /* GCOverseer in Frameworks */ = {isa = PBXBuildFile; productRef = 07EC2BC3253646DB0007A25A /* GCOverseer */; };
		07EC2BC6253646DF0007A25A /* GCOverseer in Frameworks */ = {isa = PBXBuildFile; productRef = 07EC2BC5253646DF0007A25A /* GCOverseer */; };
/* End PBXBuildFile section */

/* Begin PBXCopyFilesBuildPhase section */
		07D8B82F2512021C0047EBFE /* Embed Watch Content */ = {
			isa = PBXCopyFilesBuildPhase;
			buildActionMask = 2147483647;
			dstPath = "$(CONTENTS_FOLDER_PATH)/Watch";
			dstSubfolderSpec = 16;
			files = (
			);
			name = "Embed Watch Content";
			runOnlyForDeploymentPostprocessing = 0;
		};
/* End PBXCopyFilesBuildPhase section */

/* Begin PBXFileReference section */
		07013885251BE11E0092595E /* Constant.swift */ = {isa = PBXFileReference; lastKnownFileType = sourcecode.swift; path = Constant.swift; sourceTree = "<group>"; };
		0701388A251BE1EA0092595E /* Constant+Characters.swift */ = {isa = PBXFileReference; lastKnownFileType = sourcecode.swift; path = "Constant+Characters.swift"; sourceTree = "<group>"; };
		0701388F251BE57A0092595E /* Constant+Scenario.swift */ = {isa = PBXFileReference; lastKnownFileType = sourcecode.swift; path = "Constant+Scenario.swift"; sourceTree = "<group>"; };
		07109A8C25371A38000A72B6 /* GameController.framework */ = {isa = PBXFileReference; lastKnownFileType = wrapper.framework; name = GameController.framework; path = Platforms/AppleTVOS.platform/Developer/SDKs/AppleTVOS14.2.sdk/System/Library/Frameworks/GameController.framework; sourceTree = DEVELOPER_DIR; };
		07183B502521D3DE00010135 /* GameScene+InputTouch.swift */ = {isa = PBXFileReference; lastKnownFileType = sourcecode.swift; path = "GameScene+InputTouch.swift"; sourceTree = "<group>"; };
		071B166525540E350041A963 /* GameScene+Gloop.swift */ = {isa = PBXFileReference; lastKnownFileType = sourcecode.swift; path = "GameScene+Gloop.swift"; sourceTree = "<group>"; };
		074B4A832514A86000BB1B42 /* GloopDropApp.swift */ = {isa = PBXFileReference; lastKnownFileType = sourcecode.swift; path = GloopDropApp.swift; sourceTree = "<group>"; };
		075092DB251B97DD002CB9C6 /* SKSpriteNode+Extension.swift */ = {isa = PBXFileReference; lastKnownFileType = sourcecode.swift; path = "SKSpriteNode+Extension.swift"; sourceTree = "<group>"; };
		075D0DE62519E88A00F409BE /* GloopDropApp+Logging.swift */ = {isa = PBXFileReference; lastKnownFileType = sourcecode.swift; path = "GloopDropApp+Logging.swift"; sourceTree = "<group>"; };
		075D7DA62514D62E00D90009 /* ContentView.swift */ = {isa = PBXFileReference; lastKnownFileType = sourcecode.swift; path = ContentView.swift; sourceTree = "<group>"; };
		075D7DBB2514D76D00D90009 /* GameSceneView.swift */ = {isa = PBXFileReference; lastKnownFileType = sourcecode.swift; path = GameSceneView.swift; sourceTree = "<group>"; };
		075D7E022514DA5C00D90009 /* GloopDropScene.swift */ = {isa = PBXFileReference; lastKnownFileType = sourcecode.swift; path = GloopDropScene.swift; sourceTree = "<group>"; };
		078B5CC82553F8FB007B63F1 /* Collectibles.swift */ = {isa = PBXFileReference; lastKnownFileType = sourcecode.swift; path = Collectibles.swift; sourceTree = "<group>"; };
		07D46C08251B388B008317C9 /* BlobPlayer.swift */ = {isa = PBXFileReference; lastKnownFileType = sourcecode.swift; path = BlobPlayer.swift; sourceTree = "<group>"; };
		07D8B7CA2512021A0047EBFE /* GameScene.swift */ = {isa = PBXFileReference; lastKnownFileType = sourcecode.swift; path = GameScene.swift; sourceTree = "<group>"; };
		07D8B7CB2512021B0047EBFE /* Assets.xcassets */ = {isa = PBXFileReference; lastKnownFileType = folder.assetcatalog; path = Assets.xcassets; sourceTree = "<group>"; };
		07D8B7D02512021B0047EBFE /* gloop-drop.app */ = {isa = PBXFileReference; explicitFileType = wrapper.application; includeInIndex = 0; path = "gloop-drop.app"; sourceTree = BUILT_PRODUCTS_DIR; };
		07D8B7DD2512021B0047EBFE /* Info.plist */ = {isa = PBXFileReference; lastKnownFileType = text.plist.xml; path = Info.plist; sourceTree = "<group>"; };
		07D8B7FB2512021B0047EBFE /* gloop-drop.app */ = {isa = PBXFileReference; explicitFileType = wrapper.application; includeInIndex = 0; path = "gloop-drop.app"; sourceTree = BUILT_PRODUCTS_DIR; };
		07D8B8072512021B0047EBFE /* Info.plist */ = {isa = PBXFileReference; lastKnownFileType = text.plist.xml; path = Info.plist; sourceTree = "<group>"; };
		07D8B80C2512021B0047EBFE /* gloop-drop.app */ = {isa = PBXFileReference; explicitFileType = wrapper.application; includeInIndex = 0; path = "gloop-drop.app"; sourceTree = BUILT_PRODUCTS_DIR; };
		07D8B8152512021C0047EBFE /* Info.plist */ = {isa = PBXFileReference; lastKnownFileType = text.plist.xml; path = Info.plist; sourceTree = "<group>"; };
		07D8B8162512021C0047EBFE /* gloop_drop_macOS.entitlements */ = {isa = PBXFileReference; lastKnownFileType = text.plist.entitlements; path = gloop_drop_macOS.entitlements; sourceTree = "<group>"; };
		07E447452546C153003A13FD /* GameScene+InputController.swift */ = {isa = PBXFileReference; lastKnownFileType = sourcecode.swift; path = "GameScene+InputController.swift"; sourceTree = "<group>"; };
/* End PBXFileReference section */

/* Begin PBXFrameworksBuildPhase section */
		07D8B7CD2512021B0047EBFE /* Frameworks */ = {
			isa = PBXFrameworksBuildPhase;
			buildActionMask = 2147483647;
			files = (
				0700A1762519E85F00DB8DFB /* AppLogger in Frameworks */,
				07EC2BB9253646810007A25A /* GCOverseer in Frameworks */,
			);
			runOnlyForDeploymentPostprocessing = 0;
		};
		07D8B7F82512021B0047EBFE /* Frameworks */ = {
			isa = PBXFrameworksBuildPhase;
			buildActionMask = 2147483647;
			files = (
				07013896251BE91A0092595E /* AppLogger in Frameworks */,
				07EC2BC4253646DB0007A25A /* GCOverseer in Frameworks */,
			);
			runOnlyForDeploymentPostprocessing = 0;
		};
		07D8B8092512021B0047EBFE /* Frameworks */ = {
			isa = PBXFrameworksBuildPhase;
			buildActionMask = 2147483647;
			files = (
				07013898251BE9200092595E /* AppLogger in Frameworks */,
				07EC2BC6253646DF0007A25A /* GCOverseer in Frameworks */,
			);
			runOnlyForDeploymentPostprocessing = 0;
		};
/* End PBXFrameworksBuildPhase section */

/* Begin PBXGroup section */
		07013884251BE0DE0092595E /* Constant */ = {
			isa = PBXGroup;
			children = (
				07013885251BE11E0092595E /* Constant.swift */,
				0701388A251BE1EA0092595E /* Constant+Characters.swift */,
				0701388F251BE57A0092595E /* Constant+Scenario.swift */,
			);
			path = Constant;
			sourceTree = "<group>";
		};
		07013894251BE91A0092595E /* Frameworks */ = {
			isa = PBXGroup;
			children = (
				07109A8C25371A38000A72B6 /* GameController.framework */,
			);
			name = Frameworks;
			sourceTree = "<group>";
		};
		071B166425540E030041A963 /* Function */ = {
			isa = PBXGroup;
			children = (
				071B166525540E350041A963 /* GameScene+Gloop.swift */,
			);
			path = Function;
			sourceTree = "<group>";
		};
		074280302550190400ED4056 /* Input */ = {
			isa = PBXGroup;
			children = (
				07E447452546C153003A13FD /* GameScene+InputController.swift */,
				07183B502521D3DE00010135 /* GameScene+InputTouch.swift */,
			);
			path = Input;
			sourceTree = "<group>";
		};
		075092DA251B97AB002CB9C6 /* Extension */ = {
			isa = PBXGroup;
			children = (
				075092DB251B97DD002CB9C6 /* SKSpriteNode+Extension.swift */,
			);
			path = Extension;
			sourceTree = "<group>";
		};
		075D7DA32514D60500D90009 /* View */ = {
			isa = PBXGroup;
			children = (
				078B5CC72553F8E8007B63F1 /* Collectibles */,
				07D46C07251B387F008317C9 /* Player */,
				075D7E012514DA4000D90009 /* Scene */,
				075D7DA62514D62E00D90009 /* ContentView.swift */,
			);
			path = View;
			sourceTree = "<group>";
		};
		075D7DA42514D60A00D90009 /* App */ = {
			isa = PBXGroup;
			children = (
				074B4A832514A86000BB1B42 /* GloopDropApp.swift */,
				075D0DE62519E88A00F409BE /* GloopDropApp+Logging.swift */,
			);
			path = App;
			sourceTree = "<group>";
		};
		075D7DA52514D60F00D90009 /* Support */ = {
			isa = PBXGroup;
			children = (
				07D8B7CB2512021B0047EBFE /* Assets.xcassets */,
			);
			path = Support;
			sourceTree = "<group>";
		};
		075D7DBA2514D75D00D90009 /* GameScene */ = {
			isa = PBXGroup;
			children = (
				071B166425540E030041A963 /* Function */,
				074280302550190400ED4056 /* Input */,
				07D8B7CA2512021A0047EBFE /* GameScene.swift */,
				075D7DBB2514D76D00D90009 /* GameSceneView.swift */,
			);
			path = GameScene;
			sourceTree = "<group>";
		};
		075D7E012514DA4000D90009 /* Scene */ = {
			isa = PBXGroup;
			children = (
				075D7DBA2514D75D00D90009 /* GameScene */,
				075D7E022514DA5C00D90009 /* GloopDropScene.swift */,
			);
			path = Scene;
			sourceTree = "<group>";
		};
		078B5CC72553F8E8007B63F1 /* Collectibles */ = {
			isa = PBXGroup;
			children = (
				078B5CC82553F8FB007B63F1 /* Collectibles.swift */,
			);
			path = Collectibles;
			sourceTree = "<group>";
		};
		07D46C07251B387F008317C9 /* Player */ = {
			isa = PBXGroup;
			children = (
				07D46C08251B388B008317C9 /* BlobPlayer.swift */,
			);
			path = Player;
			sourceTree = "<group>";
		};
		07D8B7C22512021A0047EBFE = {
			isa = PBXGroup;
			children = (
				07D8B7C72512021A0047EBFE /* gloop-drop Shared */,
				07D8B7D22512021B0047EBFE /* gloop-drop iOS */,
				07D8B7FC2512021B0047EBFE /* gloop-drop tvOS */,
				07D8B80D2512021B0047EBFE /* gloop-drop macOS */,
				07D8B7D12512021B0047EBFE /* Products */,
				07013894251BE91A0092595E /* Frameworks */,
			);
			sourceTree = "<group>";
		};
		07D8B7C72512021A0047EBFE /* gloop-drop Shared */ = {
			isa = PBXGroup;
			children = (
				075D7DA42514D60A00D90009 /* App */,
				07013884251BE0DE0092595E /* Constant */,
				075092DA251B97AB002CB9C6 /* Extension */,
				075D7DA52514D60F00D90009 /* Support */,
				075D7DA32514D60500D90009 /* View */,
			);
			path = "gloop-drop Shared";
			sourceTree = "<group>";
		};
		07D8B7D12512021B0047EBFE /* Products */ = {
			isa = PBXGroup;
			children = (
				07D8B7D02512021B0047EBFE /* gloop-drop.app */,
				07D8B7FB2512021B0047EBFE /* gloop-drop.app */,
				07D8B80C2512021B0047EBFE /* gloop-drop.app */,
			);
			name = Products;
			sourceTree = "<group>";
		};
		07D8B7D22512021B0047EBFE /* gloop-drop iOS */ = {
			isa = PBXGroup;
			children = (
				07D8B7DD2512021B0047EBFE /* Info.plist */,
			);
			path = "gloop-drop iOS";
			sourceTree = "<group>";
		};
		07D8B7FC2512021B0047EBFE /* gloop-drop tvOS */ = {
			isa = PBXGroup;
			children = (
				07D8B8072512021B0047EBFE /* Info.plist */,
			);
			path = "gloop-drop tvOS";
			sourceTree = "<group>";
		};
		07D8B80D2512021B0047EBFE /* gloop-drop macOS */ = {
			isa = PBXGroup;
			children = (
				07D8B8152512021C0047EBFE /* Info.plist */,
				07D8B8162512021C0047EBFE /* gloop_drop_macOS.entitlements */,
			);
			path = "gloop-drop macOS";
			sourceTree = "<group>";
		};
/* End PBXGroup section */

/* Begin PBXNativeTarget section */
		07D8B7CF2512021B0047EBFE /* gloop-drop iOS */ = {
			isa = PBXNativeTarget;
			buildConfigurationList = 07D8B8302512021C0047EBFE /* Build configuration list for PBXNativeTarget "gloop-drop iOS" */;
			buildPhases = (
				07D8B7CC2512021B0047EBFE /* Sources */,
				07D8B7CD2512021B0047EBFE /* Frameworks */,
				07D8B7CE2512021B0047EBFE /* Resources */,
				07D8B82F2512021C0047EBFE /* Embed Watch Content */,
			);
			buildRules = (
			);
			dependencies = (
			);
			name = "gloop-drop iOS";
			packageProductDependencies = (
				0700A1752519E85F00DB8DFB /* AppLogger */,
				07EC2BB8253646810007A25A /* GCOverseer */,
			);
			productName = "gloop-drop iOS";
			productReference = 07D8B7D02512021B0047EBFE /* gloop-drop.app */;
			productType = "com.apple.product-type.application";
		};
		07D8B7FA2512021B0047EBFE /* gloop-drop tvOS */ = {
			isa = PBXNativeTarget;
			buildConfigurationList = 07D8B8332512021C0047EBFE /* Build configuration list for PBXNativeTarget "gloop-drop tvOS" */;
			buildPhases = (
				07D8B7F72512021B0047EBFE /* Sources */,
				07D8B7F82512021B0047EBFE /* Frameworks */,
				07D8B7F92512021B0047EBFE /* Resources */,
			);
			buildRules = (
			);
			dependencies = (
			);
			name = "gloop-drop tvOS";
			packageProductDependencies = (
				07013895251BE91A0092595E /* AppLogger */,
				07EC2BC3253646DB0007A25A /* GCOverseer */,
			);
			productName = "gloop-drop tvOS";
			productReference = 07D8B7FB2512021B0047EBFE /* gloop-drop.app */;
			productType = "com.apple.product-type.application";
		};
		07D8B80B2512021B0047EBFE /* gloop-drop macOS */ = {
			isa = PBXNativeTarget;
			buildConfigurationList = 07D8B8362512021C0047EBFE /* Build configuration list for PBXNativeTarget "gloop-drop macOS" */;
			buildPhases = (
				07D8B8082512021B0047EBFE /* Sources */,
				07D8B8092512021B0047EBFE /* Frameworks */,
				07D8B80A2512021B0047EBFE /* Resources */,
			);
			buildRules = (
			);
			dependencies = (
			);
			name = "gloop-drop macOS";
			packageProductDependencies = (
				07013897251BE9200092595E /* AppLogger */,
				07EC2BC5253646DF0007A25A /* GCOverseer */,
			);
			productName = "gloop-drop macOS";
			productReference = 07D8B80C2512021B0047EBFE /* gloop-drop.app */;
			productType = "com.apple.product-type.application";
		};
/* End PBXNativeTarget section */

/* Begin PBXProject section */
		07D8B7C32512021A0047EBFE /* Project object */ = {
			isa = PBXProject;
			attributes = {
				LastSwiftUpdateCheck = 1200;
				LastUpgradeCheck = 1220;
				TargetAttributes = {
					07D8B7CF2512021B0047EBFE = {
						CreatedOnToolsVersion = 12.0;
					};
					07D8B7FA2512021B0047EBFE = {
						CreatedOnToolsVersion = 12.0;
					};
					07D8B80B2512021B0047EBFE = {
						CreatedOnToolsVersion = 12.0;
					};
				};
			};
			buildConfigurationList = 07D8B7C62512021A0047EBFE /* Build configuration list for PBXProject "gloop-drop" */;
			compatibilityVersion = "Xcode 9.3";
			developmentRegion = en;
			hasScannedForEncodings = 0;
			knownRegions = (
				en,
				Base,
			);
			mainGroup = 07D8B7C22512021A0047EBFE;
			packageReferences = (
				0700A1742519E85F00DB8DFB /* XCRemoteSwiftPackageReference "applogger" */,
				07EC2BB7253646810007A25A /* XCRemoteSwiftPackageReference "gcoverseer" */,
			);
			productRefGroup = 07D8B7D12512021B0047EBFE /* Products */;
			projectDirPath = "";
			projectRoot = "";
			targets = (
				07D8B7CF2512021B0047EBFE /* gloop-drop iOS */,
				07D8B7FA2512021B0047EBFE /* gloop-drop tvOS */,
				07D8B80B2512021B0047EBFE /* gloop-drop macOS */,
			);
		};
/* End PBXProject section */

/* Begin PBXResourcesBuildPhase section */
		07D8B7CE2512021B0047EBFE /* Resources */ = {
			isa = PBXResourcesBuildPhase;
			buildActionMask = 2147483647;
			files = (
				07D8B8222512021C0047EBFE /* Assets.xcassets in Resources */,
			);
			runOnlyForDeploymentPostprocessing = 0;
		};
		07D8B7F92512021B0047EBFE /* Resources */ = {
			isa = PBXResourcesBuildPhase;
			buildActionMask = 2147483647;
			files = (
				07D8B8242512021C0047EBFE /* Assets.xcassets in Resources */,
			);
			runOnlyForDeploymentPostprocessing = 0;
		};
		07D8B80A2512021B0047EBFE /* Resources */ = {
			isa = PBXResourcesBuildPhase;
			buildActionMask = 2147483647;
			files = (
				07D8B8252512021C0047EBFE /* Assets.xcassets in Resources */,
			);
			runOnlyForDeploymentPostprocessing = 0;
		};
/* End PBXResourcesBuildPhase section */

/* Begin PBXSourcesBuildPhase section */
		07D8B7CC2512021B0047EBFE /* Sources */ = {
			isa = PBXSourcesBuildPhase;
			buildActionMask = 2147483647;
			files = (
				07E447462546C153003A13FD /* GameScene+InputController.swift in Sources */,
				071B166625540E350041A963 /* GameScene+Gloop.swift in Sources */,
				074B4A842514A86000BB1B42 /* GloopDropApp.swift in Sources */,
				0701388B251BE1EA0092595E /* Constant+Characters.swift in Sources */,
				075D7DBC2514D76D00D90009 /* GameSceneView.swift in Sources */,
				078B5CC92553F8FB007B63F1 /* Collectibles.swift in Sources */,
				07013886251BE11E0092595E /* Constant.swift in Sources */,
				075092DC251B97DD002CB9C6 /* SKSpriteNode+Extension.swift in Sources */,
				075D0DE72519E88A00F409BE /* GloopDropApp+Logging.swift in Sources */,
				075D7E032514DA5C00D90009 /* GloopDropScene.swift in Sources */,
				07183B512521D3DE00010135 /* GameScene+InputTouch.swift in Sources */,
				07D46C09251B388B008317C9 /* BlobPlayer.swift in Sources */,
				075D7DA72514D62E00D90009 /* ContentView.swift in Sources */,
				07D8B81E2512021C0047EBFE /* GameScene.swift in Sources */,
				07013890251BE57A0092595E /* Constant+Scenario.swift in Sources */,
			);
			runOnlyForDeploymentPostprocessing = 0;
		};
		07D8B7F72512021B0047EBFE /* Sources */ = {
			isa = PBXSourcesBuildPhase;
			buildActionMask = 2147483647;
			files = (
				07E447472546C153003A13FD /* GameScene+InputController.swift in Sources */,
				074B4A8A2514A87100BB1B42 /* GloopDropApp.swift in Sources */,
				070138A4251BE94E0092595E /* Constant+Characters.swift in Sources */,
				075D7DBE2514D76D00D90009 /* GameSceneView.swift in Sources */,
				078B5CCA2553F8FB007B63F1 /* Collectibles.swift in Sources */,
				0701389C251BE94C0092595E /* Constant.swift in Sources */,
				075D0DE82519E88A00F409BE /* GloopDropApp+Logging.swift in Sources */,
				075092DD251B97DD002CB9C6 /* SKSpriteNode+Extension.swift in Sources */,
				075092E5251B97EA002CB9C6 /* BlobPlayer.swift in Sources */,
				07183B522521D3DE00010135 /* GameScene+InputTouch.swift in Sources */,
				075D7E052514DA5C00D90009 /* GloopDropScene.swift in Sources */,
				075D7DA92514D62E00D90009 /* ContentView.swift in Sources */,
				07D8B8202512021C0047EBFE /* GameScene.swift in Sources */,
				070138AC251BE9520092595E /* Constant+Scenario.swift in Sources */,
			);
			runOnlyForDeploymentPostprocessing = 0;
		};
		07D8B8082512021B0047EBFE /* Sources */ = {
			isa = PBXSourcesBuildPhase;
			buildActionMask = 2147483647;
			files = (
				07E447482546C153003A13FD /* GameScene+InputController.swift in Sources */,
				074B4A902514A87200BB1B42 /* GloopDropApp.swift in Sources */,
				070138A8251BE94F0092595E /* Constant+Characters.swift in Sources */,
				075D7DBF2514D76D00D90009 /* GameSceneView.swift in Sources */,
				078B5CCB2553F8FB007B63F1 /* Collectibles.swift in Sources */,
				070138A0251BE94C0092595E /* Constant.swift in Sources */,
				075D0DE92519E88A00F409BE /* GloopDropApp+Logging.swift in Sources */,
				075092DE251B97DD002CB9C6 /* SKSpriteNode+Extension.swift in Sources */,
				075092E9251B97EA002CB9C6 /* BlobPlayer.swift in Sources */,
				07183B532521D3DE00010135 /* GameScene+InputTouch.swift in Sources */,
				075D7E062514DA5C00D90009 /* GloopDropScene.swift in Sources */,
				075D7DAA2514D62E00D90009 /* ContentView.swift in Sources */,
				07D8B8212512021C0047EBFE /* GameScene.swift in Sources */,
				070138B0251BE9520092595E /* Constant+Scenario.swift in Sources */,
			);
			runOnlyForDeploymentPostprocessing = 0;
		};
/* End PBXSourcesBuildPhase section */

/* Begin XCBuildConfiguration section */
		07D8B8262512021C0047EBFE /* Debug */ = {
			isa = XCBuildConfiguration;
			buildSettings = {
				ALWAYS_SEARCH_USER_PATHS = NO;
				CLANG_ANALYZER_NONNULL = YES;
				CLANG_ANALYZER_NUMBER_OBJECT_CONVERSION = YES_AGGRESSIVE;
				CLANG_CXX_LANGUAGE_STANDARD = "gnu++14";
				CLANG_CXX_LIBRARY = "libc++";
				CLANG_ENABLE_MODULES = YES;
				CLANG_ENABLE_OBJC_ARC = YES;
				CLANG_ENABLE_OBJC_WEAK = YES;
				CLANG_WARN_BLOCK_CAPTURE_AUTORELEASING = YES;
				CLANG_WARN_BOOL_CONVERSION = YES;
				CLANG_WARN_COMMA = YES;
				CLANG_WARN_CONSTANT_CONVERSION = YES;
				CLANG_WARN_DEPRECATED_OBJC_IMPLEMENTATIONS = YES;
				CLANG_WARN_DIRECT_OBJC_ISA_USAGE = YES_ERROR;
				CLANG_WARN_DOCUMENTATION_COMMENTS = YES;
				CLANG_WARN_EMPTY_BODY = YES;
				CLANG_WARN_ENUM_CONVERSION = YES;
				CLANG_WARN_INFINITE_RECURSION = YES;
				CLANG_WARN_INT_CONVERSION = YES;
				CLANG_WARN_NON_LITERAL_NULL_CONVERSION = YES;
				CLANG_WARN_OBJC_IMPLICIT_RETAIN_SELF = YES;
				CLANG_WARN_OBJC_LITERAL_CONVERSION = YES;
				CLANG_WARN_OBJC_ROOT_CLASS = YES_ERROR;
				CLANG_WARN_QUOTED_INCLUDE_IN_FRAMEWORK_HEADER = YES;
				CLANG_WARN_RANGE_LOOP_ANALYSIS = YES;
				CLANG_WARN_STRICT_PROTOTYPES = YES;
				CLANG_WARN_SUSPICIOUS_MOVE = YES;
				CLANG_WARN_UNGUARDED_AVAILABILITY = YES_AGGRESSIVE;
				CLANG_WARN_UNREACHABLE_CODE = YES;
				CLANG_WARN__DUPLICATE_METHOD_MATCH = YES;
				COPY_PHASE_STRIP = NO;
				DEBUG_INFORMATION_FORMAT = dwarf;
				ENABLE_STRICT_OBJC_MSGSEND = YES;
				ENABLE_TESTABILITY = YES;
				GCC_C_LANGUAGE_STANDARD = gnu11;
				GCC_DYNAMIC_NO_PIC = NO;
				GCC_NO_COMMON_BLOCKS = YES;
				GCC_OPTIMIZATION_LEVEL = 0;
				GCC_PREPROCESSOR_DEFINITIONS = (
					"DEBUG=1",
					"$(inherited)",
				);
				GCC_WARN_64_TO_32_BIT_CONVERSION = YES;
				GCC_WARN_ABOUT_RETURN_TYPE = YES_ERROR;
				GCC_WARN_UNDECLARED_SELECTOR = YES;
				GCC_WARN_UNINITIALIZED_AUTOS = YES_AGGRESSIVE;
				GCC_WARN_UNUSED_FUNCTION = YES;
				GCC_WARN_UNUSED_VARIABLE = YES;
				MTL_ENABLE_DEBUG_INFO = INCLUDE_SOURCE;
				MTL_FAST_MATH = YES;
				ONLY_ACTIVE_ARCH = YES;
				SWIFT_ACTIVE_COMPILATION_CONDITIONS = DEBUG;
				SWIFT_OPTIMIZATION_LEVEL = "-Onone";
			};
			name = Debug;
		};
		07D8B8272512021C0047EBFE /* Release */ = {
			isa = XCBuildConfiguration;
			buildSettings = {
				ALWAYS_SEARCH_USER_PATHS = NO;
				CLANG_ANALYZER_NONNULL = YES;
				CLANG_ANALYZER_NUMBER_OBJECT_CONVERSION = YES_AGGRESSIVE;
				CLANG_CXX_LANGUAGE_STANDARD = "gnu++14";
				CLANG_CXX_LIBRARY = "libc++";
				CLANG_ENABLE_MODULES = YES;
				CLANG_ENABLE_OBJC_ARC = YES;
				CLANG_ENABLE_OBJC_WEAK = YES;
				CLANG_WARN_BLOCK_CAPTURE_AUTORELEASING = YES;
				CLANG_WARN_BOOL_CONVERSION = YES;
				CLANG_WARN_COMMA = YES;
				CLANG_WARN_CONSTANT_CONVERSION = YES;
				CLANG_WARN_DEPRECATED_OBJC_IMPLEMENTATIONS = YES;
				CLANG_WARN_DIRECT_OBJC_ISA_USAGE = YES_ERROR;
				CLANG_WARN_DOCUMENTATION_COMMENTS = YES;
				CLANG_WARN_EMPTY_BODY = YES;
				CLANG_WARN_ENUM_CONVERSION = YES;
				CLANG_WARN_INFINITE_RECURSION = YES;
				CLANG_WARN_INT_CONVERSION = YES;
				CLANG_WARN_NON_LITERAL_NULL_CONVERSION = YES;
				CLANG_WARN_OBJC_IMPLICIT_RETAIN_SELF = YES;
				CLANG_WARN_OBJC_LITERAL_CONVERSION = YES;
				CLANG_WARN_OBJC_ROOT_CLASS = YES_ERROR;
				CLANG_WARN_QUOTED_INCLUDE_IN_FRAMEWORK_HEADER = YES;
				CLANG_WARN_RANGE_LOOP_ANALYSIS = YES;
				CLANG_WARN_STRICT_PROTOTYPES = YES;
				CLANG_WARN_SUSPICIOUS_MOVE = YES;
				CLANG_WARN_UNGUARDED_AVAILABILITY = YES_AGGRESSIVE;
				CLANG_WARN_UNREACHABLE_CODE = YES;
				CLANG_WARN__DUPLICATE_METHOD_MATCH = YES;
				COPY_PHASE_STRIP = NO;
				DEBUG_INFORMATION_FORMAT = "dwarf-with-dsym";
				ENABLE_NS_ASSERTIONS = NO;
				ENABLE_STRICT_OBJC_MSGSEND = YES;
				GCC_C_LANGUAGE_STANDARD = gnu11;
				GCC_NO_COMMON_BLOCKS = YES;
				GCC_WARN_64_TO_32_BIT_CONVERSION = YES;
				GCC_WARN_ABOUT_RETURN_TYPE = YES_ERROR;
				GCC_WARN_UNDECLARED_SELECTOR = YES;
				GCC_WARN_UNINITIALIZED_AUTOS = YES_AGGRESSIVE;
				GCC_WARN_UNUSED_FUNCTION = YES;
				GCC_WARN_UNUSED_VARIABLE = YES;
				MTL_ENABLE_DEBUG_INFO = NO;
				MTL_FAST_MATH = YES;
				SWIFT_COMPILATION_MODE = wholemodule;
				SWIFT_OPTIMIZATION_LEVEL = "-O";
			};
			name = Release;
		};
		07D8B8312512021C0047EBFE /* Debug */ = {
			isa = XCBuildConfiguration;
			buildSettings = {
				ASSETCATALOG_COMPILER_APPICON_NAME = AppIcon;
				ASSETCATALOG_COMPILER_GLOBAL_ACCENT_COLOR_NAME = AccentColor;
				CODE_SIGN_STYLE = Automatic;
				DEVELOPMENT_TEAM = UKS358BH88;
				INFOPLIST_FILE = "gloop-drop iOS/Info.plist";
				IPHONEOS_DEPLOYMENT_TARGET = 14.0;
				LD_RUNPATH_SEARCH_PATHS = (
					"$(inherited)",
					"@executable_path/Frameworks",
				);
				PRODUCT_BUNDLE_IDENTIFIER = "com.backslash-f.gloop-drop";
				PRODUCT_NAME = "gloop-drop";
				SDKROOT = iphoneos;
				SWIFT_VERSION = 5.0;
				TARGETED_DEVICE_FAMILY = "1,2";
			};
			name = Debug;
		};
		07D8B8322512021C0047EBFE /* Release */ = {
			isa = XCBuildConfiguration;
			buildSettings = {
				ASSETCATALOG_COMPILER_APPICON_NAME = AppIcon;
				ASSETCATALOG_COMPILER_GLOBAL_ACCENT_COLOR_NAME = AccentColor;
				CODE_SIGN_STYLE = Automatic;
				DEVELOPMENT_TEAM = UKS358BH88;
				INFOPLIST_FILE = "gloop-drop iOS/Info.plist";
				IPHONEOS_DEPLOYMENT_TARGET = 14.0;
				LD_RUNPATH_SEARCH_PATHS = (
					"$(inherited)",
					"@executable_path/Frameworks",
				);
				PRODUCT_BUNDLE_IDENTIFIER = "com.backslash-f.gloop-drop";
				PRODUCT_NAME = "gloop-drop";
				SDKROOT = iphoneos;
				SWIFT_VERSION = 5.0;
				TARGETED_DEVICE_FAMILY = "1,2";
				VALIDATE_PRODUCT = YES;
			};
			name = Release;
		};
		07D8B8342512021C0047EBFE /* Debug */ = {
			isa = XCBuildConfiguration;
			buildSettings = {
				ASSETCATALOG_COMPILER_APPICON_NAME = "tvOS App Icon & Top Shelf Image";
				ASSETCATALOG_COMPILER_GLOBAL_ACCENT_COLOR_NAME = AccentColor;
				CODE_SIGN_STYLE = Automatic;
				DEVELOPMENT_TEAM = UKS358BH88;
				INFOPLIST_FILE = "gloop-drop tvOS/Info.plist";
				LD_RUNPATH_SEARCH_PATHS = (
					"$(inherited)",
					"@executable_path/Frameworks",
				);
				PRODUCT_BUNDLE_IDENTIFIER = "com.backslash-f.gloop-drop";
				PRODUCT_NAME = "gloop-drop";
				SDKROOT = appletvos;
				SWIFT_VERSION = 5.0;
				TARGETED_DEVICE_FAMILY = 3;
				TVOS_DEPLOYMENT_TARGET = 14.0;
			};
			name = Debug;
		};
		07D8B8352512021C0047EBFE /* Release */ = {
			isa = XCBuildConfiguration;
			buildSettings = {
				ASSETCATALOG_COMPILER_APPICON_NAME = "tvOS App Icon & Top Shelf Image";
				ASSETCATALOG_COMPILER_GLOBAL_ACCENT_COLOR_NAME = AccentColor;
				CODE_SIGN_STYLE = Automatic;
				DEVELOPMENT_TEAM = UKS358BH88;
				INFOPLIST_FILE = "gloop-drop tvOS/Info.plist";
				LD_RUNPATH_SEARCH_PATHS = (
					"$(inherited)",
					"@executable_path/Frameworks",
				);
				PRODUCT_BUNDLE_IDENTIFIER = "com.backslash-f.gloop-drop";
				PRODUCT_NAME = "gloop-drop";
				SDKROOT = appletvos;
				SWIFT_VERSION = 5.0;
				TARGETED_DEVICE_FAMILY = 3;
				TVOS_DEPLOYMENT_TARGET = 14.0;
				VALIDATE_PRODUCT = YES;
			};
			name = Release;
		};
		07D8B8372512021C0047EBFE /* Debug */ = {
			isa = XCBuildConfiguration;
			buildSettings = {
				ASSETCATALOG_COMPILER_APPICON_NAME = AppIcon;
				ASSETCATALOG_COMPILER_GLOBAL_ACCENT_COLOR_NAME = AccentColor;
				CODE_SIGN_ENTITLEMENTS = "gloop-drop macOS/gloop_drop_macOS.entitlements";
				CODE_SIGN_IDENTITY = "-";
				CODE_SIGN_STYLE = Automatic;
				COMBINE_HIDPI_IMAGES = YES;
				DEVELOPMENT_TEAM = UKS358BH88;
				ENABLE_HARDENED_RUNTIME = YES;
				INFOPLIST_FILE = "gloop-drop macOS/Info.plist";
				LD_RUNPATH_SEARCH_PATHS = (
					"$(inherited)",
					"@executable_path/../Frameworks",
				);
				MACOSX_DEPLOYMENT_TARGET = 11.0;
				PRODUCT_BUNDLE_IDENTIFIER = "com.backslash-f.gloop-drop";
				PRODUCT_NAME = "gloop-drop";
				SDKROOT = macosx;
				SWIFT_VERSION = 5.0;
			};
			name = Debug;
		};
		07D8B8382512021C0047EBFE /* Release */ = {
			isa = XCBuildConfiguration;
			buildSettings = {
				ASSETCATALOG_COMPILER_APPICON_NAME = AppIcon;
				ASSETCATALOG_COMPILER_GLOBAL_ACCENT_COLOR_NAME = AccentColor;
				CODE_SIGN_ENTITLEMENTS = "gloop-drop macOS/gloop_drop_macOS.entitlements";
				CODE_SIGN_IDENTITY = "-";
				CODE_SIGN_STYLE = Automatic;
				COMBINE_HIDPI_IMAGES = YES;
				DEVELOPMENT_TEAM = UKS358BH88;
				ENABLE_HARDENED_RUNTIME = YES;
				INFOPLIST_FILE = "gloop-drop macOS/Info.plist";
				LD_RUNPATH_SEARCH_PATHS = (
					"$(inherited)",
					"@executable_path/../Frameworks",
				);
				MACOSX_DEPLOYMENT_TARGET = 11.0;
				PRODUCT_BUNDLE_IDENTIFIER = "com.backslash-f.gloop-drop";
				PRODUCT_NAME = "gloop-drop";
				SDKROOT = macosx;
				SWIFT_VERSION = 5.0;
			};
			name = Release;
		};
/* End XCBuildConfiguration section */

/* Begin XCConfigurationList section */
		07D8B7C62512021A0047EBFE /* Build configuration list for PBXProject "gloop-drop" */ = {
			isa = XCConfigurationList;
			buildConfigurations = (
				07D8B8262512021C0047EBFE /* Debug */,
				07D8B8272512021C0047EBFE /* Release */,
			);
			defaultConfigurationIsVisible = 0;
			defaultConfigurationName = Release;
		};
		07D8B8302512021C0047EBFE /* Build configuration list for PBXNativeTarget "gloop-drop iOS" */ = {
			isa = XCConfigurationList;
			buildConfigurations = (
				07D8B8312512021C0047EBFE /* Debug */,
				07D8B8322512021C0047EBFE /* Release */,
			);
			defaultConfigurationIsVisible = 0;
			defaultConfigurationName = Release;
		};
		07D8B8332512021C0047EBFE /* Build configuration list for PBXNativeTarget "gloop-drop tvOS" */ = {
			isa = XCConfigurationList;
			buildConfigurations = (
				07D8B8342512021C0047EBFE /* Debug */,
				07D8B8352512021C0047EBFE /* Release */,
			);
			defaultConfigurationIsVisible = 0;
			defaultConfigurationName = Release;
		};
		07D8B8362512021C0047EBFE /* Build configuration list for PBXNativeTarget "gloop-drop macOS" */ = {
			isa = XCConfigurationList;
			buildConfigurations = (
				07D8B8372512021C0047EBFE /* Debug */,
				07D8B8382512021C0047EBFE /* Release */,
			);
			defaultConfigurationIsVisible = 0;
			defaultConfigurationName = Release;
		};
/* End XCConfigurationList section */

/* Begin XCRemoteSwiftPackageReference section */
		0700A1742519E85F00DB8DFB /* XCRemoteSwiftPackageReference "applogger" */ = {
			isa = XCRemoteSwiftPackageReference;
			repositoryURL = "git@github.com:backslash-f/applogger.git";
			requirement = {
				kind = upToNextMajorVersion;
				minimumVersion = 1.0.0;
			};
		};
		07EC2BB7253646810007A25A /* XCRemoteSwiftPackageReference "gcoverseer" */ = {
			isa = XCRemoteSwiftPackageReference;
			repositoryURL = "git@github.com:backslash-f/gcoverseer.git";
			requirement = {
				kind = upToNextMajorVersion;
				minimumVersion = 0.1.0;
			};
		};
/* End XCRemoteSwiftPackageReference section */

/* Begin XCSwiftPackageProductDependency section */
		0700A1752519E85F00DB8DFB /* AppLogger */ = {
			isa = XCSwiftPackageProductDependency;
			package = 0700A1742519E85F00DB8DFB /* XCRemoteSwiftPackageReference "applogger" */;
			productName = AppLogger;
		};
		07013895251BE91A0092595E /* AppLogger */ = {
			isa = XCSwiftPackageProductDependency;
			package = 0700A1742519E85F00DB8DFB /* XCRemoteSwiftPackageReference "applogger" */;
			productName = AppLogger;
		};
		07013897251BE9200092595E /* AppLogger */ = {
			isa = XCSwiftPackageProductDependency;
			package = 0700A1742519E85F00DB8DFB /* XCRemoteSwiftPackageReference "applogger" */;
			productName = AppLogger;
		};
		07EC2BB8253646810007A25A /* GCOverseer */ = {
			isa = XCSwiftPackageProductDependency;
			package = 07EC2BB7253646810007A25A /* XCRemoteSwiftPackageReference "gcoverseer" */;
			productName = GCOverseer;
		};
		07EC2BC3253646DB0007A25A /* GCOverseer */ = {
			isa = XCSwiftPackageProductDependency;
			package = 07EC2BB7253646810007A25A /* XCRemoteSwiftPackageReference "gcoverseer" */;
			productName = GCOverseer;
		};
		07EC2BC5253646DF0007A25A /* GCOverseer */ = {
			isa = XCSwiftPackageProductDependency;
			package = 07EC2BB7253646810007A25A /* XCRemoteSwiftPackageReference "gcoverseer" */;
			productName = GCOverseer;
		};
/* End XCSwiftPackageProductDependency section */
	};
	rootObject = 07D8B7C32512021A0047EBFE /* Project object */;
}
