{
  "object": {
    "pins": [
      {
        "package": "AppLogger",
        "repositoryURL": "git@github.com:backslash-f/applogger.git",
        "state": {
          "branch": null,
          "revision": "aa31c2a984e02a211f3e959baa1b2b6becb6327a",
          "version": "1.0.0"
        }
      },
      {
        "package": "GCOverseer",
        "repositoryURL": "git@github.com:backslash-f/gcoverseer.git",
        "state": {
          "branch": null,
          "revision": "c8c7c9ba8503e1d953f16daa2a2bbe6b2015aa2d",
          "version": "0.2.0"
        }
      }
    ]
  },
  "version": 1
}
